
Microsoft Visual Studio Solution File, Format Version 12.00
# Visual Studio 14
VisualStudioVersion = 14.0.25420.1
MinimumVisualStudioVersion = 10.0.40219.1
Project("{2150E333-8FDC-42A3-9474-1A3956D46DE8}") = "UI", "UI", "{0ED748A4-6511-4227-AE46-EFF2BA1D6D98}"
EndProject
Project("{2150E333-8FDC-42A3-9474-1A3956D46DE8}") = "Core", "Core", "{531D6D2B-BE41-4BEE-9141-3BC3DBF1DE9A}"
EndProject
Project("{2150E333-8FDC-42A3-9474-1A3956D46DE8}") = "BusinessObjects", "BusinessObjects", "{273C5704-CA79-417A-89F6-1F8747011DF7}"
EndProject
Project("{2150E333-8FDC-42A3-9474-1A3956D46DE8}") = "Services", "Services", "{5BD0399B-6647-429D-8A00-9CA9AF902DFC}"
EndProject
Project("{2150E333-8FDC-42A3-9474-1A3956D46DE8}") = "Data", "Data", "{5511B450-B4B7-462F-9420-9E0CDDA5FFE9}"
EndProject
Project("{2150E333-8FDC-42A3-9474-1A3956D46DE8}") = ".nuget", ".nuget", "{7AC859F4-255D-4C18-9715-4E53287C14EB}"
	ProjectSection(SolutionItems) = preProject
		.nuget\NuGet.Config = .nuget\NuGet.Config
		.nuget\NuGet.exe = .nuget\NuGet.exe
		.nuget\NuGet.targets = .nuget\NuGet.targets
	EndProjectSection
EndProject
Project("{D954291E-2A0B-460D-934E-DC6B0785DB48}") = "MyVote.BusinessObjects.Shared", "BusinessObjects\MyVote.BusinessObjects.Shared\MyVote.BusinessObjects.Shared.shproj", "{7ED36904-7F92-4157-9054-811ACE723582}"
EndProject
Project("{FAE04EC0-301F-11D3-BF4B-00C04F79EFBC}") = "MyVote.UI.Web", "UI\MyVote.UI.Web\MyVote.UI.Web.csproj", "{E3B65E56-3FA2-4958-A853-0DC80B24B991}"
EndProject
Project("{00D1A9C2-B5F0-4AF3-8072-F6C62B433612}") = "MyVote.Data.Database", "Data\MyVote.Data.Database\MyVote.Data.Database.sqlproj", "{C08D2D15-9AA1-4D87-8480-B2DC5B47F984}"
EndProject
Project("{FAE04EC0-301F-11D3-BF4B-00C04F79EFBC}") = "MyVote.Data.Entities", "Data\MyVote.Data.Entities\MyVote.Data.Entities.csproj", "{D9B1B07E-4EF4-4F9F-B898-E0A32EB6DFB0}"
EndProject
Project("{8BB2217D-0F2D-49D1-97BC-3654ED321F3B}") = "MyVote.UI.Web.NetCore", "UI\MyVote.UI.Web.NetCore\MyVote.UI.Web.NetCore.xproj", "{5C692B47-3CE6-4BC7-A98C-6D65861D464B}"
EndProject
Project("{8BB2217D-0F2D-49D1-97BC-3654ED321F3B}") = "MyVote.Data.Entities.Core", "Data\MyVote.Data.Entities.Core\MyVote.Data.Entities.Core.xproj", "{505268D9-F87F-4377-9691-AC14A2E5AA67}"
EndProject
Project("{FAE04EC0-301F-11D3-BF4B-00C04F79EFBC}") = "MyVote.Data.Entities.Tests", "Data\MyVote.Data.Entities.Tests\MyVote.Data.Entities.Tests.csproj", "{C15B0DA6-E0F2-48C2-893D-92100DBEF430}"
EndProject
Project("{8BB2217D-0F2D-49D1-97BC-3654ED321F3B}") = "MyVote.Data.Entities.Core.Tests", "Data\MyVote.Data.Entities.Core.Tests\MyVote.Data.Entities.Core.Tests.xproj", "{F0996F2C-4847-40D3-9582-3D141B548B70}"
EndProject
Project("{8BB2217D-0F2D-49D1-97BC-3654ED321F3B}") = "MyVote.BusinessObjects.Core", "BusinessObjects\MyVote.BusinessObjects.Core\MyVote.BusinessObjects.Core.xproj", "{7257F55F-3C88-4A19-B326-34B9C9D00AF1}"
EndProject
Project("{2150E333-8FDC-42A3-9474-1A3956D46DE8}") = "Solution Items", "Solution Items", "{8A85C7C4-9896-4BC3-AC82-D97D327310D5}"
	ProjectSection(SolutionItems) = preProject
		global.json = global.json
	EndProjectSection
EndProject
Project("{8BB2217D-0F2D-49D1-97BC-3654ED321F3B}") = "MyVote.BusinessObjects.Core.Tests", "BusinessObjects\MyVote.BusinessObjects.Core.Tests\MyVote.BusinessObjects.Core.Tests.xproj", "{A668B120-478B-4BEC-870D-C919D5ACF181}"
EndProject
Project("{8BB2217D-0F2D-49D1-97BC-3654ED321F3B}") = "MyVote.Services.AppServer.Core", "Services\MyVote.Services.AppServer.Core\MyVote.Services.AppServer.Core.xproj", "{6A8DF7BC-CCE3-4C51-8897-716B688CAA80}"
EndProject
Project("{8BB2217D-0F2D-49D1-97BC-3654ED321F3B}") = "MyVote.Services.AppServer.Core.Tests", "Services\MyVote.Services.AppServer.Core.Tests\MyVote.Services.AppServer.Core.Tests.xproj", "{0FEA82E8-640E-4FE3-8DFF-DA0BBFBB54A3}"
EndProject
Project("{FAE04EC0-301F-11D3-BF4B-00C04F79EFBC}") = "MyVote.Services.MobileApp", "Services\MyVote.Services.MobileApp\MyVote.Services.MobileApp.csproj", "{81C79146-8233-4285-9EBC-0D9655CFACBA}"
EndProject
Project("{FAE04EC0-301F-11D3-BF4B-00C04F79EFBC}") = "MyVote.Services.AppServer", "Services\MyVote.Services.AppServer\MyVote.Services.AppServer.csproj", "{9F189E7B-35A9-4F05-B84A-73B2227563B9}"
EndProject
Global
	GlobalSection(SharedMSBuildProjectFiles) = preSolution
		BusinessObjects\MyVote.BusinessObjects.Shared\MyVote.BusinessObjects.Shared.projitems*{7ed36904-7f92-4157-9054-811ace723582}*SharedItemsImports = 13
	EndGlobalSection
	GlobalSection(SolutionConfigurationPlatforms) = preSolution
		Debug|Any CPU = Debug|Any CPU
		Debug|ARM = Debug|ARM
		Debug|x64 = Debug|x64
		Debug|x86 = Debug|x86
		Release|Any CPU = Release|Any CPU
		Release|ARM = Release|ARM
		Release|x64 = Release|x64
		Release|x86 = Release|x86
		WebDebug|Any CPU = WebDebug|Any CPU
		WebDebug|ARM = WebDebug|ARM
		WebDebug|x64 = WebDebug|x64
		WebDebug|x86 = WebDebug|x86
	EndGlobalSection
	GlobalSection(ProjectConfigurationPlatforms) = postSolution
		{E3B65E56-3FA2-4958-A853-0DC80B24B991}.Debug|Any CPU.ActiveCfg = Debug|Any CPU
		{E3B65E56-3FA2-4958-A853-0DC80B24B991}.Debug|Any CPU.Build.0 = Debug|Any CPU
		{E3B65E56-3FA2-4958-A853-0DC80B24B991}.Debug|ARM.ActiveCfg = Debug|Any CPU
		{E3B65E56-3FA2-4958-A853-0DC80B24B991}.Debug|x64.ActiveCfg = Debug|Any CPU
		{E3B65E56-3FA2-4958-A853-0DC80B24B991}.Debug|x86.ActiveCfg = Debug|Any CPU
		{E3B65E56-3FA2-4958-A853-0DC80B24B991}.Release|Any CPU.ActiveCfg = Release|Any CPU
		{E3B65E56-3FA2-4958-A853-0DC80B24B991}.Release|Any CPU.Build.0 = Release|Any CPU
		{E3B65E56-3FA2-4958-A853-0DC80B24B991}.Release|ARM.ActiveCfg = Release|Any CPU
		{E3B65E56-3FA2-4958-A853-0DC80B24B991}.Release|x64.ActiveCfg = Release|Any CPU
		{E3B65E56-3FA2-4958-A853-0DC80B24B991}.Release|x86.ActiveCfg = Release|Any CPU
		{E3B65E56-3FA2-4958-A853-0DC80B24B991}.WebDebug|Any CPU.ActiveCfg = WebDebug|Any CPU
		{E3B65E56-3FA2-4958-A853-0DC80B24B991}.WebDebug|Any CPU.Build.0 = WebDebug|Any CPU
		{E3B65E56-3FA2-4958-A853-0DC80B24B991}.WebDebug|ARM.ActiveCfg = WebDebug|Any CPU
		{E3B65E56-3FA2-4958-A853-0DC80B24B991}.WebDebug|x64.ActiveCfg = WebDebug|Any CPU
		{E3B65E56-3FA2-4958-A853-0DC80B24B991}.WebDebug|x86.ActiveCfg = WebDebug|Any CPU
		{C08D2D15-9AA1-4D87-8480-B2DC5B47F984}.Debug|Any CPU.ActiveCfg = Debug|Any CPU
		{C08D2D15-9AA1-4D87-8480-B2DC5B47F984}.Debug|Any CPU.Build.0 = Debug|Any CPU
		{C08D2D15-9AA1-4D87-8480-B2DC5B47F984}.Debug|ARM.ActiveCfg = Debug|Any CPU
		{C08D2D15-9AA1-4D87-8480-B2DC5B47F984}.Debug|x64.ActiveCfg = Debug|Any CPU
		{C08D2D15-9AA1-4D87-8480-B2DC5B47F984}.Debug|x86.ActiveCfg = Debug|Any CPU
		{C08D2D15-9AA1-4D87-8480-B2DC5B47F984}.Release|Any CPU.ActiveCfg = Release|Any CPU
		{C08D2D15-9AA1-4D87-8480-B2DC5B47F984}.Release|Any CPU.Build.0 = Release|Any CPU
		{C08D2D15-9AA1-4D87-8480-B2DC5B47F984}.Release|Any CPU.Deploy.0 = Release|Any CPU
		{C08D2D15-9AA1-4D87-8480-B2DC5B47F984}.Release|ARM.ActiveCfg = Release|Any CPU
		{C08D2D15-9AA1-4D87-8480-B2DC5B47F984}.Release|x64.ActiveCfg = Release|Any CPU
		{C08D2D15-9AA1-4D87-8480-B2DC5B47F984}.Release|x86.ActiveCfg = Release|Any CPU
		{C08D2D15-9AA1-4D87-8480-B2DC5B47F984}.WebDebug|Any CPU.ActiveCfg = WebDebug|Any CPU
		{C08D2D15-9AA1-4D87-8480-B2DC5B47F984}.WebDebug|Any CPU.Build.0 = WebDebug|Any CPU
		{C08D2D15-9AA1-4D87-8480-B2DC5B47F984}.WebDebug|Any CPU.Deploy.0 = WebDebug|Any CPU
		{C08D2D15-9AA1-4D87-8480-B2DC5B47F984}.WebDebug|ARM.ActiveCfg = WebDebug|Any CPU
		{C08D2D15-9AA1-4D87-8480-B2DC5B47F984}.WebDebug|x64.ActiveCfg = WebDebug|Any CPU
		{C08D2D15-9AA1-4D87-8480-B2DC5B47F984}.WebDebug|x86.ActiveCfg = WebDebug|Any CPU
		{D9B1B07E-4EF4-4F9F-B898-E0A32EB6DFB0}.Debug|Any CPU.ActiveCfg = Debug|Any CPU
		{D9B1B07E-4EF4-4F9F-B898-E0A32EB6DFB0}.Debug|Any CPU.Build.0 = Debug|Any CPU
		{D9B1B07E-4EF4-4F9F-B898-E0A32EB6DFB0}.Debug|ARM.ActiveCfg = Debug|Any CPU
		{D9B1B07E-4EF4-4F9F-B898-E0A32EB6DFB0}.Debug|x64.ActiveCfg = Debug|Any CPU
		{D9B1B07E-4EF4-4F9F-B898-E0A32EB6DFB0}.Debug|x86.ActiveCfg = Debug|Any CPU
		{D9B1B07E-4EF4-4F9F-B898-E0A32EB6DFB0}.Release|Any CPU.ActiveCfg = Release|Any CPU
		{D9B1B07E-4EF4-4F9F-B898-E0A32EB6DFB0}.Release|Any CPU.Build.0 = Release|Any CPU
		{D9B1B07E-4EF4-4F9F-B898-E0A32EB6DFB0}.Release|ARM.ActiveCfg = Release|Any CPU
		{D9B1B07E-4EF4-4F9F-B898-E0A32EB6DFB0}.Release|x64.ActiveCfg = Release|Any CPU
		{D9B1B07E-4EF4-4F9F-B898-E0A32EB6DFB0}.Release|x86.ActiveCfg = Release|Any CPU
		{D9B1B07E-4EF4-4F9F-B898-E0A32EB6DFB0}.WebDebug|Any CPU.ActiveCfg = WebDebug|Any CPU
		{D9B1B07E-4EF4-4F9F-B898-E0A32EB6DFB0}.WebDebug|Any CPU.Build.0 = WebDebug|Any CPU
		{D9B1B07E-4EF4-4F9F-B898-E0A32EB6DFB0}.WebDebug|ARM.ActiveCfg = WebDebug|Any CPU
		{D9B1B07E-4EF4-4F9F-B898-E0A32EB6DFB0}.WebDebug|x64.ActiveCfg = WebDebug|Any CPU
		{D9B1B07E-4EF4-4F9F-B898-E0A32EB6DFB0}.WebDebug|x86.ActiveCfg = WebDebug|Any CPU
		{5C692B47-3CE6-4BC7-A98C-6D65861D464B}.Debug|Any CPU.ActiveCfg = Debug|Any CPU
		{5C692B47-3CE6-4BC7-A98C-6D65861D464B}.Debug|Any CPU.Build.0 = Debug|Any CPU
		{5C692B47-3CE6-4BC7-A98C-6D65861D464B}.Debug|ARM.ActiveCfg = Debug|Any CPU
		{5C692B47-3CE6-4BC7-A98C-6D65861D464B}.Debug|ARM.Build.0 = Debug|Any CPU
		{5C692B47-3CE6-4BC7-A98C-6D65861D464B}.Debug|x64.ActiveCfg = Debug|Any CPU
		{5C692B47-3CE6-4BC7-A98C-6D65861D464B}.Debug|x64.Build.0 = Debug|Any CPU
		{5C692B47-3CE6-4BC7-A98C-6D65861D464B}.Debug|x86.ActiveCfg = Debug|Any CPU
		{5C692B47-3CE6-4BC7-A98C-6D65861D464B}.Debug|x86.Build.0 = Debug|Any CPU
		{5C692B47-3CE6-4BC7-A98C-6D65861D464B}.Release|Any CPU.ActiveCfg = Release|Any CPU
		{5C692B47-3CE6-4BC7-A98C-6D65861D464B}.Release|Any CPU.Build.0 = Release|Any CPU
		{5C692B47-3CE6-4BC7-A98C-6D65861D464B}.Release|ARM.ActiveCfg = Release|Any CPU
		{5C692B47-3CE6-4BC7-A98C-6D65861D464B}.Release|ARM.Build.0 = Release|Any CPU
		{5C692B47-3CE6-4BC7-A98C-6D65861D464B}.Release|x64.ActiveCfg = Release|Any CPU
		{5C692B47-3CE6-4BC7-A98C-6D65861D464B}.Release|x64.Build.0 = Release|Any CPU
		{5C692B47-3CE6-4BC7-A98C-6D65861D464B}.Release|x86.ActiveCfg = Release|Any CPU
		{5C692B47-3CE6-4BC7-A98C-6D65861D464B}.Release|x86.Build.0 = Release|Any CPU
		{5C692B47-3CE6-4BC7-A98C-6D65861D464B}.WebDebug|Any CPU.ActiveCfg = Debug|Any CPU
		{5C692B47-3CE6-4BC7-A98C-6D65861D464B}.WebDebug|Any CPU.Build.0 = Debug|Any CPU
		{5C692B47-3CE6-4BC7-A98C-6D65861D464B}.WebDebug|ARM.ActiveCfg = Debug|Any CPU
		{5C692B47-3CE6-4BC7-A98C-6D65861D464B}.WebDebug|ARM.Build.0 = Debug|Any CPU
		{5C692B47-3CE6-4BC7-A98C-6D65861D464B}.WebDebug|x64.ActiveCfg = Debug|Any CPU
		{5C692B47-3CE6-4BC7-A98C-6D65861D464B}.WebDebug|x64.Build.0 = Debug|Any CPU
		{5C692B47-3CE6-4BC7-A98C-6D65861D464B}.WebDebug|x86.ActiveCfg = Debug|Any CPU
		{5C692B47-3CE6-4BC7-A98C-6D65861D464B}.WebDebug|x86.Build.0 = Debug|Any CPU
		{505268D9-F87F-4377-9691-AC14A2E5AA67}.Debug|Any CPU.ActiveCfg = Debug|Any CPU
		{505268D9-F87F-4377-9691-AC14A2E5AA67}.Debug|Any CPU.Build.0 = Debug|Any CPU
		{505268D9-F87F-4377-9691-AC14A2E5AA67}.Debug|ARM.ActiveCfg = Debug|Any CPU
		{505268D9-F87F-4377-9691-AC14A2E5AA67}.Debug|ARM.Build.0 = Debug|Any CPU
		{505268D9-F87F-4377-9691-AC14A2E5AA67}.Debug|x64.ActiveCfg = Debug|Any CPU
		{505268D9-F87F-4377-9691-AC14A2E5AA67}.Debug|x64.Build.0 = Debug|Any CPU
		{505268D9-F87F-4377-9691-AC14A2E5AA67}.Debug|x86.ActiveCfg = Debug|Any CPU
		{505268D9-F87F-4377-9691-AC14A2E5AA67}.Debug|x86.Build.0 = Debug|Any CPU
		{505268D9-F87F-4377-9691-AC14A2E5AA67}.Release|Any CPU.ActiveCfg = Release|Any CPU
		{505268D9-F87F-4377-9691-AC14A2E5AA67}.Release|Any CPU.Build.0 = Release|Any CPU
		{505268D9-F87F-4377-9691-AC14A2E5AA67}.Release|ARM.ActiveCfg = Release|Any CPU
		{505268D9-F87F-4377-9691-AC14A2E5AA67}.Release|ARM.Build.0 = Release|Any CPU
		{505268D9-F87F-4377-9691-AC14A2E5AA67}.Release|x64.ActiveCfg = Release|Any CPU
		{505268D9-F87F-4377-9691-AC14A2E5AA67}.Release|x64.Build.0 = Release|Any CPU
		{505268D9-F87F-4377-9691-AC14A2E5AA67}.Release|x86.ActiveCfg = Release|Any CPU
		{505268D9-F87F-4377-9691-AC14A2E5AA67}.Release|x86.Build.0 = Release|Any CPU
		{505268D9-F87F-4377-9691-AC14A2E5AA67}.WebDebug|Any CPU.ActiveCfg = Debug|Any CPU
		{505268D9-F87F-4377-9691-AC14A2E5AA67}.WebDebug|Any CPU.Build.0 = Debug|Any CPU
		{505268D9-F87F-4377-9691-AC14A2E5AA67}.WebDebug|ARM.ActiveCfg = Debug|Any CPU
		{505268D9-F87F-4377-9691-AC14A2E5AA67}.WebDebug|ARM.Build.0 = Debug|Any CPU
		{505268D9-F87F-4377-9691-AC14A2E5AA67}.WebDebug|x64.ActiveCfg = Debug|Any CPU
		{505268D9-F87F-4377-9691-AC14A2E5AA67}.WebDebug|x64.Build.0 = Debug|Any CPU
		{505268D9-F87F-4377-9691-AC14A2E5AA67}.WebDebug|x86.ActiveCfg = Debug|Any CPU
		{505268D9-F87F-4377-9691-AC14A2E5AA67}.WebDebug|x86.Build.0 = Debug|Any CPU
		{C15B0DA6-E0F2-48C2-893D-92100DBEF430}.Debug|Any CPU.ActiveCfg = Debug|Any CPU
		{C15B0DA6-E0F2-48C2-893D-92100DBEF430}.Debug|Any CPU.Build.0 = Debug|Any CPU
		{C15B0DA6-E0F2-48C2-893D-92100DBEF430}.Debug|ARM.ActiveCfg = Debug|Any CPU
		{C15B0DA6-E0F2-48C2-893D-92100DBEF430}.Debug|ARM.Build.0 = Debug|Any CPU
		{C15B0DA6-E0F2-48C2-893D-92100DBEF430}.Debug|x64.ActiveCfg = Debug|Any CPU
		{C15B0DA6-E0F2-48C2-893D-92100DBEF430}.Debug|x64.Build.0 = Debug|Any CPU
		{C15B0DA6-E0F2-48C2-893D-92100DBEF430}.Debug|x86.ActiveCfg = Debug|Any CPU
		{C15B0DA6-E0F2-48C2-893D-92100DBEF430}.Debug|x86.Build.0 = Debug|Any CPU
		{C15B0DA6-E0F2-48C2-893D-92100DBEF430}.Release|Any CPU.ActiveCfg = Release|Any CPU
		{C15B0DA6-E0F2-48C2-893D-92100DBEF430}.Release|Any CPU.Build.0 = Release|Any CPU
		{C15B0DA6-E0F2-48C2-893D-92100DBEF430}.Release|ARM.ActiveCfg = Release|Any CPU
		{C15B0DA6-E0F2-48C2-893D-92100DBEF430}.Release|ARM.Build.0 = Release|Any CPU
		{C15B0DA6-E0F2-48C2-893D-92100DBEF430}.Release|x64.ActiveCfg = Release|Any CPU
		{C15B0DA6-E0F2-48C2-893D-92100DBEF430}.Release|x64.Build.0 = Release|Any CPU
		{C15B0DA6-E0F2-48C2-893D-92100DBEF430}.Release|x86.ActiveCfg = Release|Any CPU
		{C15B0DA6-E0F2-48C2-893D-92100DBEF430}.Release|x86.Build.0 = Release|Any CPU
		{C15B0DA6-E0F2-48C2-893D-92100DBEF430}.WebDebug|Any CPU.ActiveCfg = Debug|Any CPU
		{C15B0DA6-E0F2-48C2-893D-92100DBEF430}.WebDebug|Any CPU.Build.0 = Debug|Any CPU
		{C15B0DA6-E0F2-48C2-893D-92100DBEF430}.WebDebug|ARM.ActiveCfg = Debug|Any CPU
		{C15B0DA6-E0F2-48C2-893D-92100DBEF430}.WebDebug|ARM.Build.0 = Debug|Any CPU
		{C15B0DA6-E0F2-48C2-893D-92100DBEF430}.WebDebug|x64.ActiveCfg = Debug|Any CPU
		{C15B0DA6-E0F2-48C2-893D-92100DBEF430}.WebDebug|x64.Build.0 = Debug|Any CPU
		{C15B0DA6-E0F2-48C2-893D-92100DBEF430}.WebDebug|x86.ActiveCfg = Debug|Any CPU
		{C15B0DA6-E0F2-48C2-893D-92100DBEF430}.WebDebug|x86.Build.0 = Debug|Any CPU
		{F0996F2C-4847-40D3-9582-3D141B548B70}.Debug|Any CPU.ActiveCfg = Debug|Any CPU
		{F0996F2C-4847-40D3-9582-3D141B548B70}.Debug|Any CPU.Build.0 = Debug|Any CPU
		{F0996F2C-4847-40D3-9582-3D141B548B70}.Debug|ARM.ActiveCfg = Debug|Any CPU
		{F0996F2C-4847-40D3-9582-3D141B548B70}.Debug|ARM.Build.0 = Debug|Any CPU
		{F0996F2C-4847-40D3-9582-3D141B548B70}.Debug|x64.ActiveCfg = Debug|Any CPU
		{F0996F2C-4847-40D3-9582-3D141B548B70}.Debug|x64.Build.0 = Debug|Any CPU
		{F0996F2C-4847-40D3-9582-3D141B548B70}.Debug|x86.ActiveCfg = Debug|Any CPU
		{F0996F2C-4847-40D3-9582-3D141B548B70}.Debug|x86.Build.0 = Debug|Any CPU
		{F0996F2C-4847-40D3-9582-3D141B548B70}.Release|Any CPU.ActiveCfg = Release|Any CPU
		{F0996F2C-4847-40D3-9582-3D141B548B70}.Release|Any CPU.Build.0 = Release|Any CPU
		{F0996F2C-4847-40D3-9582-3D141B548B70}.Release|ARM.ActiveCfg = Release|Any CPU
		{F0996F2C-4847-40D3-9582-3D141B548B70}.Release|ARM.Build.0 = Release|Any CPU
		{F0996F2C-4847-40D3-9582-3D141B548B70}.Release|x64.ActiveCfg = Release|Any CPU
		{F0996F2C-4847-40D3-9582-3D141B548B70}.Release|x64.Build.0 = Release|Any CPU
		{F0996F2C-4847-40D3-9582-3D141B548B70}.Release|x86.ActiveCfg = Release|Any CPU
		{F0996F2C-4847-40D3-9582-3D141B548B70}.Release|x86.Build.0 = Release|Any CPU
		{F0996F2C-4847-40D3-9582-3D141B548B70}.WebDebug|Any CPU.ActiveCfg = Debug|Any CPU
		{F0996F2C-4847-40D3-9582-3D141B548B70}.WebDebug|Any CPU.Build.0 = Debug|Any CPU
		{F0996F2C-4847-40D3-9582-3D141B548B70}.WebDebug|ARM.ActiveCfg = Debug|Any CPU
		{F0996F2C-4847-40D3-9582-3D141B548B70}.WebDebug|ARM.Build.0 = Debug|Any CPU
		{F0996F2C-4847-40D3-9582-3D141B548B70}.WebDebug|x64.ActiveCfg = Debug|Any CPU
		{F0996F2C-4847-40D3-9582-3D141B548B70}.WebDebug|x64.Build.0 = Debug|Any CPU
		{F0996F2C-4847-40D3-9582-3D141B548B70}.WebDebug|x86.ActiveCfg = Debug|Any CPU
		{F0996F2C-4847-40D3-9582-3D141B548B70}.WebDebug|x86.Build.0 = Debug|Any CPU
		{7257F55F-3C88-4A19-B326-34B9C9D00AF1}.Debug|Any CPU.ActiveCfg = Debug|Any CPU
		{7257F55F-3C88-4A19-B326-34B9C9D00AF1}.Debug|Any CPU.Build.0 = Debug|Any CPU
		{7257F55F-3C88-4A19-B326-34B9C9D00AF1}.Debug|ARM.ActiveCfg = Debug|Any CPU
		{7257F55F-3C88-4A19-B326-34B9C9D00AF1}.Debug|ARM.Build.0 = Debug|Any CPU
		{7257F55F-3C88-4A19-B326-34B9C9D00AF1}.Debug|x64.ActiveCfg = Debug|Any CPU
		{7257F55F-3C88-4A19-B326-34B9C9D00AF1}.Debug|x64.Build.0 = Debug|Any CPU
		{7257F55F-3C88-4A19-B326-34B9C9D00AF1}.Debug|x86.ActiveCfg = Debug|Any CPU
		{7257F55F-3C88-4A19-B326-34B9C9D00AF1}.Debug|x86.Build.0 = Debug|Any CPU
		{7257F55F-3C88-4A19-B326-34B9C9D00AF1}.Release|Any CPU.ActiveCfg = Release|Any CPU
		{7257F55F-3C88-4A19-B326-34B9C9D00AF1}.Release|Any CPU.Build.0 = Release|Any CPU
		{7257F55F-3C88-4A19-B326-34B9C9D00AF1}.Release|ARM.ActiveCfg = Release|Any CPU
		{7257F55F-3C88-4A19-B326-34B9C9D00AF1}.Release|ARM.Build.0 = Release|Any CPU
		{7257F55F-3C88-4A19-B326-34B9C9D00AF1}.Release|x64.ActiveCfg = Release|Any CPU
		{7257F55F-3C88-4A19-B326-34B9C9D00AF1}.Release|x64.Build.0 = Release|Any CPU
		{7257F55F-3C88-4A19-B326-34B9C9D00AF1}.Release|x86.ActiveCfg = Release|Any CPU
		{7257F55F-3C88-4A19-B326-34B9C9D00AF1}.Release|x86.Build.0 = Release|Any CPU
		{7257F55F-3C88-4A19-B326-34B9C9D00AF1}.WebDebug|Any CPU.ActiveCfg = Debug|Any CPU
		{7257F55F-3C88-4A19-B326-34B9C9D00AF1}.WebDebug|Any CPU.Build.0 = Debug|Any CPU
		{7257F55F-3C88-4A19-B326-34B9C9D00AF1}.WebDebug|ARM.ActiveCfg = Debug|Any CPU
		{7257F55F-3C88-4A19-B326-34B9C9D00AF1}.WebDebug|ARM.Build.0 = Debug|Any CPU
		{7257F55F-3C88-4A19-B326-34B9C9D00AF1}.WebDebug|x64.ActiveCfg = Debug|Any CPU
		{7257F55F-3C88-4A19-B326-34B9C9D00AF1}.WebDebug|x64.Build.0 = Debug|Any CPU
		{7257F55F-3C88-4A19-B326-34B9C9D00AF1}.WebDebug|x86.ActiveCfg = Debug|Any CPU
		{7257F55F-3C88-4A19-B326-34B9C9D00AF1}.WebDebug|x86.Build.0 = Debug|Any CPU
		{A668B120-478B-4BEC-870D-C919D5ACF181}.Debug|Any CPU.ActiveCfg = Debug|Any CPU
		{A668B120-478B-4BEC-870D-C919D5ACF181}.Debug|Any CPU.Build.0 = Debug|Any CPU
		{A668B120-478B-4BEC-870D-C919D5ACF181}.Debug|ARM.ActiveCfg = Debug|Any CPU
		{A668B120-478B-4BEC-870D-C919D5ACF181}.Debug|ARM.Build.0 = Debug|Any CPU
		{A668B120-478B-4BEC-870D-C919D5ACF181}.Debug|x64.ActiveCfg = Debug|Any CPU
		{A668B120-478B-4BEC-870D-C919D5ACF181}.Debug|x64.Build.0 = Debug|Any CPU
		{A668B120-478B-4BEC-870D-C919D5ACF181}.Debug|x86.ActiveCfg = Debug|Any CPU
		{A668B120-478B-4BEC-870D-C919D5ACF181}.Debug|x86.Build.0 = Debug|Any CPU
		{A668B120-478B-4BEC-870D-C919D5ACF181}.Release|Any CPU.ActiveCfg = Release|Any CPU
		{A668B120-478B-4BEC-870D-C919D5ACF181}.Release|Any CPU.Build.0 = Release|Any CPU
		{A668B120-478B-4BEC-870D-C919D5ACF181}.Release|ARM.ActiveCfg = Release|Any CPU
		{A668B120-478B-4BEC-870D-C919D5ACF181}.Release|ARM.Build.0 = Release|Any CPU
		{A668B120-478B-4BEC-870D-C919D5ACF181}.Release|x64.ActiveCfg = Release|Any CPU
		{A668B120-478B-4BEC-870D-C919D5ACF181}.Release|x64.Build.0 = Release|Any CPU
		{A668B120-478B-4BEC-870D-C919D5ACF181}.Release|x86.ActiveCfg = Release|Any CPU
		{A668B120-478B-4BEC-870D-C919D5ACF181}.Release|x86.Build.0 = Release|Any CPU
		{A668B120-478B-4BEC-870D-C919D5ACF181}.WebDebug|Any CPU.ActiveCfg = Debug|Any CPU
		{A668B120-478B-4BEC-870D-C919D5ACF181}.WebDebug|Any CPU.Build.0 = Debug|Any CPU
		{A668B120-478B-4BEC-870D-C919D5ACF181}.WebDebug|ARM.ActiveCfg = Debug|Any CPU
		{A668B120-478B-4BEC-870D-C919D5ACF181}.WebDebug|ARM.Build.0 = Debug|Any CPU
		{A668B120-478B-4BEC-870D-C919D5ACF181}.WebDebug|x64.ActiveCfg = Debug|Any CPU
		{A668B120-478B-4BEC-870D-C919D5ACF181}.WebDebug|x64.Build.0 = Debug|Any CPU
		{A668B120-478B-4BEC-870D-C919D5ACF181}.WebDebug|x86.ActiveCfg = Debug|Any CPU
		{A668B120-478B-4BEC-870D-C919D5ACF181}.WebDebug|x86.Build.0 = Debug|Any CPU
		{6A8DF7BC-CCE3-4C51-8897-716B688CAA80}.Debug|Any CPU.ActiveCfg = Debug|Any CPU
		{6A8DF7BC-CCE3-4C51-8897-716B688CAA80}.Debug|Any CPU.Build.0 = Debug|Any CPU
		{6A8DF7BC-CCE3-4C51-8897-716B688CAA80}.Debug|ARM.ActiveCfg = Debug|Any CPU
		{6A8DF7BC-CCE3-4C51-8897-716B688CAA80}.Debug|ARM.Build.0 = Debug|Any CPU
		{6A8DF7BC-CCE3-4C51-8897-716B688CAA80}.Debug|x64.ActiveCfg = Debug|Any CPU
		{6A8DF7BC-CCE3-4C51-8897-716B688CAA80}.Debug|x64.Build.0 = Debug|Any CPU
		{6A8DF7BC-CCE3-4C51-8897-716B688CAA80}.Debug|x86.ActiveCfg = Debug|Any CPU
		{6A8DF7BC-CCE3-4C51-8897-716B688CAA80}.Debug|x86.Build.0 = Debug|Any CPU
		{6A8DF7BC-CCE3-4C51-8897-716B688CAA80}.Release|Any CPU.ActiveCfg = Release|Any CPU
		{6A8DF7BC-CCE3-4C51-8897-716B688CAA80}.Release|Any CPU.Build.0 = Release|Any CPU
		{6A8DF7BC-CCE3-4C51-8897-716B688CAA80}.Release|ARM.ActiveCfg = Release|Any CPU
		{6A8DF7BC-CCE3-4C51-8897-716B688CAA80}.Release|ARM.Build.0 = Release|Any CPU
		{6A8DF7BC-CCE3-4C51-8897-716B688CAA80}.Release|x64.ActiveCfg = Release|Any CPU
		{6A8DF7BC-CCE3-4C51-8897-716B688CAA80}.Release|x64.Build.0 = Release|Any CPU
		{6A8DF7BC-CCE3-4C51-8897-716B688CAA80}.Release|x86.ActiveCfg = Release|Any CPU
		{6A8DF7BC-CCE3-4C51-8897-716B688CAA80}.Release|x86.Build.0 = Release|Any CPU
		{6A8DF7BC-CCE3-4C51-8897-716B688CAA80}.WebDebug|Any CPU.ActiveCfg = Debug|Any CPU
		{6A8DF7BC-CCE3-4C51-8897-716B688CAA80}.WebDebug|Any CPU.Build.0 = Debug|Any CPU
		{6A8DF7BC-CCE3-4C51-8897-716B688CAA80}.WebDebug|ARM.ActiveCfg = Debug|Any CPU
		{6A8DF7BC-CCE3-4C51-8897-716B688CAA80}.WebDebug|ARM.Build.0 = Debug|Any CPU
		{6A8DF7BC-CCE3-4C51-8897-716B688CAA80}.WebDebug|x64.ActiveCfg = Debug|Any CPU
		{6A8DF7BC-CCE3-4C51-8897-716B688CAA80}.WebDebug|x64.Build.0 = Debug|Any CPU
		{6A8DF7BC-CCE3-4C51-8897-716B688CAA80}.WebDebug|x86.ActiveCfg = Debug|Any CPU
		{6A8DF7BC-CCE3-4C51-8897-716B688CAA80}.WebDebug|x86.Build.0 = Debug|Any CPU
		{0FEA82E8-640E-4FE3-8DFF-DA0BBFBB54A3}.Debug|Any CPU.ActiveCfg = Debug|Any CPU
		{0FEA82E8-640E-4FE3-8DFF-DA0BBFBB54A3}.Debug|Any CPU.Build.0 = Debug|Any CPU
		{0FEA82E8-640E-4FE3-8DFF-DA0BBFBB54A3}.Debug|ARM.ActiveCfg = Debug|Any CPU
		{0FEA82E8-640E-4FE3-8DFF-DA0BBFBB54A3}.Debug|ARM.Build.0 = Debug|Any CPU
		{0FEA82E8-640E-4FE3-8DFF-DA0BBFBB54A3}.Debug|x64.ActiveCfg = Debug|Any CPU
		{0FEA82E8-640E-4FE3-8DFF-DA0BBFBB54A3}.Debug|x64.Build.0 = Debug|Any CPU
		{0FEA82E8-640E-4FE3-8DFF-DA0BBFBB54A3}.Debug|x86.ActiveCfg = Debug|Any CPU
		{0FEA82E8-640E-4FE3-8DFF-DA0BBFBB54A3}.Debug|x86.Build.0 = Debug|Any CPU
		{0FEA82E8-640E-4FE3-8DFF-DA0BBFBB54A3}.Release|Any CPU.ActiveCfg = Release|Any CPU
		{0FEA82E8-640E-4FE3-8DFF-DA0BBFBB54A3}.Release|Any CPU.Build.0 = Release|Any CPU
		{0FEA82E8-640E-4FE3-8DFF-DA0BBFBB54A3}.Release|ARM.ActiveCfg = Release|Any CPU
		{0FEA82E8-640E-4FE3-8DFF-DA0BBFBB54A3}.Release|ARM.Build.0 = Release|Any CPU
		{0FEA82E8-640E-4FE3-8DFF-DA0BBFBB54A3}.Release|x64.ActiveCfg = Release|Any CPU
		{0FEA82E8-640E-4FE3-8DFF-DA0BBFBB54A3}.Release|x64.Build.0 = Release|Any CPU
		{0FEA82E8-640E-4FE3-8DFF-DA0BBFBB54A3}.Release|x86.ActiveCfg = Release|Any CPU
		{0FEA82E8-640E-4FE3-8DFF-DA0BBFBB54A3}.Release|x86.Build.0 = Release|Any CPU
		{0FEA82E8-640E-4FE3-8DFF-DA0BBFBB54A3}.WebDebug|Any CPU.ActiveCfg = Debug|Any CPU
		{0FEA82E8-640E-4FE3-8DFF-DA0BBFBB54A3}.WebDebug|Any CPU.Build.0 = Debug|Any CPU
		{0FEA82E8-640E-4FE3-8DFF-DA0BBFBB54A3}.WebDebug|ARM.ActiveCfg = Debug|Any CPU
		{0FEA82E8-640E-4FE3-8DFF-DA0BBFBB54A3}.WebDebug|ARM.Build.0 = Debug|Any CPU
		{0FEA82E8-640E-4FE3-8DFF-DA0BBFBB54A3}.WebDebug|x64.ActiveCfg = Debug|Any CPU
		{0FEA82E8-640E-4FE3-8DFF-DA0BBFBB54A3}.WebDebug|x64.Build.0 = Debug|Any CPU
		{0FEA82E8-640E-4FE3-8DFF-DA0BBFBB54A3}.WebDebug|x86.ActiveCfg = Debug|Any CPU
		{0FEA82E8-640E-4FE3-8DFF-DA0BBFBB54A3}.WebDebug|x86.Build.0 = Debug|Any CPU
		{81C79146-8233-4285-9EBC-0D9655CFACBA}.Debug|Any CPU.ActiveCfg = Debug|Any CPU
		{81C79146-8233-4285-9EBC-0D9655CFACBA}.Debug|Any CPU.Build.0 = Debug|Any CPU
		{81C79146-8233-4285-9EBC-0D9655CFACBA}.Debug|ARM.ActiveCfg = Debug|Any CPU
		{81C79146-8233-4285-9EBC-0D9655CFACBA}.Debug|ARM.Build.0 = Debug|Any CPU
		{81C79146-8233-4285-9EBC-0D9655CFACBA}.Debug|x64.ActiveCfg = Debug|Any CPU
		{81C79146-8233-4285-9EBC-0D9655CFACBA}.Debug|x64.Build.0 = Debug|Any CPU
		{81C79146-8233-4285-9EBC-0D9655CFACBA}.Debug|x86.ActiveCfg = Debug|Any CPU
		{81C79146-8233-4285-9EBC-0D9655CFACBA}.Debug|x86.Build.0 = Debug|Any CPU
		{81C79146-8233-4285-9EBC-0D9655CFACBA}.Release|Any CPU.ActiveCfg = Release|Any CPU
		{81C79146-8233-4285-9EBC-0D9655CFACBA}.Release|Any CPU.Build.0 = Release|Any CPU
		{81C79146-8233-4285-9EBC-0D9655CFACBA}.Release|ARM.ActiveCfg = Release|Any CPU
		{81C79146-8233-4285-9EBC-0D9655CFACBA}.Release|ARM.Build.0 = Release|Any CPU
		{81C79146-8233-4285-9EBC-0D9655CFACBA}.Release|x64.ActiveCfg = Release|Any CPU
		{81C79146-8233-4285-9EBC-0D9655CFACBA}.Release|x64.Build.0 = Release|Any CPU
		{81C79146-8233-4285-9EBC-0D9655CFACBA}.Release|x86.ActiveCfg = Release|Any CPU
		{81C79146-8233-4285-9EBC-0D9655CFACBA}.Release|x86.Build.0 = Release|Any CPU
		{81C79146-8233-4285-9EBC-0D9655CFACBA}.WebDebug|Any CPU.ActiveCfg = Debug|Any CPU
		{81C79146-8233-4285-9EBC-0D9655CFACBA}.WebDebug|Any CPU.Build.0 = Debug|Any CPU
		{81C79146-8233-4285-9EBC-0D9655CFACBA}.WebDebug|ARM.ActiveCfg = Debug|Any CPU
		{81C79146-8233-4285-9EBC-0D9655CFACBA}.WebDebug|ARM.Build.0 = Debug|Any CPU
		{81C79146-8233-4285-9EBC-0D9655CFACBA}.WebDebug|x64.ActiveCfg = Debug|Any CPU
		{81C79146-8233-4285-9EBC-0D9655CFACBA}.WebDebug|x64.Build.0 = Debug|Any CPU
		{81C79146-8233-4285-9EBC-0D9655CFACBA}.WebDebug|x86.ActiveCfg = Debug|Any CPU
		{81C79146-8233-4285-9EBC-0D9655CFACBA}.WebDebug|x86.Build.0 = Debug|Any CPU
		{9F189E7B-35A9-4F05-B84A-73B2227563B9}.Debug|Any CPU.ActiveCfg = Debug|Any CPU
		{9F189E7B-35A9-4F05-B84A-73B2227563B9}.Debug|ARM.ActiveCfg = Debug|Any CPU
		{9F189E7B-35A9-4F05-B84A-73B2227563B9}.Debug|ARM.Build.0 = Debug|Any CPU
		{9F189E7B-35A9-4F05-B84A-73B2227563B9}.Debug|x64.ActiveCfg = Debug|Any CPU
		{9F189E7B-35A9-4F05-B84A-73B2227563B9}.Debug|x64.Build.0 = Debug|Any CPU
		{9F189E7B-35A9-4F05-B84A-73B2227563B9}.Debug|x86.ActiveCfg = Debug|Any CPU
		{9F189E7B-35A9-4F05-B84A-73B2227563B9}.Debug|x86.Build.0 = Debug|Any CPU
		{9F189E7B-35A9-4F05-B84A-73B2227563B9}.Release|Any CPU.ActiveCfg = Release|Any CPU
		{9F189E7B-35A9-4F05-B84A-73B2227563B9}.Release|Any CPU.Build.0 = Release|Any CPU
		{9F189E7B-35A9-4F05-B84A-73B2227563B9}.Release|ARM.ActiveCfg = Release|Any CPU
		{9F189E7B-35A9-4F05-B84A-73B2227563B9}.Release|ARM.Build.0 = Release|Any CPU
		{9F189E7B-35A9-4F05-B84A-73B2227563B9}.Release|x64.ActiveCfg = Release|Any CPU
		{9F189E7B-35A9-4F05-B84A-73B2227563B9}.Release|x64.Build.0 = Release|Any CPU
		{9F189E7B-35A9-4F05-B84A-73B2227563B9}.Release|x86.ActiveCfg = Release|Any CPU
		{9F189E7B-35A9-4F05-B84A-73B2227563B9}.Release|x86.Build.0 = Release|Any CPU
		{9F189E7B-35A9-4F05-B84A-73B2227563B9}.WebDebug|Any CPU.ActiveCfg = Debug|Any CPU
		{9F189E7B-35A9-4F05-B84A-73B2227563B9}.WebDebug|Any CPU.Build.0 = Debug|Any CPU
		{9F189E7B-35A9-4F05-B84A-73B2227563B9}.WebDebug|ARM.ActiveCfg = Debug|Any CPU
		{9F189E7B-35A9-4F05-B84A-73B2227563B9}.WebDebug|ARM.Build.0 = Debug|Any CPU
		{9F189E7B-35A9-4F05-B84A-73B2227563B9}.WebDebug|x64.ActiveCfg = Debug|Any CPU
		{9F189E7B-35A9-4F05-B84A-73B2227563B9}.WebDebug|x64.Build.0 = Debug|Any CPU
		{9F189E7B-35A9-4F05-B84A-73B2227563B9}.WebDebug|x86.ActiveCfg = Debug|Any CPU
		{9F189E7B-35A9-4F05-B84A-73B2227563B9}.WebDebug|x86.Build.0 = Debug|Any CPU
	EndGlobalSection
	GlobalSection(SolutionProperties) = preSolution
		HideSolutionNode = FALSE
	EndGlobalSection
	GlobalSection(NestedProjects) = preSolution
		{7ED36904-7F92-4157-9054-811ACE723582} = {273C5704-CA79-417A-89F6-1F8747011DF7}
		{E3B65E56-3FA2-4958-A853-0DC80B24B991} = {0ED748A4-6511-4227-AE46-EFF2BA1D6D98}
		{C08D2D15-9AA1-4D87-8480-B2DC5B47F984} = {5511B450-B4B7-462F-9420-9E0CDDA5FFE9}
		{D9B1B07E-4EF4-4F9F-B898-E0A32EB6DFB0} = {5511B450-B4B7-462F-9420-9E0CDDA5FFE9}
		{5C692B47-3CE6-4BC7-A98C-6D65861D464B} = {0ED748A4-6511-4227-AE46-EFF2BA1D6D98}
		{505268D9-F87F-4377-9691-AC14A2E5AA67} = {5511B450-B4B7-462F-9420-9E0CDDA5FFE9}
		{C15B0DA6-E0F2-48C2-893D-92100DBEF430} = {5511B450-B4B7-462F-9420-9E0CDDA5FFE9}
		{F0996F2C-4847-40D3-9582-3D141B548B70} = {5511B450-B4B7-462F-9420-9E0CDDA5FFE9}
		{7257F55F-3C88-4A19-B326-34B9C9D00AF1} = {273C5704-CA79-417A-89F6-1F8747011DF7}
		{A668B120-478B-4BEC-870D-C919D5ACF181} = {273C5704-CA79-417A-89F6-1F8747011DF7}
		{6A8DF7BC-CCE3-4C51-8897-716B688CAA80} = {5BD0399B-6647-429D-8A00-9CA9AF902DFC}
		{0FEA82E8-640E-4FE3-8DFF-DA0BBFBB54A3} = {5BD0399B-6647-429D-8A00-9CA9AF902DFC}
		{81C79146-8233-4285-9EBC-0D9655CFACBA} = {5BD0399B-6647-429D-8A00-9CA9AF902DFC}
		{9F189E7B-35A9-4F05-B84A-73B2227563B9} = {5BD0399B-6647-429D-8A00-9CA9AF902DFC}
	EndGlobalSection
EndGlobal
