
Microsoft Visual Studio Solution File, Format Version 12.00
# Visual Studio 15
VisualStudioVersion = 15.0.26430.15
MinimumVisualStudioVersion = 10.0.40219.1
Project("{2150E333-8FDC-42A3-9474-1A3956D46DE8}") = "BusinessObjects", "BusinessObjects", "{345A0B02-B7F2-4D82-8ACE-F43252A736DF}"
EndProject
Project("{2150E333-8FDC-42A3-9474-1A3956D46DE8}") = "UI", "UI", "{5C97760E-ADC8-4B12-A8B4-094B94BCAB9F}"
EndProject
Project("{D954291E-2A0B-460D-934E-DC6B0785DB48}") = "MyVote.UI.ViewModels.Shared", "UI\MyVote.UI.ViewModels.Shared\MyVote.UI.ViewModels.Shared.shproj", "{0F1D7658-E133-4114-9920-F4AC16F41383}"
EndProject
Project("{D954291E-2A0B-460D-934E-DC6B0785DB48}") = "MyVote.UI.Views.Mobile.Shared", "UI\MyVote.UI.Views.Mobile.Shared\MyVote.UI.Views.Mobile.Shared.shproj", "{DE7076F2-7D68-4ADF-A89E-38D6A9463250}"
EndProject
Project("{FAE04EC0-301F-11D3-BF4B-00C04F79EFBC}") = "MyVote.UI.Android", "UI\MyVote.UI.Android\MyVote.UI.Android.csproj", "{3AA3F586-E7A2-4F6E-A885-BF9C2C2A609A}"
EndProject
Project("{FAE04EC0-301F-11D3-BF4B-00C04F79EFBC}") = "MyVote.UI.Ios", "UI\MyVote.UI.Ios\MyVote.UI.Ios.csproj", "{D2E9FEB6-9FEB-41A9-A189-7AB9E9C646C3}"
EndProject
Project("{FAE04EC0-301F-11D3-BF4B-00C04F79EFBC}") = "MyVote.BusinessObjects", "BusinessObjects\MyVote.BusinessObjects\MyVote.BusinessObjects.csproj", "{D4030A48-1983-4D73-B7CB-336861C9D244}"
EndProject
Global
	GlobalSection(SharedMSBuildProjectFiles) = preSolution
		UI\MyVote.UI.ViewModels.Shared\MyVote.UI.ViewModels.Shared.projitems*{0f1d7658-e133-4114-9920-f4ac16f41383}*SharedItemsImports = 13
		UI\MyVote.UI.ViewModels.Shared\MyVote.UI.ViewModels.Shared.projitems*{3aa3f586-e7a2-4f6e-a885-bf9c2c2a609a}*SharedItemsImports = 4
		UI\MyVote.UI.Views.Mobile.Shared\MyVote.UI.Views.Mobile.Shared.projitems*{3aa3f586-e7a2-4f6e-a885-bf9c2c2a609a}*SharedItemsImports = 4
		Core\MyVote.Core.Shared\MyVote.Core.Shared.projitems*{61e43d59-ba12-44ec-b2cf-b619f707d620}*SharedItemsImports = 4
		Core\MyVote.Core.Shared\MyVote.Core.Shared.projitems*{6c450845-3038-499e-a359-6049a81d512a}*SharedItemsImports = 13
		BusinessObjects\MyVote.BusinessObjects.Shared\MyVote.BusinessObjects.Shared.projitems*{7ed36904-7f92-4157-9054-811ace723582}*SharedItemsImports = 13
		BusinessObjects\MyVote.BusinessObjects.Shared\MyVote.BusinessObjects.Shared.projitems*{8e6b1340-fa0d-476b-9342-ca9813c1bf16}*SharedItemsImports = 4
		UI\MyVote.UI.ViewModels.Shared\MyVote.UI.ViewModels.Shared.projitems*{d2e9feb6-9feb-41a9-a189-7ab9e9c646c3}*SharedItemsImports = 4
		UI\MyVote.UI.Views.Mobile.Shared\MyVote.UI.Views.Mobile.Shared.projitems*{d2e9feb6-9feb-41a9-a189-7ab9e9c646c3}*SharedItemsImports = 4
		UI\MyVote.UI.Views.Mobile.Shared\MyVote.UI.Views.Mobile.Shared.projitems*{de7076f2-7d68-4adf-a89e-38d6a9463250}*SharedItemsImports = 13
		BusinessObjects\MyVote.BusinessObjects.Shared\MyVote.BusinessObjects.Shared.projitems*{e2247517-8aa8-478d-893c-2e356f75ff54}*SharedItemsImports = 4
		Core\MyVote.Core.Shared\MyVote.Core.Shared.projitems*{fb1d0577-1f75-4915-b00a-21cb7515c38c}*SharedItemsImports = 4
	EndGlobalSection
	GlobalSection(SolutionConfigurationPlatforms) = preSolution
		Ad-Hoc|Any CPU = Ad-Hoc|Any CPU
		Ad-Hoc|ARM = Ad-Hoc|ARM
		Ad-Hoc|iPhone = Ad-Hoc|iPhone
		Ad-Hoc|iPhoneSimulator = Ad-Hoc|iPhoneSimulator
		Ad-Hoc|Mixed Platforms = Ad-Hoc|Mixed Platforms
		Ad-Hoc|x86 = Ad-Hoc|x86
		AppStore|Any CPU = AppStore|Any CPU
		AppStore|ARM = AppStore|ARM
		AppStore|iPhone = AppStore|iPhone
		AppStore|iPhoneSimulator = AppStore|iPhoneSimulator
		AppStore|Mixed Platforms = AppStore|Mixed Platforms
		AppStore|x86 = AppStore|x86
		Debug|Any CPU = Debug|Any CPU
		Debug|ARM = Debug|ARM
		Debug|iPhone = Debug|iPhone
		Debug|iPhoneSimulator = Debug|iPhoneSimulator
		Debug|Mixed Platforms = Debug|Mixed Platforms
		Debug|x86 = Debug|x86
		Release|Any CPU = Release|Any CPU
		Release|ARM = Release|ARM
		Release|iPhone = Release|iPhone
		Release|iPhoneSimulator = Release|iPhoneSimulator
		Release|Mixed Platforms = Release|Mixed Platforms
		Release|x86 = Release|x86
	EndGlobalSection
	GlobalSection(ProjectConfigurationPlatforms) = postSolution
		{3AA3F586-E7A2-4F6E-A885-BF9C2C2A609A}.Ad-Hoc|Any CPU.ActiveCfg = Release|Any CPU
		{3AA3F586-E7A2-4F6E-A885-BF9C2C2A609A}.Ad-Hoc|Any CPU.Build.0 = Release|Any CPU
		{3AA3F586-E7A2-4F6E-A885-BF9C2C2A609A}.Ad-Hoc|Any CPU.Deploy.0 = Release|Any CPU
		{3AA3F586-E7A2-4F6E-A885-BF9C2C2A609A}.Ad-Hoc|ARM.ActiveCfg = Release|Any CPU
		{3AA3F586-E7A2-4F6E-A885-BF9C2C2A609A}.Ad-Hoc|iPhone.ActiveCfg = Release|Any CPU
		{3AA3F586-E7A2-4F6E-A885-BF9C2C2A609A}.Ad-Hoc|iPhoneSimulator.ActiveCfg = Release|Any CPU
		{3AA3F586-E7A2-4F6E-A885-BF9C2C2A609A}.Ad-Hoc|Mixed Platforms.ActiveCfg = Release|Any CPU
		{3AA3F586-E7A2-4F6E-A885-BF9C2C2A609A}.Ad-Hoc|Mixed Platforms.Build.0 = Release|Any CPU
		{3AA3F586-E7A2-4F6E-A885-BF9C2C2A609A}.Ad-Hoc|Mixed Platforms.Deploy.0 = Release|Any CPU
		{3AA3F586-E7A2-4F6E-A885-BF9C2C2A609A}.Ad-Hoc|x86.ActiveCfg = Release|Any CPU
		{3AA3F586-E7A2-4F6E-A885-BF9C2C2A609A}.AppStore|Any CPU.ActiveCfg = Release|Any CPU
		{3AA3F586-E7A2-4F6E-A885-BF9C2C2A609A}.AppStore|Any CPU.Build.0 = Release|Any CPU
		{3AA3F586-E7A2-4F6E-A885-BF9C2C2A609A}.AppStore|Any CPU.Deploy.0 = Release|Any CPU
		{3AA3F586-E7A2-4F6E-A885-BF9C2C2A609A}.AppStore|ARM.ActiveCfg = Release|Any CPU
		{3AA3F586-E7A2-4F6E-A885-BF9C2C2A609A}.AppStore|iPhone.ActiveCfg = Release|Any CPU
		{3AA3F586-E7A2-4F6E-A885-BF9C2C2A609A}.AppStore|iPhoneSimulator.ActiveCfg = Release|Any CPU
		{3AA3F586-E7A2-4F6E-A885-BF9C2C2A609A}.AppStore|Mixed Platforms.ActiveCfg = Release|Any CPU
		{3AA3F586-E7A2-4F6E-A885-BF9C2C2A609A}.AppStore|Mixed Platforms.Build.0 = Release|Any CPU
		{3AA3F586-E7A2-4F6E-A885-BF9C2C2A609A}.AppStore|Mixed Platforms.Deploy.0 = Release|Any CPU
		{3AA3F586-E7A2-4F6E-A885-BF9C2C2A609A}.AppStore|x86.ActiveCfg = Release|Any CPU
		{3AA3F586-E7A2-4F6E-A885-BF9C2C2A609A}.Debug|Any CPU.ActiveCfg = Debug|Any CPU
		{3AA3F586-E7A2-4F6E-A885-BF9C2C2A609A}.Debug|Any CPU.Build.0 = Debug|Any CPU
		{3AA3F586-E7A2-4F6E-A885-BF9C2C2A609A}.Debug|Any CPU.Deploy.0 = Debug|Any CPU
		{3AA3F586-E7A2-4F6E-A885-BF9C2C2A609A}.Debug|ARM.ActiveCfg = Debug|Any CPU
		{3AA3F586-E7A2-4F6E-A885-BF9C2C2A609A}.Debug|iPhone.ActiveCfg = Debug|Any CPU
		{3AA3F586-E7A2-4F6E-A885-BF9C2C2A609A}.Debug|iPhoneSimulator.ActiveCfg = Debug|Any CPU
		{3AA3F586-E7A2-4F6E-A885-BF9C2C2A609A}.Debug|Mixed Platforms.ActiveCfg = Debug|Any CPU
		{3AA3F586-E7A2-4F6E-A885-BF9C2C2A609A}.Debug|Mixed Platforms.Build.0 = Debug|Any CPU
		{3AA3F586-E7A2-4F6E-A885-BF9C2C2A609A}.Debug|Mixed Platforms.Deploy.0 = Debug|Any CPU
		{3AA3F586-E7A2-4F6E-A885-BF9C2C2A609A}.Debug|x86.ActiveCfg = Debug|Any CPU
		{3AA3F586-E7A2-4F6E-A885-BF9C2C2A609A}.Release|Any CPU.ActiveCfg = Release|Any CPU
		{3AA3F586-E7A2-4F6E-A885-BF9C2C2A609A}.Release|Any CPU.Build.0 = Release|Any CPU
		{3AA3F586-E7A2-4F6E-A885-BF9C2C2A609A}.Release|Any CPU.Deploy.0 = Release|Any CPU
		{3AA3F586-E7A2-4F6E-A885-BF9C2C2A609A}.Release|ARM.ActiveCfg = Release|Any CPU
		{3AA3F586-E7A2-4F6E-A885-BF9C2C2A609A}.Release|iPhone.ActiveCfg = Release|Any CPU
		{3AA3F586-E7A2-4F6E-A885-BF9C2C2A609A}.Release|iPhoneSimulator.ActiveCfg = Release|Any CPU
		{3AA3F586-E7A2-4F6E-A885-BF9C2C2A609A}.Release|Mixed Platforms.ActiveCfg = Release|Any CPU
		{3AA3F586-E7A2-4F6E-A885-BF9C2C2A609A}.Release|Mixed Platforms.Build.0 = Release|Any CPU
		{3AA3F586-E7A2-4F6E-A885-BF9C2C2A609A}.Release|Mixed Platforms.Deploy.0 = Release|Any CPU
		{3AA3F586-E7A2-4F6E-A885-BF9C2C2A609A}.Release|x86.ActiveCfg = Release|Any CPU
		{D2E9FEB6-9FEB-41A9-A189-7AB9E9C646C3}.Ad-Hoc|Any CPU.ActiveCfg = Ad-Hoc|iPhone
		{D2E9FEB6-9FEB-41A9-A189-7AB9E9C646C3}.Ad-Hoc|ARM.ActiveCfg = Ad-Hoc|iPhone
		{D2E9FEB6-9FEB-41A9-A189-7AB9E9C646C3}.Ad-Hoc|iPhone.ActiveCfg = Ad-Hoc|iPhone
		{D2E9FEB6-9FEB-41A9-A189-7AB9E9C646C3}.Ad-Hoc|iPhone.Build.0 = Ad-Hoc|iPhone
		{D2E9FEB6-9FEB-41A9-A189-7AB9E9C646C3}.Ad-Hoc|iPhoneSimulator.ActiveCfg = Ad-Hoc|iPhoneSimulator
		{D2E9FEB6-9FEB-41A9-A189-7AB9E9C646C3}.Ad-Hoc|iPhoneSimulator.Build.0 = Ad-Hoc|iPhoneSimulator
		{D2E9FEB6-9FEB-41A9-A189-7AB9E9C646C3}.Ad-Hoc|Mixed Platforms.ActiveCfg = Ad-Hoc|iPhone
		{D2E9FEB6-9FEB-41A9-A189-7AB9E9C646C3}.Ad-Hoc|Mixed Platforms.Build.0 = Ad-Hoc|iPhone
		{D2E9FEB6-9FEB-41A9-A189-7AB9E9C646C3}.Ad-Hoc|x86.ActiveCfg = Ad-Hoc|iPhone
		{D2E9FEB6-9FEB-41A9-A189-7AB9E9C646C3}.AppStore|Any CPU.ActiveCfg = AppStore|iPhone
		{D2E9FEB6-9FEB-41A9-A189-7AB9E9C646C3}.AppStore|ARM.ActiveCfg = AppStore|iPhone
		{D2E9FEB6-9FEB-41A9-A189-7AB9E9C646C3}.AppStore|iPhone.ActiveCfg = AppStore|iPhone
		{D2E9FEB6-9FEB-41A9-A189-7AB9E9C646C3}.AppStore|iPhone.Build.0 = AppStore|iPhone
		{D2E9FEB6-9FEB-41A9-A189-7AB9E9C646C3}.AppStore|iPhoneSimulator.ActiveCfg = AppStore|iPhoneSimulator
		{D2E9FEB6-9FEB-41A9-A189-7AB9E9C646C3}.AppStore|iPhoneSimulator.Build.0 = AppStore|iPhoneSimulator
		{D2E9FEB6-9FEB-41A9-A189-7AB9E9C646C3}.AppStore|Mixed Platforms.ActiveCfg = AppStore|iPhone
		{D2E9FEB6-9FEB-41A9-A189-7AB9E9C646C3}.AppStore|Mixed Platforms.Build.0 = AppStore|iPhone
		{D2E9FEB6-9FEB-41A9-A189-7AB9E9C646C3}.AppStore|x86.ActiveCfg = AppStore|iPhone
		{D2E9FEB6-9FEB-41A9-A189-7AB9E9C646C3}.Debug|Any CPU.ActiveCfg = Debug|iPhone
		{D2E9FEB6-9FEB-41A9-A189-7AB9E9C646C3}.Debug|ARM.ActiveCfg = Debug|iPhone
		{D2E9FEB6-9FEB-41A9-A189-7AB9E9C646C3}.Debug|iPhone.ActiveCfg = Debug|iPhone
		{D2E9FEB6-9FEB-41A9-A189-7AB9E9C646C3}.Debug|iPhone.Build.0 = Debug|iPhone
		{D2E9FEB6-9FEB-41A9-A189-7AB9E9C646C3}.Debug|iPhoneSimulator.ActiveCfg = Debug|iPhoneSimulator
		{D2E9FEB6-9FEB-41A9-A189-7AB9E9C646C3}.Debug|iPhoneSimulator.Build.0 = Debug|iPhoneSimulator
		{D2E9FEB6-9FEB-41A9-A189-7AB9E9C646C3}.Debug|Mixed Platforms.ActiveCfg = Debug|iPhone
		{D2E9FEB6-9FEB-41A9-A189-7AB9E9C646C3}.Debug|Mixed Platforms.Build.0 = Debug|iPhone
		{D2E9FEB6-9FEB-41A9-A189-7AB9E9C646C3}.Debug|x86.ActiveCfg = Debug|iPhone
		{D2E9FEB6-9FEB-41A9-A189-7AB9E9C646C3}.Release|Any CPU.ActiveCfg = Release|iPhone
		{D2E9FEB6-9FEB-41A9-A189-7AB9E9C646C3}.Release|ARM.ActiveCfg = Release|iPhone
		{D2E9FEB6-9FEB-41A9-A189-7AB9E9C646C3}.Release|iPhone.ActiveCfg = Release|iPhone
		{D2E9FEB6-9FEB-41A9-A189-7AB9E9C646C3}.Release|iPhone.Build.0 = Release|iPhone
		{D2E9FEB6-9FEB-41A9-A189-7AB9E9C646C3}.Release|iPhoneSimulator.ActiveCfg = Release|iPhoneSimulator
		{D2E9FEB6-9FEB-41A9-A189-7AB9E9C646C3}.Release|iPhoneSimulator.Build.0 = Release|iPhoneSimulator
		{D2E9FEB6-9FEB-41A9-A189-7AB9E9C646C3}.Release|Mixed Platforms.ActiveCfg = Release|iPhone
		{D2E9FEB6-9FEB-41A9-A189-7AB9E9C646C3}.Release|Mixed Platforms.Build.0 = Release|iPhone
		{D2E9FEB6-9FEB-41A9-A189-7AB9E9C646C3}.Release|x86.ActiveCfg = Release|iPhone
		{D4030A48-1983-4D73-B7CB-336861C9D244}.Ad-Hoc|Any CPU.ActiveCfg = Debug|Any CPU
		{D4030A48-1983-4D73-B7CB-336861C9D244}.Ad-Hoc|Any CPU.Build.0 = Debug|Any CPU
		{D4030A48-1983-4D73-B7CB-336861C9D244}.Ad-Hoc|ARM.ActiveCfg = Debug|Any CPU
		{D4030A48-1983-4D73-B7CB-336861C9D244}.Ad-Hoc|ARM.Build.0 = Debug|Any CPU
		{D4030A48-1983-4D73-B7CB-336861C9D244}.Ad-Hoc|iPhone.ActiveCfg = Debug|Any CPU
		{D4030A48-1983-4D73-B7CB-336861C9D244}.Ad-Hoc|iPhone.Build.0 = Debug|Any CPU
		{D4030A48-1983-4D73-B7CB-336861C9D244}.Ad-Hoc|iPhoneSimulator.ActiveCfg = Debug|Any CPU
		{D4030A48-1983-4D73-B7CB-336861C9D244}.Ad-Hoc|iPhoneSimulator.Build.0 = Debug|Any CPU
		{D4030A48-1983-4D73-B7CB-336861C9D244}.Ad-Hoc|Mixed Platforms.ActiveCfg = Debug|Any CPU
		{D4030A48-1983-4D73-B7CB-336861C9D244}.Ad-Hoc|Mixed Platforms.Build.0 = Debug|Any CPU
		{D4030A48-1983-4D73-B7CB-336861C9D244}.Ad-Hoc|x86.ActiveCfg = Debug|Any CPU
		{D4030A48-1983-4D73-B7CB-336861C9D244}.Ad-Hoc|x86.Build.0 = Debug|Any CPU
		{D4030A48-1983-4D73-B7CB-336861C9D244}.AppStore|Any CPU.ActiveCfg = Debug|Any CPU
		{D4030A48-1983-4D73-B7CB-336861C9D244}.AppStore|Any CPU.Build.0 = Debug|Any CPU
		{D4030A48-1983-4D73-B7CB-336861C9D244}.AppStore|ARM.ActiveCfg = Debug|Any CPU
		{D4030A48-1983-4D73-B7CB-336861C9D244}.AppStore|ARM.Build.0 = Debug|Any CPU
		{D4030A48-1983-4D73-B7CB-336861C9D244}.AppStore|iPhone.ActiveCfg = Debug|Any CPU
		{D4030A48-1983-4D73-B7CB-336861C9D244}.AppStore|iPhone.Build.0 = Debug|Any CPU
		{D4030A48-1983-4D73-B7CB-336861C9D244}.AppStore|iPhoneSimulator.ActiveCfg = Debug|Any CPU
		{D4030A48-1983-4D73-B7CB-336861C9D244}.AppStore|iPhoneSimulator.Build.0 = Debug|Any CPU
		{D4030A48-1983-4D73-B7CB-336861C9D244}.AppStore|Mixed Platforms.ActiveCfg = Debug|Any CPU
		{D4030A48-1983-4D73-B7CB-336861C9D244}.AppStore|Mixed Platforms.Build.0 = Debug|Any CPU
		{D4030A48-1983-4D73-B7CB-336861C9D244}.AppStore|x86.ActiveCfg = Debug|Any CPU
		{D4030A48-1983-4D73-B7CB-336861C9D244}.AppStore|x86.Build.0 = Debug|Any CPU
		{D4030A48-1983-4D73-B7CB-336861C9D244}.Debug|Any CPU.ActiveCfg = Debug|Client
		{D4030A48-1983-4D73-B7CB-336861C9D244}.Debug|Any CPU.Build.0 = Debug|Client
		{D4030A48-1983-4D73-B7CB-336861C9D244}.Debug|ARM.ActiveCfg = Debug|Client
		{D4030A48-1983-4D73-B7CB-336861C9D244}.Debug|ARM.Build.0 = Debug|Client
		{D4030A48-1983-4D73-B7CB-336861C9D244}.Debug|iPhone.ActiveCfg = Debug|Client
		{D4030A48-1983-4D73-B7CB-336861C9D244}.Debug|iPhone.Build.0 = Debug|Client
		{D4030A48-1983-4D73-B7CB-336861C9D244}.Debug|iPhoneSimulator.ActiveCfg = Debug|Client
		{D4030A48-1983-4D73-B7CB-336861C9D244}.Debug|iPhoneSimulator.Build.0 = Debug|Client
		{D4030A48-1983-4D73-B7CB-336861C9D244}.Debug|Mixed Platforms.ActiveCfg = Debug|Client
		{D4030A48-1983-4D73-B7CB-336861C9D244}.Debug|Mixed Platforms.Build.0 = Debug|Client
		{D4030A48-1983-4D73-B7CB-336861C9D244}.Debug|x86.ActiveCfg = Debug|Client
		{D4030A48-1983-4D73-B7CB-336861C9D244}.Debug|x86.Build.0 = Debug|Client
		{D4030A48-1983-4D73-B7CB-336861C9D244}.Release|Any CPU.ActiveCfg = Release|Client
		{D4030A48-1983-4D73-B7CB-336861C9D244}.Release|Any CPU.Build.0 = Release|Client
		{D4030A48-1983-4D73-B7CB-336861C9D244}.Release|ARM.ActiveCfg = Release|Client
		{D4030A48-1983-4D73-B7CB-336861C9D244}.Release|ARM.Build.0 = Release|Client
		{D4030A48-1983-4D73-B7CB-336861C9D244}.Release|iPhone.ActiveCfg = Release|Client
		{D4030A48-1983-4D73-B7CB-336861C9D244}.Release|iPhone.Build.0 = Release|Client
		{D4030A48-1983-4D73-B7CB-336861C9D244}.Release|iPhoneSimulator.ActiveCfg = Release|Client
		{D4030A48-1983-4D73-B7CB-336861C9D244}.Release|iPhoneSimulator.Build.0 = Release|Client
		{D4030A48-1983-4D73-B7CB-336861C9D244}.Release|Mixed Platforms.ActiveCfg = Release|Client
		{D4030A48-1983-4D73-B7CB-336861C9D244}.Release|Mixed Platforms.Build.0 = Release|Client
		{D4030A48-1983-4D73-B7CB-336861C9D244}.Release|x86.ActiveCfg = Release|Client
		{D4030A48-1983-4D73-B7CB-336861C9D244}.Release|x86.Build.0 = Release|Client
	EndGlobalSection
	GlobalSection(SolutionProperties) = preSolution
		HideSolutionNode = FALSE
	EndGlobalSection
	GlobalSection(NestedProjects) = preSolution
		{0F1D7658-E133-4114-9920-F4AC16F41383} = {5C97760E-ADC8-4B12-A8B4-094B94BCAB9F}
		{DE7076F2-7D68-4ADF-A89E-38D6A9463250} = {5C97760E-ADC8-4B12-A8B4-094B94BCAB9F}
		{3AA3F586-E7A2-4F6E-A885-BF9C2C2A609A} = {5C97760E-ADC8-4B12-A8B4-094B94BCAB9F}
		{D2E9FEB6-9FEB-41A9-A189-7AB9E9C646C3} = {5C97760E-ADC8-4B12-A8B4-094B94BCAB9F}
		{D4030A48-1983-4D73-B7CB-336861C9D244} = {345A0B02-B7F2-4D82-8ACE-F43252A736DF}
	EndGlobalSection
EndGlobal
