
Microsoft Visual Studio Solution File, Format Version 12.00
# Visual Studio 2013
VisualStudioVersion = 12.0.30110.0
MinimumVisualStudioVersion = 10.0.40219.1
Project("{00D1A9C2-B5F0-4AF3-8072-F6C62B433612}") = "MyVote.Database", "MyVote.Database\MyVote.Database.sqlproj", "{87AE043C-1EAC-4399-93CF-BB1CA41026D8}"
EndProject
Project("{FAE04EC0-301F-11D3-BF4B-00C04F79EFBC}") = "MyVote.Repository", "MyVote.Repository\MyVote.Repository.csproj", "{596BB94F-0EB4-4FF1-9322-91321B88ABB3}"
EndProject
Project("{FAE04EC0-301F-11D3-BF4B-00C04F79EFBC}") = "MyVote.BusinessObjects.Net", "MyVote.BusinessObjects.Net\MyVote.BusinessObjects.Net.csproj", "{D9283B72-843E-4619-B1E9-3893D8A9937A}"
EndProject
Project("{FAE04EC0-301F-11D3-BF4B-00C04F79EFBC}") = "MyVote.BusinessObjects.W8", "MyVote.BusinessObjects.W8\MyVote.BusinessObjects.W8.csproj", "{04A9EDA3-C9A4-4ECE-B8EA-B8229267A0B1}"
EndProject
Project("{FAE04EC0-301F-11D3-BF4B-00C04F79EFBC}") = "MyVote.BusinessObjects.WP8", "MyVote.BusinessObjects.WP8\MyVote.BusinessObjects.WP8.csproj", "{EBA1A2AD-0881-48CE-BC98-576E516D05CA}"
EndProject
Project("{FAE04EC0-301F-11D3-BF4B-00C04F79EFBC}") = "MyVote.UI.W8", "MyVote.UI.W8\MyVote.UI.W8.csproj", "{5A883D94-737D-44A6-B8A0-3662E0D1DB4A}"
EndProject
Project("{FAE04EC0-301F-11D3-BF4B-00C04F79EFBC}") = "MyVote.UI.WP8", "MyVote.UI.WP8\MyVote.UI.WP8.csproj", "{C1C6FB63-8E31-41DB-BBEB-C6341A6F1DB4}"
EndProject
Project("{FAE04EC0-301F-11D3-BF4B-00C04F79EFBC}") = "MyVote.Client.W8", "MyVote.Client.W8\MyVote.Client.W8.csproj", "{1B82663B-A8AA-4E08-BDF7-9BB269D55A67}"
EndProject
Project("{FAE04EC0-301F-11D3-BF4B-00C04F79EFBC}") = "MyVote.Client.WP8", "MyVote.Client.WP8\MyVote.Client.WP8.csproj", "{282C3D8B-E643-4C90-A46A-A119EA2903EE}"
EndProject
Project("{FAE04EC0-301F-11D3-BF4B-00C04F79EFBC}") = "MyVote.BusinessObjects.Net.Tests", "MyVote.BusinessObjects.Net.Tests\MyVote.BusinessObjects.Net.Tests.csproj", "{A56CC59A-9D26-417D-B4B0-8B871B15F7C3}"
EndProject
Project("{FAE04EC0-301F-11D3-BF4B-00C04F79EFBC}") = "MyVote.UI.W8.Tests", "MyVote.UI.W8.Tests\MyVote.UI.W8.Tests.csproj", "{9242E3C1-C5F2-4520-8454-DA1E6C096F0B}"
EndProject
Project("{2150E333-8FDC-42A3-9474-1A3956D46DE8}") = "Assets", "Assets", "{E705276C-8809-427E-868E-8ACE3F876CFF}"
	ProjectSection(SolutionItems) = preProject
		Assets\CodeAnalysisDictionary.xml = Assets\CodeAnalysisDictionary.xml
		..\LICENSE = ..\LICENSE
		Assets\MyVote.Rules.ruleset = Assets\MyVote.Rules.ruleset
		..\README.md = ..\README.md
	EndProjectSection
EndProject
Project("{FAE04EC0-301F-11D3-BF4B-00C04F79EFBC}") = "MyVote.Core", "MyVote.Core\MyVote.Core.csproj", "{3BC31396-EFBA-42D4-AA31-F4ACE96B9023}"
EndProject
Project("{FAE04EC0-301F-11D3-BF4B-00C04F79EFBC}") = "MyVote.Core.Tests", "MyVote.Core.Tests\MyVote.Core.Tests.csproj", "{B47996BA-592E-41C2-850B-37C4B7041055}"
EndProject
Project("{CC5FD16D-436D-48AD-A40C-5A424C6E3E79}") = "MyVote.AzureService", "MyVote.AzureService\MyVote.AzureService.ccproj", "{9B88CF6A-2340-4452-8E47-91A142430176}"
EndProject
Project("{FAE04EC0-301F-11D3-BF4B-00C04F79EFBC}") = "MyVote.Core.W8", "MyVote.Core.W8\MyVote.Core.W8.csproj", "{0190854E-3553-4A97-B944-C083A67FB5C9}"
EndProject
Project("{FAE04EC0-301F-11D3-BF4B-00C04F79EFBC}") = "MyVote.Core.WP8", "MyVote.Core.WP8\MyVote.Core.WP8.csproj", "{0D68F335-4666-41BD-84FC-22E941D23659}"
EndProject
Project("{FAE04EC0-301F-11D3-BF4B-00C04F79EFBC}") = "MyVote.AppServer", "MyVote.AppServer\MyVote.AppServer.csproj", "{49482B9C-3B93-41B3-B895-46C30F0D7316}"
EndProject
Project("{FAE04EC0-301F-11D3-BF4B-00C04F79EFBC}") = "MyVote.AppServer.Tests", "MyVote.AppServer.Tests\MyVote.AppServer.Tests.csproj", "{2B81B005-F72B-4ABE-8F00-C74F461CC5A5}"
EndProject
Project("{F14B399A-7131-4C87-9E4B-1186C45EF12D}") = "MyVote.Reporting", "MyVote.Reporting\MyVote.Reporting.rptproj", "{E8E34940-A62A-4AE2-A36F-CA8769C2E0D7}"
EndProject
Project("{FAE04EC0-301F-11D3-BF4B-00C04F79EFBC}") = "MyVote.Client.Web", "MyVote.Client.Web\MyVote.Client.Web.csproj", "{AF188615-C28A-411E-8E58-9D4D23F6676D}"
EndProject
Project("{FAE04EC0-301F-11D3-BF4B-00C04F79EFBC}") = "MyVote.Client.Web.Tests", "MyVote.Client.Web.Tests\MyVote.Client.Web.Tests.csproj", "{8CD8C2A7-A004-49AB-B563-2AF7D3213916}"
EndProject
Project("{2150E333-8FDC-42A3-9474-1A3956D46DE8}") = ".nuget", ".nuget", "{CC82751A-C029-40D4-896F-BBC79B2DBCD7}"
	ProjectSection(SolutionItems) = preProject
		.nuget\packages.config = .nuget\packages.config
	EndProjectSection
EndProject
Project("{FAE04EC0-301F-11D3-BF4B-00C04F79EFBC}") = "MyVote.BusinessObjects.W8.Tests", "MyVote.BusinessObjects.W8.Tests\MyVote.BusinessObjects.W8.Tests.csproj", "{E8DAA0D9-21D1-44D0-A9C5-03B7EAF6224F}"
EndProject
Global
	GlobalSection(SolutionConfigurationPlatforms) = preSolution
		Debug|Any CPU = Debug|Any CPU
		Debug|ARM = Debug|ARM
		Debug|x64 = Debug|x64
		Debug|x86 = Debug|x86
		DebugLocal|Any CPU = DebugLocal|Any CPU
		DebugLocal|ARM = DebugLocal|ARM
		DebugLocal|x64 = DebugLocal|x64
		DebugLocal|x86 = DebugLocal|x86
		Release|Any CPU = Release|Any CPU
		Release|ARM = Release|ARM
		Release|x64 = Release|x64
		Release|x86 = Release|x86
		Staging|Any CPU = Staging|Any CPU
		Staging|ARM = Staging|ARM
		Staging|x64 = Staging|x64
		Staging|x86 = Staging|x86
	EndGlobalSection
	GlobalSection(ProjectConfigurationPlatforms) = postSolution
		{87AE043C-1EAC-4399-93CF-BB1CA41026D8}.Debug|Any CPU.ActiveCfg = Debug|Any CPU
		{87AE043C-1EAC-4399-93CF-BB1CA41026D8}.Debug|Any CPU.Build.0 = Debug|Any CPU
		{87AE043C-1EAC-4399-93CF-BB1CA41026D8}.Debug|ARM.ActiveCfg = Debug|Any CPU
		{87AE043C-1EAC-4399-93CF-BB1CA41026D8}.Debug|x64.ActiveCfg = Debug|Any CPU
		{87AE043C-1EAC-4399-93CF-BB1CA41026D8}.Debug|x86.ActiveCfg = Debug|Any CPU
		{87AE043C-1EAC-4399-93CF-BB1CA41026D8}.DebugLocal|Any CPU.ActiveCfg = Debug|Any CPU
		{87AE043C-1EAC-4399-93CF-BB1CA41026D8}.DebugLocal|Any CPU.Build.0 = Debug|Any CPU
		{87AE043C-1EAC-4399-93CF-BB1CA41026D8}.DebugLocal|Any CPU.Deploy.0 = Debug|Any CPU
		{87AE043C-1EAC-4399-93CF-BB1CA41026D8}.DebugLocal|ARM.ActiveCfg = Debug|Any CPU
		{87AE043C-1EAC-4399-93CF-BB1CA41026D8}.DebugLocal|x64.ActiveCfg = Debug|Any CPU
		{87AE043C-1EAC-4399-93CF-BB1CA41026D8}.DebugLocal|x86.ActiveCfg = Debug|Any CPU
		{87AE043C-1EAC-4399-93CF-BB1CA41026D8}.Release|Any CPU.ActiveCfg = Release|Any CPU
		{87AE043C-1EAC-4399-93CF-BB1CA41026D8}.Release|Any CPU.Build.0 = Release|Any CPU
		{87AE043C-1EAC-4399-93CF-BB1CA41026D8}.Release|ARM.ActiveCfg = Release|Any CPU
		{87AE043C-1EAC-4399-93CF-BB1CA41026D8}.Release|x64.ActiveCfg = Release|Any CPU
		{87AE043C-1EAC-4399-93CF-BB1CA41026D8}.Release|x86.ActiveCfg = Release|Any CPU
		{87AE043C-1EAC-4399-93CF-BB1CA41026D8}.Staging|Any CPU.ActiveCfg = Staging|Any CPU
		{87AE043C-1EAC-4399-93CF-BB1CA41026D8}.Staging|Any CPU.Build.0 = Staging|Any CPU
		{87AE043C-1EAC-4399-93CF-BB1CA41026D8}.Staging|Any CPU.Deploy.0 = Staging|Any CPU
		{87AE043C-1EAC-4399-93CF-BB1CA41026D8}.Staging|ARM.ActiveCfg = Staging|Any CPU
		{87AE043C-1EAC-4399-93CF-BB1CA41026D8}.Staging|x64.ActiveCfg = Staging|Any CPU
		{87AE043C-1EAC-4399-93CF-BB1CA41026D8}.Staging|x86.ActiveCfg = Staging|Any CPU
		{596BB94F-0EB4-4FF1-9322-91321B88ABB3}.Debug|Any CPU.ActiveCfg = Debug|Any CPU
		{596BB94F-0EB4-4FF1-9322-91321B88ABB3}.Debug|Any CPU.Build.0 = Debug|Any CPU
		{596BB94F-0EB4-4FF1-9322-91321B88ABB3}.Debug|ARM.ActiveCfg = Debug|Any CPU
		{596BB94F-0EB4-4FF1-9322-91321B88ABB3}.Debug|x64.ActiveCfg = Debug|Any CPU
		{596BB94F-0EB4-4FF1-9322-91321B88ABB3}.Debug|x86.ActiveCfg = Debug|Any CPU
		{596BB94F-0EB4-4FF1-9322-91321B88ABB3}.DebugLocal|Any CPU.ActiveCfg = Debug|Any CPU
		{596BB94F-0EB4-4FF1-9322-91321B88ABB3}.DebugLocal|Any CPU.Build.0 = Debug|Any CPU
		{596BB94F-0EB4-4FF1-9322-91321B88ABB3}.DebugLocal|ARM.ActiveCfg = Debug|Any CPU
		{596BB94F-0EB4-4FF1-9322-91321B88ABB3}.DebugLocal|x64.ActiveCfg = Debug|Any CPU
		{596BB94F-0EB4-4FF1-9322-91321B88ABB3}.DebugLocal|x86.ActiveCfg = Debug|Any CPU
		{596BB94F-0EB4-4FF1-9322-91321B88ABB3}.Release|Any CPU.ActiveCfg = Release|Any CPU
		{596BB94F-0EB4-4FF1-9322-91321B88ABB3}.Release|Any CPU.Build.0 = Release|Any CPU
		{596BB94F-0EB4-4FF1-9322-91321B88ABB3}.Release|ARM.ActiveCfg = Release|Any CPU
		{596BB94F-0EB4-4FF1-9322-91321B88ABB3}.Release|x64.ActiveCfg = Release|Any CPU
		{596BB94F-0EB4-4FF1-9322-91321B88ABB3}.Release|x86.ActiveCfg = Release|Any CPU
		{596BB94F-0EB4-4FF1-9322-91321B88ABB3}.Staging|Any CPU.ActiveCfg = Staging|Any CPU
		{596BB94F-0EB4-4FF1-9322-91321B88ABB3}.Staging|Any CPU.Build.0 = Staging|Any CPU
		{596BB94F-0EB4-4FF1-9322-91321B88ABB3}.Staging|ARM.ActiveCfg = Staging|Any CPU
		{596BB94F-0EB4-4FF1-9322-91321B88ABB3}.Staging|x64.ActiveCfg = Staging|Any CPU
		{596BB94F-0EB4-4FF1-9322-91321B88ABB3}.Staging|x86.ActiveCfg = Staging|Any CPU
		{D9283B72-843E-4619-B1E9-3893D8A9937A}.Debug|Any CPU.ActiveCfg = Debug|Any CPU
		{D9283B72-843E-4619-B1E9-3893D8A9937A}.Debug|Any CPU.Build.0 = Debug|Any CPU
		{D9283B72-843E-4619-B1E9-3893D8A9937A}.Debug|ARM.ActiveCfg = Debug|Any CPU
		{D9283B72-843E-4619-B1E9-3893D8A9937A}.Debug|x64.ActiveCfg = Debug|Any CPU
		{D9283B72-843E-4619-B1E9-3893D8A9937A}.Debug|x86.ActiveCfg = Debug|Any CPU
		{D9283B72-843E-4619-B1E9-3893D8A9937A}.DebugLocal|Any CPU.ActiveCfg = Debug|Any CPU
		{D9283B72-843E-4619-B1E9-3893D8A9937A}.DebugLocal|Any CPU.Build.0 = Debug|Any CPU
		{D9283B72-843E-4619-B1E9-3893D8A9937A}.DebugLocal|ARM.ActiveCfg = Debug|Any CPU
		{D9283B72-843E-4619-B1E9-3893D8A9937A}.DebugLocal|x64.ActiveCfg = Debug|Any CPU
		{D9283B72-843E-4619-B1E9-3893D8A9937A}.DebugLocal|x86.ActiveCfg = Debug|Any CPU
		{D9283B72-843E-4619-B1E9-3893D8A9937A}.Release|Any CPU.ActiveCfg = Release|Any CPU
		{D9283B72-843E-4619-B1E9-3893D8A9937A}.Release|Any CPU.Build.0 = Release|Any CPU
		{D9283B72-843E-4619-B1E9-3893D8A9937A}.Release|ARM.ActiveCfg = Release|Any CPU
		{D9283B72-843E-4619-B1E9-3893D8A9937A}.Release|x64.ActiveCfg = Release|Any CPU
		{D9283B72-843E-4619-B1E9-3893D8A9937A}.Release|x86.ActiveCfg = Release|Any CPU
		{D9283B72-843E-4619-B1E9-3893D8A9937A}.Staging|Any CPU.ActiveCfg = Staging|Any CPU
		{D9283B72-843E-4619-B1E9-3893D8A9937A}.Staging|Any CPU.Build.0 = Staging|Any CPU
		{D9283B72-843E-4619-B1E9-3893D8A9937A}.Staging|ARM.ActiveCfg = Staging|Any CPU
		{D9283B72-843E-4619-B1E9-3893D8A9937A}.Staging|x64.ActiveCfg = Staging|Any CPU
		{D9283B72-843E-4619-B1E9-3893D8A9937A}.Staging|x86.ActiveCfg = Staging|Any CPU
		{04A9EDA3-C9A4-4ECE-B8EA-B8229267A0B1}.Debug|Any CPU.ActiveCfg = Debug|Any CPU
		{04A9EDA3-C9A4-4ECE-B8EA-B8229267A0B1}.Debug|Any CPU.Build.0 = Debug|Any CPU
		{04A9EDA3-C9A4-4ECE-B8EA-B8229267A0B1}.Debug|ARM.ActiveCfg = Debug|ARM
		{04A9EDA3-C9A4-4ECE-B8EA-B8229267A0B1}.Debug|ARM.Build.0 = Debug|ARM
		{04A9EDA3-C9A4-4ECE-B8EA-B8229267A0B1}.Debug|x64.ActiveCfg = Debug|x64
		{04A9EDA3-C9A4-4ECE-B8EA-B8229267A0B1}.Debug|x64.Build.0 = Debug|x64
		{04A9EDA3-C9A4-4ECE-B8EA-B8229267A0B1}.Debug|x86.ActiveCfg = Debug|x86
		{04A9EDA3-C9A4-4ECE-B8EA-B8229267A0B1}.Debug|x86.Build.0 = Debug|x86
		{04A9EDA3-C9A4-4ECE-B8EA-B8229267A0B1}.DebugLocal|Any CPU.ActiveCfg = Debug|Any CPU
		{04A9EDA3-C9A4-4ECE-B8EA-B8229267A0B1}.DebugLocal|Any CPU.Build.0 = Debug|Any CPU
		{04A9EDA3-C9A4-4ECE-B8EA-B8229267A0B1}.DebugLocal|ARM.ActiveCfg = Debug|ARM
		{04A9EDA3-C9A4-4ECE-B8EA-B8229267A0B1}.DebugLocal|ARM.Build.0 = Debug|ARM
		{04A9EDA3-C9A4-4ECE-B8EA-B8229267A0B1}.DebugLocal|x64.ActiveCfg = Debug|x64
		{04A9EDA3-C9A4-4ECE-B8EA-B8229267A0B1}.DebugLocal|x64.Build.0 = Debug|x64
		{04A9EDA3-C9A4-4ECE-B8EA-B8229267A0B1}.DebugLocal|x86.ActiveCfg = Debug|x86
		{04A9EDA3-C9A4-4ECE-B8EA-B8229267A0B1}.DebugLocal|x86.Build.0 = Debug|x86
		{04A9EDA3-C9A4-4ECE-B8EA-B8229267A0B1}.Release|Any CPU.ActiveCfg = Release|Any CPU
		{04A9EDA3-C9A4-4ECE-B8EA-B8229267A0B1}.Release|Any CPU.Build.0 = Release|Any CPU
		{04A9EDA3-C9A4-4ECE-B8EA-B8229267A0B1}.Release|ARM.ActiveCfg = Release|ARM
		{04A9EDA3-C9A4-4ECE-B8EA-B8229267A0B1}.Release|ARM.Build.0 = Release|ARM
		{04A9EDA3-C9A4-4ECE-B8EA-B8229267A0B1}.Release|x64.ActiveCfg = Release|x64
		{04A9EDA3-C9A4-4ECE-B8EA-B8229267A0B1}.Release|x64.Build.0 = Release|x64
		{04A9EDA3-C9A4-4ECE-B8EA-B8229267A0B1}.Release|x86.ActiveCfg = Release|x86
		{04A9EDA3-C9A4-4ECE-B8EA-B8229267A0B1}.Release|x86.Build.0 = Release|x86
		{04A9EDA3-C9A4-4ECE-B8EA-B8229267A0B1}.Staging|Any CPU.ActiveCfg = Staging|Any CPU
		{04A9EDA3-C9A4-4ECE-B8EA-B8229267A0B1}.Staging|Any CPU.Build.0 = Staging|Any CPU
		{04A9EDA3-C9A4-4ECE-B8EA-B8229267A0B1}.Staging|ARM.ActiveCfg = Staging|ARM
		{04A9EDA3-C9A4-4ECE-B8EA-B8229267A0B1}.Staging|ARM.Build.0 = Staging|ARM
		{04A9EDA3-C9A4-4ECE-B8EA-B8229267A0B1}.Staging|x64.ActiveCfg = Staging|x64
		{04A9EDA3-C9A4-4ECE-B8EA-B8229267A0B1}.Staging|x64.Build.0 = Staging|x64
		{04A9EDA3-C9A4-4ECE-B8EA-B8229267A0B1}.Staging|x86.ActiveCfg = Staging|x86
		{04A9EDA3-C9A4-4ECE-B8EA-B8229267A0B1}.Staging|x86.Build.0 = Staging|x86
		{EBA1A2AD-0881-48CE-BC98-576E516D05CA}.Debug|Any CPU.ActiveCfg = Debug|Any CPU
		{EBA1A2AD-0881-48CE-BC98-576E516D05CA}.Debug|Any CPU.Build.0 = Debug|Any CPU
		{EBA1A2AD-0881-48CE-BC98-576E516D05CA}.Debug|ARM.ActiveCfg = Debug|ARM
		{EBA1A2AD-0881-48CE-BC98-576E516D05CA}.Debug|ARM.Build.0 = Debug|ARM
		{EBA1A2AD-0881-48CE-BC98-576E516D05CA}.Debug|x64.ActiveCfg = Debug|Any CPU
		{EBA1A2AD-0881-48CE-BC98-576E516D05CA}.Debug|x86.ActiveCfg = Debug|x86
		{EBA1A2AD-0881-48CE-BC98-576E516D05CA}.Debug|x86.Build.0 = Debug|x86
		{EBA1A2AD-0881-48CE-BC98-576E516D05CA}.DebugLocal|Any CPU.ActiveCfg = Debug|Any CPU
		{EBA1A2AD-0881-48CE-BC98-576E516D05CA}.DebugLocal|Any CPU.Build.0 = Debug|Any CPU
		{EBA1A2AD-0881-48CE-BC98-576E516D05CA}.DebugLocal|ARM.ActiveCfg = Debug|ARM
		{EBA1A2AD-0881-48CE-BC98-576E516D05CA}.DebugLocal|ARM.Build.0 = Debug|ARM
		{EBA1A2AD-0881-48CE-BC98-576E516D05CA}.DebugLocal|x64.ActiveCfg = Debug|Any CPU
		{EBA1A2AD-0881-48CE-BC98-576E516D05CA}.DebugLocal|x86.ActiveCfg = Debug|x86
		{EBA1A2AD-0881-48CE-BC98-576E516D05CA}.DebugLocal|x86.Build.0 = Debug|x86
		{EBA1A2AD-0881-48CE-BC98-576E516D05CA}.Release|Any CPU.ActiveCfg = Release|Any CPU
		{EBA1A2AD-0881-48CE-BC98-576E516D05CA}.Release|Any CPU.Build.0 = Release|Any CPU
		{EBA1A2AD-0881-48CE-BC98-576E516D05CA}.Release|ARM.ActiveCfg = Release|ARM
		{EBA1A2AD-0881-48CE-BC98-576E516D05CA}.Release|ARM.Build.0 = Release|ARM
		{EBA1A2AD-0881-48CE-BC98-576E516D05CA}.Release|x64.ActiveCfg = Release|Any CPU
		{EBA1A2AD-0881-48CE-BC98-576E516D05CA}.Release|x86.ActiveCfg = Release|x86
		{EBA1A2AD-0881-48CE-BC98-576E516D05CA}.Release|x86.Build.0 = Release|x86
		{EBA1A2AD-0881-48CE-BC98-576E516D05CA}.Staging|Any CPU.ActiveCfg = Staging|Any CPU
		{EBA1A2AD-0881-48CE-BC98-576E516D05CA}.Staging|Any CPU.Build.0 = Staging|Any CPU
		{EBA1A2AD-0881-48CE-BC98-576E516D05CA}.Staging|ARM.ActiveCfg = Staging|ARM
		{EBA1A2AD-0881-48CE-BC98-576E516D05CA}.Staging|ARM.Build.0 = Staging|ARM
		{EBA1A2AD-0881-48CE-BC98-576E516D05CA}.Staging|x64.ActiveCfg = Staging|Any CPU
		{EBA1A2AD-0881-48CE-BC98-576E516D05CA}.Staging|x86.ActiveCfg = Staging|x86
		{EBA1A2AD-0881-48CE-BC98-576E516D05CA}.Staging|x86.Build.0 = Staging|x86
		{5A883D94-737D-44A6-B8A0-3662E0D1DB4A}.Debug|Any CPU.ActiveCfg = Debug|Any CPU
		{5A883D94-737D-44A6-B8A0-3662E0D1DB4A}.Debug|Any CPU.Build.0 = Debug|Any CPU
		{5A883D94-737D-44A6-B8A0-3662E0D1DB4A}.Debug|ARM.ActiveCfg = Debug|ARM
		{5A883D94-737D-44A6-B8A0-3662E0D1DB4A}.Debug|ARM.Build.0 = Debug|ARM
		{5A883D94-737D-44A6-B8A0-3662E0D1DB4A}.Debug|x64.ActiveCfg = Debug|x64
		{5A883D94-737D-44A6-B8A0-3662E0D1DB4A}.Debug|x64.Build.0 = Debug|x64
		{5A883D94-737D-44A6-B8A0-3662E0D1DB4A}.Debug|x86.ActiveCfg = Debug|x86
		{5A883D94-737D-44A6-B8A0-3662E0D1DB4A}.Debug|x86.Build.0 = Debug|x86
		{5A883D94-737D-44A6-B8A0-3662E0D1DB4A}.DebugLocal|Any CPU.ActiveCfg = Debug|Any CPU
		{5A883D94-737D-44A6-B8A0-3662E0D1DB4A}.DebugLocal|Any CPU.Build.0 = Debug|Any CPU
		{5A883D94-737D-44A6-B8A0-3662E0D1DB4A}.DebugLocal|ARM.ActiveCfg = Debug|ARM
		{5A883D94-737D-44A6-B8A0-3662E0D1DB4A}.DebugLocal|ARM.Build.0 = Debug|ARM
		{5A883D94-737D-44A6-B8A0-3662E0D1DB4A}.DebugLocal|x64.ActiveCfg = Debug|x64
		{5A883D94-737D-44A6-B8A0-3662E0D1DB4A}.DebugLocal|x64.Build.0 = Debug|x64
		{5A883D94-737D-44A6-B8A0-3662E0D1DB4A}.DebugLocal|x86.ActiveCfg = Debug|x86
		{5A883D94-737D-44A6-B8A0-3662E0D1DB4A}.DebugLocal|x86.Build.0 = Debug|x86
		{5A883D94-737D-44A6-B8A0-3662E0D1DB4A}.Release|Any CPU.ActiveCfg = Release|Any CPU
		{5A883D94-737D-44A6-B8A0-3662E0D1DB4A}.Release|Any CPU.Build.0 = Release|Any CPU
		{5A883D94-737D-44A6-B8A0-3662E0D1DB4A}.Release|ARM.ActiveCfg = Release|ARM
		{5A883D94-737D-44A6-B8A0-3662E0D1DB4A}.Release|ARM.Build.0 = Release|ARM
		{5A883D94-737D-44A6-B8A0-3662E0D1DB4A}.Release|x64.ActiveCfg = Release|x64
		{5A883D94-737D-44A6-B8A0-3662E0D1DB4A}.Release|x64.Build.0 = Release|x64
		{5A883D94-737D-44A6-B8A0-3662E0D1DB4A}.Release|x86.ActiveCfg = Release|x86
		{5A883D94-737D-44A6-B8A0-3662E0D1DB4A}.Release|x86.Build.0 = Release|x86
		{5A883D94-737D-44A6-B8A0-3662E0D1DB4A}.Staging|Any CPU.ActiveCfg = Staging|Any CPU
		{5A883D94-737D-44A6-B8A0-3662E0D1DB4A}.Staging|Any CPU.Build.0 = Staging|Any CPU
		{5A883D94-737D-44A6-B8A0-3662E0D1DB4A}.Staging|ARM.ActiveCfg = Staging|ARM
		{5A883D94-737D-44A6-B8A0-3662E0D1DB4A}.Staging|ARM.Build.0 = Staging|ARM
		{5A883D94-737D-44A6-B8A0-3662E0D1DB4A}.Staging|x64.ActiveCfg = Staging|x64
		{5A883D94-737D-44A6-B8A0-3662E0D1DB4A}.Staging|x64.Build.0 = Staging|x64
		{5A883D94-737D-44A6-B8A0-3662E0D1DB4A}.Staging|x86.ActiveCfg = Staging|x86
		{5A883D94-737D-44A6-B8A0-3662E0D1DB4A}.Staging|x86.Build.0 = Staging|x86
		{C1C6FB63-8E31-41DB-BBEB-C6341A6F1DB4}.Debug|Any CPU.ActiveCfg = Debug|Any CPU
		{C1C6FB63-8E31-41DB-BBEB-C6341A6F1DB4}.Debug|Any CPU.Build.0 = Debug|Any CPU
		{C1C6FB63-8E31-41DB-BBEB-C6341A6F1DB4}.Debug|ARM.ActiveCfg = Debug|ARM
		{C1C6FB63-8E31-41DB-BBEB-C6341A6F1DB4}.Debug|ARM.Build.0 = Debug|ARM
		{C1C6FB63-8E31-41DB-BBEB-C6341A6F1DB4}.Debug|x64.ActiveCfg = Debug|Any CPU
		{C1C6FB63-8E31-41DB-BBEB-C6341A6F1DB4}.Debug|x86.ActiveCfg = Debug|x86
		{C1C6FB63-8E31-41DB-BBEB-C6341A6F1DB4}.Debug|x86.Build.0 = Debug|x86
		{C1C6FB63-8E31-41DB-BBEB-C6341A6F1DB4}.DebugLocal|Any CPU.ActiveCfg = Debug|Any CPU
		{C1C6FB63-8E31-41DB-BBEB-C6341A6F1DB4}.DebugLocal|Any CPU.Build.0 = Debug|Any CPU
		{C1C6FB63-8E31-41DB-BBEB-C6341A6F1DB4}.DebugLocal|ARM.ActiveCfg = Debug|ARM
		{C1C6FB63-8E31-41DB-BBEB-C6341A6F1DB4}.DebugLocal|ARM.Build.0 = Debug|ARM
		{C1C6FB63-8E31-41DB-BBEB-C6341A6F1DB4}.DebugLocal|x64.ActiveCfg = Debug|Any CPU
		{C1C6FB63-8E31-41DB-BBEB-C6341A6F1DB4}.DebugLocal|x86.ActiveCfg = Debug|x86
		{C1C6FB63-8E31-41DB-BBEB-C6341A6F1DB4}.DebugLocal|x86.Build.0 = Debug|x86
		{C1C6FB63-8E31-41DB-BBEB-C6341A6F1DB4}.Release|Any CPU.ActiveCfg = Release|Any CPU
		{C1C6FB63-8E31-41DB-BBEB-C6341A6F1DB4}.Release|Any CPU.Build.0 = Release|Any CPU
		{C1C6FB63-8E31-41DB-BBEB-C6341A6F1DB4}.Release|ARM.ActiveCfg = Release|ARM
		{C1C6FB63-8E31-41DB-BBEB-C6341A6F1DB4}.Release|ARM.Build.0 = Release|ARM
		{C1C6FB63-8E31-41DB-BBEB-C6341A6F1DB4}.Release|x64.ActiveCfg = Release|Any CPU
		{C1C6FB63-8E31-41DB-BBEB-C6341A6F1DB4}.Release|x86.ActiveCfg = Release|x86
		{C1C6FB63-8E31-41DB-BBEB-C6341A6F1DB4}.Release|x86.Build.0 = Release|x86
		{C1C6FB63-8E31-41DB-BBEB-C6341A6F1DB4}.Staging|Any CPU.ActiveCfg = Staging|Any CPU
		{C1C6FB63-8E31-41DB-BBEB-C6341A6F1DB4}.Staging|Any CPU.Build.0 = Staging|Any CPU
		{C1C6FB63-8E31-41DB-BBEB-C6341A6F1DB4}.Staging|ARM.ActiveCfg = Staging|ARM
		{C1C6FB63-8E31-41DB-BBEB-C6341A6F1DB4}.Staging|ARM.Build.0 = Staging|ARM
		{C1C6FB63-8E31-41DB-BBEB-C6341A6F1DB4}.Staging|x64.ActiveCfg = Staging|Any CPU
		{C1C6FB63-8E31-41DB-BBEB-C6341A6F1DB4}.Staging|x86.ActiveCfg = Staging|x86
		{C1C6FB63-8E31-41DB-BBEB-C6341A6F1DB4}.Staging|x86.Build.0 = Staging|x86
		{1B82663B-A8AA-4E08-BDF7-9BB269D55A67}.Debug|Any CPU.ActiveCfg = Debug|Any CPU
		{1B82663B-A8AA-4E08-BDF7-9BB269D55A67}.Debug|Any CPU.Build.0 = Debug|Any CPU
		{1B82663B-A8AA-4E08-BDF7-9BB269D55A67}.Debug|Any CPU.Deploy.0 = Debug|Any CPU
		{1B82663B-A8AA-4E08-BDF7-9BB269D55A67}.Debug|ARM.ActiveCfg = Debug|ARM
		{1B82663B-A8AA-4E08-BDF7-9BB269D55A67}.Debug|ARM.Build.0 = Debug|ARM
		{1B82663B-A8AA-4E08-BDF7-9BB269D55A67}.Debug|ARM.Deploy.0 = Debug|ARM
		{1B82663B-A8AA-4E08-BDF7-9BB269D55A67}.Debug|x64.ActiveCfg = Debug|x64
		{1B82663B-A8AA-4E08-BDF7-9BB269D55A67}.Debug|x64.Build.0 = Debug|x64
		{1B82663B-A8AA-4E08-BDF7-9BB269D55A67}.Debug|x64.Deploy.0 = Debug|x64
		{1B82663B-A8AA-4E08-BDF7-9BB269D55A67}.Debug|x86.ActiveCfg = Debug|x86
		{1B82663B-A8AA-4E08-BDF7-9BB269D55A67}.Debug|x86.Build.0 = Debug|x86
		{1B82663B-A8AA-4E08-BDF7-9BB269D55A67}.Debug|x86.Deploy.0 = Debug|x86
		{1B82663B-A8AA-4E08-BDF7-9BB269D55A67}.DebugLocal|Any CPU.ActiveCfg = Debug|Any CPU
		{1B82663B-A8AA-4E08-BDF7-9BB269D55A67}.DebugLocal|Any CPU.Build.0 = Debug|Any CPU
		{1B82663B-A8AA-4E08-BDF7-9BB269D55A67}.DebugLocal|Any CPU.Deploy.0 = Debug|Any CPU
		{1B82663B-A8AA-4E08-BDF7-9BB269D55A67}.DebugLocal|ARM.ActiveCfg = Debug|ARM
		{1B82663B-A8AA-4E08-BDF7-9BB269D55A67}.DebugLocal|ARM.Build.0 = Debug|ARM
		{1B82663B-A8AA-4E08-BDF7-9BB269D55A67}.DebugLocal|ARM.Deploy.0 = Debug|ARM
		{1B82663B-A8AA-4E08-BDF7-9BB269D55A67}.DebugLocal|x64.ActiveCfg = Debug|x64
		{1B82663B-A8AA-4E08-BDF7-9BB269D55A67}.DebugLocal|x64.Build.0 = Debug|x64
		{1B82663B-A8AA-4E08-BDF7-9BB269D55A67}.DebugLocal|x64.Deploy.0 = Debug|x64
		{1B82663B-A8AA-4E08-BDF7-9BB269D55A67}.DebugLocal|x86.ActiveCfg = Debug|x86
		{1B82663B-A8AA-4E08-BDF7-9BB269D55A67}.DebugLocal|x86.Build.0 = Debug|x86
		{1B82663B-A8AA-4E08-BDF7-9BB269D55A67}.DebugLocal|x86.Deploy.0 = Debug|x86
		{1B82663B-A8AA-4E08-BDF7-9BB269D55A67}.Release|Any CPU.ActiveCfg = Release|Any CPU
		{1B82663B-A8AA-4E08-BDF7-9BB269D55A67}.Release|Any CPU.Build.0 = Release|Any CPU
		{1B82663B-A8AA-4E08-BDF7-9BB269D55A67}.Release|Any CPU.Deploy.0 = Release|Any CPU
		{1B82663B-A8AA-4E08-BDF7-9BB269D55A67}.Release|ARM.ActiveCfg = Release|ARM
		{1B82663B-A8AA-4E08-BDF7-9BB269D55A67}.Release|ARM.Build.0 = Release|ARM
		{1B82663B-A8AA-4E08-BDF7-9BB269D55A67}.Release|ARM.Deploy.0 = Release|ARM
		{1B82663B-A8AA-4E08-BDF7-9BB269D55A67}.Release|x64.ActiveCfg = Release|x64
		{1B82663B-A8AA-4E08-BDF7-9BB269D55A67}.Release|x64.Build.0 = Release|x64
		{1B82663B-A8AA-4E08-BDF7-9BB269D55A67}.Release|x64.Deploy.0 = Release|x64
		{1B82663B-A8AA-4E08-BDF7-9BB269D55A67}.Release|x86.ActiveCfg = Release|x86
		{1B82663B-A8AA-4E08-BDF7-9BB269D55A67}.Release|x86.Build.0 = Release|x86
		{1B82663B-A8AA-4E08-BDF7-9BB269D55A67}.Release|x86.Deploy.0 = Release|x86
		{1B82663B-A8AA-4E08-BDF7-9BB269D55A67}.Staging|Any CPU.ActiveCfg = Staging|Any CPU
		{1B82663B-A8AA-4E08-BDF7-9BB269D55A67}.Staging|Any CPU.Build.0 = Staging|Any CPU
		{1B82663B-A8AA-4E08-BDF7-9BB269D55A67}.Staging|Any CPU.Deploy.0 = Staging|Any CPU
		{1B82663B-A8AA-4E08-BDF7-9BB269D55A67}.Staging|ARM.ActiveCfg = Staging|ARM
		{1B82663B-A8AA-4E08-BDF7-9BB269D55A67}.Staging|ARM.Build.0 = Staging|ARM
		{1B82663B-A8AA-4E08-BDF7-9BB269D55A67}.Staging|ARM.Deploy.0 = Staging|ARM
		{1B82663B-A8AA-4E08-BDF7-9BB269D55A67}.Staging|x64.ActiveCfg = Staging|x64
		{1B82663B-A8AA-4E08-BDF7-9BB269D55A67}.Staging|x64.Build.0 = Staging|x64
		{1B82663B-A8AA-4E08-BDF7-9BB269D55A67}.Staging|x64.Deploy.0 = Staging|x64
		{1B82663B-A8AA-4E08-BDF7-9BB269D55A67}.Staging|x86.ActiveCfg = Staging|x86
		{1B82663B-A8AA-4E08-BDF7-9BB269D55A67}.Staging|x86.Build.0 = Staging|x86
		{1B82663B-A8AA-4E08-BDF7-9BB269D55A67}.Staging|x86.Deploy.0 = Staging|x86
		{282C3D8B-E643-4C90-A46A-A119EA2903EE}.Debug|Any CPU.ActiveCfg = Debug|Any CPU
		{282C3D8B-E643-4C90-A46A-A119EA2903EE}.Debug|Any CPU.Build.0 = Debug|Any CPU
		{282C3D8B-E643-4C90-A46A-A119EA2903EE}.Debug|ARM.ActiveCfg = Debug|ARM
		{282C3D8B-E643-4C90-A46A-A119EA2903EE}.Debug|ARM.Build.0 = Debug|ARM
		{282C3D8B-E643-4C90-A46A-A119EA2903EE}.Debug|ARM.Deploy.0 = Debug|ARM
		{282C3D8B-E643-4C90-A46A-A119EA2903EE}.Debug|x64.ActiveCfg = Debug|Any CPU
		{282C3D8B-E643-4C90-A46A-A119EA2903EE}.Debug|x86.ActiveCfg = Debug|x86
		{282C3D8B-E643-4C90-A46A-A119EA2903EE}.Debug|x86.Build.0 = Debug|x86
		{282C3D8B-E643-4C90-A46A-A119EA2903EE}.Debug|x86.Deploy.0 = Debug|x86
		{282C3D8B-E643-4C90-A46A-A119EA2903EE}.DebugLocal|Any CPU.ActiveCfg = Debug|Any CPU
		{282C3D8B-E643-4C90-A46A-A119EA2903EE}.DebugLocal|Any CPU.Build.0 = Debug|Any CPU
		{282C3D8B-E643-4C90-A46A-A119EA2903EE}.DebugLocal|Any CPU.Deploy.0 = Debug|Any CPU
		{282C3D8B-E643-4C90-A46A-A119EA2903EE}.DebugLocal|ARM.ActiveCfg = Debug|ARM
		{282C3D8B-E643-4C90-A46A-A119EA2903EE}.DebugLocal|ARM.Build.0 = Debug|ARM
		{282C3D8B-E643-4C90-A46A-A119EA2903EE}.DebugLocal|ARM.Deploy.0 = Debug|ARM
		{282C3D8B-E643-4C90-A46A-A119EA2903EE}.DebugLocal|x64.ActiveCfg = Debug|Any CPU
		{282C3D8B-E643-4C90-A46A-A119EA2903EE}.DebugLocal|x86.ActiveCfg = Debug|x86
		{282C3D8B-E643-4C90-A46A-A119EA2903EE}.DebugLocal|x86.Build.0 = Debug|x86
		{282C3D8B-E643-4C90-A46A-A119EA2903EE}.DebugLocal|x86.Deploy.0 = Debug|x86
		{282C3D8B-E643-4C90-A46A-A119EA2903EE}.Release|Any CPU.ActiveCfg = Release|Any CPU
		{282C3D8B-E643-4C90-A46A-A119EA2903EE}.Release|Any CPU.Build.0 = Release|Any CPU
		{282C3D8B-E643-4C90-A46A-A119EA2903EE}.Release|ARM.ActiveCfg = Release|ARM
		{282C3D8B-E643-4C90-A46A-A119EA2903EE}.Release|ARM.Build.0 = Release|ARM
		{282C3D8B-E643-4C90-A46A-A119EA2903EE}.Release|ARM.Deploy.0 = Release|ARM
		{282C3D8B-E643-4C90-A46A-A119EA2903EE}.Release|x64.ActiveCfg = Release|Any CPU
		{282C3D8B-E643-4C90-A46A-A119EA2903EE}.Release|x86.ActiveCfg = Release|x86
		{282C3D8B-E643-4C90-A46A-A119EA2903EE}.Release|x86.Build.0 = Release|x86
		{282C3D8B-E643-4C90-A46A-A119EA2903EE}.Release|x86.Deploy.0 = Release|x86
		{282C3D8B-E643-4C90-A46A-A119EA2903EE}.Staging|Any CPU.ActiveCfg = Staging|Any CPU
		{282C3D8B-E643-4C90-A46A-A119EA2903EE}.Staging|Any CPU.Build.0 = Staging|Any CPU
		{282C3D8B-E643-4C90-A46A-A119EA2903EE}.Staging|Any CPU.Deploy.0 = Staging|Any CPU
		{282C3D8B-E643-4C90-A46A-A119EA2903EE}.Staging|ARM.ActiveCfg = Staging|ARM
		{282C3D8B-E643-4C90-A46A-A119EA2903EE}.Staging|ARM.Build.0 = Staging|ARM
		{282C3D8B-E643-4C90-A46A-A119EA2903EE}.Staging|ARM.Deploy.0 = Staging|ARM
		{282C3D8B-E643-4C90-A46A-A119EA2903EE}.Staging|x64.ActiveCfg = Staging|Any CPU
		{282C3D8B-E643-4C90-A46A-A119EA2903EE}.Staging|x86.ActiveCfg = Staging|x86
		{282C3D8B-E643-4C90-A46A-A119EA2903EE}.Staging|x86.Build.0 = Staging|x86
		{282C3D8B-E643-4C90-A46A-A119EA2903EE}.Staging|x86.Deploy.0 = Staging|x86
		{A56CC59A-9D26-417D-B4B0-8B871B15F7C3}.Debug|Any CPU.ActiveCfg = Debug|Any CPU
		{A56CC59A-9D26-417D-B4B0-8B871B15F7C3}.Debug|Any CPU.Build.0 = Debug|Any CPU
		{A56CC59A-9D26-417D-B4B0-8B871B15F7C3}.Debug|ARM.ActiveCfg = Debug|Any CPU
		{A56CC59A-9D26-417D-B4B0-8B871B15F7C3}.Debug|x64.ActiveCfg = Debug|Any CPU
		{A56CC59A-9D26-417D-B4B0-8B871B15F7C3}.Debug|x86.ActiveCfg = Debug|Any CPU
		{A56CC59A-9D26-417D-B4B0-8B871B15F7C3}.DebugLocal|Any CPU.ActiveCfg = Debug|Any CPU
		{A56CC59A-9D26-417D-B4B0-8B871B15F7C3}.DebugLocal|Any CPU.Build.0 = Debug|Any CPU
		{A56CC59A-9D26-417D-B4B0-8B871B15F7C3}.DebugLocal|ARM.ActiveCfg = Debug|Any CPU
		{A56CC59A-9D26-417D-B4B0-8B871B15F7C3}.DebugLocal|x64.ActiveCfg = Debug|Any CPU
		{A56CC59A-9D26-417D-B4B0-8B871B15F7C3}.DebugLocal|x86.ActiveCfg = Debug|Any CPU
		{A56CC59A-9D26-417D-B4B0-8B871B15F7C3}.Release|Any CPU.ActiveCfg = Release|Any CPU
		{A56CC59A-9D26-417D-B4B0-8B871B15F7C3}.Release|Any CPU.Build.0 = Release|Any CPU
		{A56CC59A-9D26-417D-B4B0-8B871B15F7C3}.Release|ARM.ActiveCfg = Release|Any CPU
		{A56CC59A-9D26-417D-B4B0-8B871B15F7C3}.Release|x64.ActiveCfg = Release|Any CPU
		{A56CC59A-9D26-417D-B4B0-8B871B15F7C3}.Release|x86.ActiveCfg = Release|Any CPU
		{A56CC59A-9D26-417D-B4B0-8B871B15F7C3}.Staging|Any CPU.ActiveCfg = Staging|Any CPU
		{A56CC59A-9D26-417D-B4B0-8B871B15F7C3}.Staging|Any CPU.Build.0 = Staging|Any CPU
		{A56CC59A-9D26-417D-B4B0-8B871B15F7C3}.Staging|ARM.ActiveCfg = Staging|Any CPU
		{A56CC59A-9D26-417D-B4B0-8B871B15F7C3}.Staging|x64.ActiveCfg = Staging|Any CPU
		{A56CC59A-9D26-417D-B4B0-8B871B15F7C3}.Staging|x86.ActiveCfg = Staging|Any CPU
		{9242E3C1-C5F2-4520-8454-DA1E6C096F0B}.Debug|Any CPU.ActiveCfg = Debug|Any CPU
		{9242E3C1-C5F2-4520-8454-DA1E6C096F0B}.Debug|Any CPU.Build.0 = Debug|Any CPU
		{9242E3C1-C5F2-4520-8454-DA1E6C096F0B}.Debug|ARM.ActiveCfg = Debug|ARM
		{9242E3C1-C5F2-4520-8454-DA1E6C096F0B}.Debug|ARM.Build.0 = Debug|ARM
		{9242E3C1-C5F2-4520-8454-DA1E6C096F0B}.Debug|ARM.Deploy.0 = Debug|ARM
		{9242E3C1-C5F2-4520-8454-DA1E6C096F0B}.Debug|x64.ActiveCfg = Debug|x64
		{9242E3C1-C5F2-4520-8454-DA1E6C096F0B}.Debug|x64.Build.0 = Debug|x64
		{9242E3C1-C5F2-4520-8454-DA1E6C096F0B}.Debug|x64.Deploy.0 = Debug|x64
		{9242E3C1-C5F2-4520-8454-DA1E6C096F0B}.Debug|x86.ActiveCfg = Debug|x86
		{9242E3C1-C5F2-4520-8454-DA1E6C096F0B}.Debug|x86.Build.0 = Debug|x86
		{9242E3C1-C5F2-4520-8454-DA1E6C096F0B}.Debug|x86.Deploy.0 = Debug|x86
		{9242E3C1-C5F2-4520-8454-DA1E6C096F0B}.DebugLocal|Any CPU.ActiveCfg = Debug|Any CPU
		{9242E3C1-C5F2-4520-8454-DA1E6C096F0B}.DebugLocal|Any CPU.Build.0 = Debug|Any CPU
		{9242E3C1-C5F2-4520-8454-DA1E6C096F0B}.DebugLocal|Any CPU.Deploy.0 = Debug|Any CPU
		{9242E3C1-C5F2-4520-8454-DA1E6C096F0B}.DebugLocal|ARM.ActiveCfg = Debug|ARM
		{9242E3C1-C5F2-4520-8454-DA1E6C096F0B}.DebugLocal|ARM.Build.0 = Debug|ARM
		{9242E3C1-C5F2-4520-8454-DA1E6C096F0B}.DebugLocal|ARM.Deploy.0 = Debug|ARM
		{9242E3C1-C5F2-4520-8454-DA1E6C096F0B}.DebugLocal|x64.ActiveCfg = Debug|x64
		{9242E3C1-C5F2-4520-8454-DA1E6C096F0B}.DebugLocal|x64.Build.0 = Debug|x64
		{9242E3C1-C5F2-4520-8454-DA1E6C096F0B}.DebugLocal|x64.Deploy.0 = Debug|x64
		{9242E3C1-C5F2-4520-8454-DA1E6C096F0B}.DebugLocal|x86.ActiveCfg = Debug|x86
		{9242E3C1-C5F2-4520-8454-DA1E6C096F0B}.DebugLocal|x86.Build.0 = Debug|x86
		{9242E3C1-C5F2-4520-8454-DA1E6C096F0B}.DebugLocal|x86.Deploy.0 = Debug|x86
		{9242E3C1-C5F2-4520-8454-DA1E6C096F0B}.Release|Any CPU.ActiveCfg = Release|Any CPU
		{9242E3C1-C5F2-4520-8454-DA1E6C096F0B}.Release|Any CPU.Build.0 = Release|Any CPU
		{9242E3C1-C5F2-4520-8454-DA1E6C096F0B}.Release|ARM.ActiveCfg = Release|ARM
		{9242E3C1-C5F2-4520-8454-DA1E6C096F0B}.Release|ARM.Build.0 = Release|ARM
		{9242E3C1-C5F2-4520-8454-DA1E6C096F0B}.Release|ARM.Deploy.0 = Release|ARM
		{9242E3C1-C5F2-4520-8454-DA1E6C096F0B}.Release|x64.ActiveCfg = Release|x64
		{9242E3C1-C5F2-4520-8454-DA1E6C096F0B}.Release|x64.Build.0 = Release|x64
		{9242E3C1-C5F2-4520-8454-DA1E6C096F0B}.Release|x64.Deploy.0 = Release|x64
		{9242E3C1-C5F2-4520-8454-DA1E6C096F0B}.Release|x86.ActiveCfg = Release|x86
		{9242E3C1-C5F2-4520-8454-DA1E6C096F0B}.Release|x86.Build.0 = Release|x86
		{9242E3C1-C5F2-4520-8454-DA1E6C096F0B}.Release|x86.Deploy.0 = Release|x86
		{9242E3C1-C5F2-4520-8454-DA1E6C096F0B}.Staging|Any CPU.ActiveCfg = Staging|Any CPU
		{9242E3C1-C5F2-4520-8454-DA1E6C096F0B}.Staging|Any CPU.Build.0 = Staging|Any CPU
		{9242E3C1-C5F2-4520-8454-DA1E6C096F0B}.Staging|Any CPU.Deploy.0 = Staging|Any CPU
		{9242E3C1-C5F2-4520-8454-DA1E6C096F0B}.Staging|ARM.ActiveCfg = Staging|ARM
		{9242E3C1-C5F2-4520-8454-DA1E6C096F0B}.Staging|ARM.Build.0 = Staging|ARM
		{9242E3C1-C5F2-4520-8454-DA1E6C096F0B}.Staging|ARM.Deploy.0 = Staging|ARM
		{9242E3C1-C5F2-4520-8454-DA1E6C096F0B}.Staging|x64.ActiveCfg = Staging|x64
		{9242E3C1-C5F2-4520-8454-DA1E6C096F0B}.Staging|x64.Build.0 = Staging|x64
		{9242E3C1-C5F2-4520-8454-DA1E6C096F0B}.Staging|x64.Deploy.0 = Staging|x64
		{9242E3C1-C5F2-4520-8454-DA1E6C096F0B}.Staging|x86.ActiveCfg = Staging|x86
		{9242E3C1-C5F2-4520-8454-DA1E6C096F0B}.Staging|x86.Build.0 = Staging|x86
		{9242E3C1-C5F2-4520-8454-DA1E6C096F0B}.Staging|x86.Deploy.0 = Staging|x86
		{3BC31396-EFBA-42D4-AA31-F4ACE96B9023}.Debug|Any CPU.ActiveCfg = Debug|Any CPU
		{3BC31396-EFBA-42D4-AA31-F4ACE96B9023}.Debug|Any CPU.Build.0 = Debug|Any CPU
		{3BC31396-EFBA-42D4-AA31-F4ACE96B9023}.Debug|ARM.ActiveCfg = Debug|Any CPU
		{3BC31396-EFBA-42D4-AA31-F4ACE96B9023}.Debug|x64.ActiveCfg = Debug|Any CPU
		{3BC31396-EFBA-42D4-AA31-F4ACE96B9023}.Debug|x86.ActiveCfg = Debug|Any CPU
		{3BC31396-EFBA-42D4-AA31-F4ACE96B9023}.DebugLocal|Any CPU.ActiveCfg = Debug|Any CPU
		{3BC31396-EFBA-42D4-AA31-F4ACE96B9023}.DebugLocal|Any CPU.Build.0 = Debug|Any CPU
		{3BC31396-EFBA-42D4-AA31-F4ACE96B9023}.DebugLocal|ARM.ActiveCfg = Debug|Any CPU
		{3BC31396-EFBA-42D4-AA31-F4ACE96B9023}.DebugLocal|x64.ActiveCfg = Debug|Any CPU
		{3BC31396-EFBA-42D4-AA31-F4ACE96B9023}.DebugLocal|x86.ActiveCfg = Debug|Any CPU
		{3BC31396-EFBA-42D4-AA31-F4ACE96B9023}.Release|Any CPU.ActiveCfg = Release|Any CPU
		{3BC31396-EFBA-42D4-AA31-F4ACE96B9023}.Release|Any CPU.Build.0 = Release|Any CPU
		{3BC31396-EFBA-42D4-AA31-F4ACE96B9023}.Release|ARM.ActiveCfg = Release|Any CPU
		{3BC31396-EFBA-42D4-AA31-F4ACE96B9023}.Release|x64.ActiveCfg = Release|Any CPU
		{3BC31396-EFBA-42D4-AA31-F4ACE96B9023}.Release|x86.ActiveCfg = Release|Any CPU
		{3BC31396-EFBA-42D4-AA31-F4ACE96B9023}.Staging|Any CPU.ActiveCfg = Staging|Any CPU
		{3BC31396-EFBA-42D4-AA31-F4ACE96B9023}.Staging|Any CPU.Build.0 = Staging|Any CPU
		{3BC31396-EFBA-42D4-AA31-F4ACE96B9023}.Staging|ARM.ActiveCfg = Staging|Any CPU
		{3BC31396-EFBA-42D4-AA31-F4ACE96B9023}.Staging|x64.ActiveCfg = Staging|Any CPU
		{3BC31396-EFBA-42D4-AA31-F4ACE96B9023}.Staging|x86.ActiveCfg = Staging|Any CPU
		{B47996BA-592E-41C2-850B-37C4B7041055}.Debug|Any CPU.ActiveCfg = Debug|Any CPU
		{B47996BA-592E-41C2-850B-37C4B7041055}.Debug|Any CPU.Build.0 = Debug|Any CPU
		{B47996BA-592E-41C2-850B-37C4B7041055}.Debug|ARM.ActiveCfg = Debug|Any CPU
		{B47996BA-592E-41C2-850B-37C4B7041055}.Debug|x64.ActiveCfg = Debug|Any CPU
		{B47996BA-592E-41C2-850B-37C4B7041055}.Debug|x86.ActiveCfg = Debug|Any CPU
		{B47996BA-592E-41C2-850B-37C4B7041055}.DebugLocal|Any CPU.ActiveCfg = Debug|Any CPU
		{B47996BA-592E-41C2-850B-37C4B7041055}.DebugLocal|Any CPU.Build.0 = Debug|Any CPU
		{B47996BA-592E-41C2-850B-37C4B7041055}.DebugLocal|ARM.ActiveCfg = Debug|Any CPU
		{B47996BA-592E-41C2-850B-37C4B7041055}.DebugLocal|x64.ActiveCfg = Debug|Any CPU
		{B47996BA-592E-41C2-850B-37C4B7041055}.DebugLocal|x86.ActiveCfg = Debug|Any CPU
		{B47996BA-592E-41C2-850B-37C4B7041055}.Release|Any CPU.ActiveCfg = Release|Any CPU
		{B47996BA-592E-41C2-850B-37C4B7041055}.Release|Any CPU.Build.0 = Release|Any CPU
		{B47996BA-592E-41C2-850B-37C4B7041055}.Release|ARM.ActiveCfg = Release|Any CPU
		{B47996BA-592E-41C2-850B-37C4B7041055}.Release|x64.ActiveCfg = Release|Any CPU
		{B47996BA-592E-41C2-850B-37C4B7041055}.Release|x86.ActiveCfg = Release|Any CPU
		{B47996BA-592E-41C2-850B-37C4B7041055}.Staging|Any CPU.ActiveCfg = Staging|Any CPU
		{B47996BA-592E-41C2-850B-37C4B7041055}.Staging|Any CPU.Build.0 = Staging|Any CPU
		{B47996BA-592E-41C2-850B-37C4B7041055}.Staging|ARM.ActiveCfg = Staging|Any CPU
		{B47996BA-592E-41C2-850B-37C4B7041055}.Staging|x64.ActiveCfg = Staging|Any CPU
		{B47996BA-592E-41C2-850B-37C4B7041055}.Staging|x86.ActiveCfg = Staging|Any CPU
		{9B88CF6A-2340-4452-8E47-91A142430176}.Debug|Any CPU.ActiveCfg = Debug|Any CPU
		{9B88CF6A-2340-4452-8E47-91A142430176}.Debug|Any CPU.Build.0 = Debug|Any CPU
		{9B88CF6A-2340-4452-8E47-91A142430176}.Debug|ARM.ActiveCfg = Debug|Any CPU
		{9B88CF6A-2340-4452-8E47-91A142430176}.Debug|x64.ActiveCfg = Debug|Any CPU
		{9B88CF6A-2340-4452-8E47-91A142430176}.Debug|x86.ActiveCfg = Debug|Any CPU
		{9B88CF6A-2340-4452-8E47-91A142430176}.DebugLocal|Any CPU.ActiveCfg = Debug|Any CPU
		{9B88CF6A-2340-4452-8E47-91A142430176}.DebugLocal|ARM.ActiveCfg = Debug|Any CPU
		{9B88CF6A-2340-4452-8E47-91A142430176}.DebugLocal|x64.ActiveCfg = Debug|Any CPU
		{9B88CF6A-2340-4452-8E47-91A142430176}.DebugLocal|x86.ActiveCfg = Debug|Any CPU
		{9B88CF6A-2340-4452-8E47-91A142430176}.Release|Any CPU.ActiveCfg = Release|Any CPU
		{9B88CF6A-2340-4452-8E47-91A142430176}.Release|Any CPU.Build.0 = Release|Any CPU
		{9B88CF6A-2340-4452-8E47-91A142430176}.Release|ARM.ActiveCfg = Release|Any CPU
		{9B88CF6A-2340-4452-8E47-91A142430176}.Release|x64.ActiveCfg = Release|Any CPU
		{9B88CF6A-2340-4452-8E47-91A142430176}.Release|x86.ActiveCfg = Release|Any CPU
		{9B88CF6A-2340-4452-8E47-91A142430176}.Staging|Any CPU.ActiveCfg = Staging|Any CPU
		{9B88CF6A-2340-4452-8E47-91A142430176}.Staging|Any CPU.Build.0 = Staging|Any CPU
		{9B88CF6A-2340-4452-8E47-91A142430176}.Staging|ARM.ActiveCfg = Staging|Any CPU
		{9B88CF6A-2340-4452-8E47-91A142430176}.Staging|x64.ActiveCfg = Staging|Any CPU
		{9B88CF6A-2340-4452-8E47-91A142430176}.Staging|x86.ActiveCfg = Staging|Any CPU
		{0190854E-3553-4A97-B944-C083A67FB5C9}.Debug|Any CPU.ActiveCfg = Debug|Any CPU
		{0190854E-3553-4A97-B944-C083A67FB5C9}.Debug|Any CPU.Build.0 = Debug|Any CPU
		{0190854E-3553-4A97-B944-C083A67FB5C9}.Debug|ARM.ActiveCfg = Debug|ARM
		{0190854E-3553-4A97-B944-C083A67FB5C9}.Debug|ARM.Build.0 = Debug|ARM
		{0190854E-3553-4A97-B944-C083A67FB5C9}.Debug|x64.ActiveCfg = Debug|x64
		{0190854E-3553-4A97-B944-C083A67FB5C9}.Debug|x64.Build.0 = Debug|x64
		{0190854E-3553-4A97-B944-C083A67FB5C9}.Debug|x86.ActiveCfg = Debug|x86
		{0190854E-3553-4A97-B944-C083A67FB5C9}.Debug|x86.Build.0 = Debug|x86
		{0190854E-3553-4A97-B944-C083A67FB5C9}.DebugLocal|Any CPU.ActiveCfg = Debug|Any CPU
		{0190854E-3553-4A97-B944-C083A67FB5C9}.DebugLocal|Any CPU.Build.0 = Debug|Any CPU
		{0190854E-3553-4A97-B944-C083A67FB5C9}.DebugLocal|ARM.ActiveCfg = Debug|ARM
		{0190854E-3553-4A97-B944-C083A67FB5C9}.DebugLocal|ARM.Build.0 = Debug|ARM
		{0190854E-3553-4A97-B944-C083A67FB5C9}.DebugLocal|x64.ActiveCfg = Debug|x64
		{0190854E-3553-4A97-B944-C083A67FB5C9}.DebugLocal|x64.Build.0 = Debug|x64
		{0190854E-3553-4A97-B944-C083A67FB5C9}.DebugLocal|x86.ActiveCfg = Debug|x86
		{0190854E-3553-4A97-B944-C083A67FB5C9}.DebugLocal|x86.Build.0 = Debug|x86
		{0190854E-3553-4A97-B944-C083A67FB5C9}.Release|Any CPU.ActiveCfg = Release|Any CPU
		{0190854E-3553-4A97-B944-C083A67FB5C9}.Release|Any CPU.Build.0 = Release|Any CPU
		{0190854E-3553-4A97-B944-C083A67FB5C9}.Release|ARM.ActiveCfg = Release|ARM
		{0190854E-3553-4A97-B944-C083A67FB5C9}.Release|ARM.Build.0 = Release|ARM
		{0190854E-3553-4A97-B944-C083A67FB5C9}.Release|x64.ActiveCfg = Release|x64
		{0190854E-3553-4A97-B944-C083A67FB5C9}.Release|x64.Build.0 = Release|x64
		{0190854E-3553-4A97-B944-C083A67FB5C9}.Release|x86.ActiveCfg = Release|x86
		{0190854E-3553-4A97-B944-C083A67FB5C9}.Release|x86.Build.0 = Release|x86
		{0190854E-3553-4A97-B944-C083A67FB5C9}.Staging|Any CPU.ActiveCfg = Staging|Any CPU
		{0190854E-3553-4A97-B944-C083A67FB5C9}.Staging|Any CPU.Build.0 = Staging|Any CPU
		{0190854E-3553-4A97-B944-C083A67FB5C9}.Staging|ARM.ActiveCfg = Staging|ARM
		{0190854E-3553-4A97-B944-C083A67FB5C9}.Staging|ARM.Build.0 = Staging|ARM
		{0190854E-3553-4A97-B944-C083A67FB5C9}.Staging|x64.ActiveCfg = Staging|x64
		{0190854E-3553-4A97-B944-C083A67FB5C9}.Staging|x64.Build.0 = Staging|x64
		{0190854E-3553-4A97-B944-C083A67FB5C9}.Staging|x86.ActiveCfg = Staging|x86
		{0190854E-3553-4A97-B944-C083A67FB5C9}.Staging|x86.Build.0 = Staging|x86
		{0D68F335-4666-41BD-84FC-22E941D23659}.Debug|Any CPU.ActiveCfg = Debug|Any CPU
		{0D68F335-4666-41BD-84FC-22E941D23659}.Debug|Any CPU.Build.0 = Debug|Any CPU
		{0D68F335-4666-41BD-84FC-22E941D23659}.Debug|ARM.ActiveCfg = Debug|ARM
		{0D68F335-4666-41BD-84FC-22E941D23659}.Debug|ARM.Build.0 = Debug|ARM
		{0D68F335-4666-41BD-84FC-22E941D23659}.Debug|x64.ActiveCfg = Debug|Any CPU
		{0D68F335-4666-41BD-84FC-22E941D23659}.Debug|x86.ActiveCfg = Debug|x86
		{0D68F335-4666-41BD-84FC-22E941D23659}.Debug|x86.Build.0 = Debug|x86
		{0D68F335-4666-41BD-84FC-22E941D23659}.DebugLocal|Any CPU.ActiveCfg = Debug|Any CPU
		{0D68F335-4666-41BD-84FC-22E941D23659}.DebugLocal|Any CPU.Build.0 = Debug|Any CPU
		{0D68F335-4666-41BD-84FC-22E941D23659}.DebugLocal|ARM.ActiveCfg = Debug|ARM
		{0D68F335-4666-41BD-84FC-22E941D23659}.DebugLocal|ARM.Build.0 = Debug|ARM
		{0D68F335-4666-41BD-84FC-22E941D23659}.DebugLocal|x64.ActiveCfg = Debug|Any CPU
		{0D68F335-4666-41BD-84FC-22E941D23659}.DebugLocal|x86.ActiveCfg = Debug|x86
		{0D68F335-4666-41BD-84FC-22E941D23659}.DebugLocal|x86.Build.0 = Debug|x86
		{0D68F335-4666-41BD-84FC-22E941D23659}.Release|Any CPU.ActiveCfg = Release|Any CPU
		{0D68F335-4666-41BD-84FC-22E941D23659}.Release|Any CPU.Build.0 = Release|Any CPU
		{0D68F335-4666-41BD-84FC-22E941D23659}.Release|ARM.ActiveCfg = Release|ARM
		{0D68F335-4666-41BD-84FC-22E941D23659}.Release|ARM.Build.0 = Release|ARM
		{0D68F335-4666-41BD-84FC-22E941D23659}.Release|x64.ActiveCfg = Release|Any CPU
		{0D68F335-4666-41BD-84FC-22E941D23659}.Release|x86.ActiveCfg = Release|x86
		{0D68F335-4666-41BD-84FC-22E941D23659}.Release|x86.Build.0 = Release|x86
		{0D68F335-4666-41BD-84FC-22E941D23659}.Staging|Any CPU.ActiveCfg = Staging|Any CPU
		{0D68F335-4666-41BD-84FC-22E941D23659}.Staging|Any CPU.Build.0 = Staging|Any CPU
		{0D68F335-4666-41BD-84FC-22E941D23659}.Staging|ARM.ActiveCfg = Staging|ARM
		{0D68F335-4666-41BD-84FC-22E941D23659}.Staging|ARM.Build.0 = Staging|ARM
		{0D68F335-4666-41BD-84FC-22E941D23659}.Staging|x64.ActiveCfg = Staging|Any CPU
		{0D68F335-4666-41BD-84FC-22E941D23659}.Staging|x86.ActiveCfg = Staging|x86
		{0D68F335-4666-41BD-84FC-22E941D23659}.Staging|x86.Build.0 = Staging|x86
		{49482B9C-3B93-41B3-B895-46C30F0D7316}.Debug|Any CPU.ActiveCfg = Debug|Any CPU
		{49482B9C-3B93-41B3-B895-46C30F0D7316}.Debug|Any CPU.Build.0 = Debug|Any CPU
		{49482B9C-3B93-41B3-B895-46C30F0D7316}.Debug|ARM.ActiveCfg = Debug|Any CPU
		{49482B9C-3B93-41B3-B895-46C30F0D7316}.Debug|x64.ActiveCfg = Debug|Any CPU
		{49482B9C-3B93-41B3-B895-46C30F0D7316}.Debug|x86.ActiveCfg = Debug|Any CPU
		{49482B9C-3B93-41B3-B895-46C30F0D7316}.DebugLocal|Any CPU.ActiveCfg = Debug|Any CPU
		{49482B9C-3B93-41B3-B895-46C30F0D7316}.DebugLocal|Any CPU.Build.0 = Debug|Any CPU
		{49482B9C-3B93-41B3-B895-46C30F0D7316}.DebugLocal|ARM.ActiveCfg = Debug|Any CPU
		{49482B9C-3B93-41B3-B895-46C30F0D7316}.DebugLocal|x64.ActiveCfg = Debug|Any CPU
		{49482B9C-3B93-41B3-B895-46C30F0D7316}.DebugLocal|x86.ActiveCfg = Debug|Any CPU
		{49482B9C-3B93-41B3-B895-46C30F0D7316}.Release|Any CPU.ActiveCfg = Release|Any CPU
		{49482B9C-3B93-41B3-B895-46C30F0D7316}.Release|Any CPU.Build.0 = Release|Any CPU
		{49482B9C-3B93-41B3-B895-46C30F0D7316}.Release|ARM.ActiveCfg = Release|Any CPU
		{49482B9C-3B93-41B3-B895-46C30F0D7316}.Release|x64.ActiveCfg = Release|Any CPU
		{49482B9C-3B93-41B3-B895-46C30F0D7316}.Release|x86.ActiveCfg = Release|Any CPU
		{49482B9C-3B93-41B3-B895-46C30F0D7316}.Staging|Any CPU.ActiveCfg = Staging|Any CPU
		{49482B9C-3B93-41B3-B895-46C30F0D7316}.Staging|Any CPU.Build.0 = Staging|Any CPU
		{49482B9C-3B93-41B3-B895-46C30F0D7316}.Staging|ARM.ActiveCfg = Staging|Any CPU
		{49482B9C-3B93-41B3-B895-46C30F0D7316}.Staging|x64.ActiveCfg = Staging|Any CPU
		{49482B9C-3B93-41B3-B895-46C30F0D7316}.Staging|x86.ActiveCfg = Staging|Any CPU
		{2B81B005-F72B-4ABE-8F00-C74F461CC5A5}.Debug|Any CPU.ActiveCfg = Debug|Any CPU
		{2B81B005-F72B-4ABE-8F00-C74F461CC5A5}.Debug|Any CPU.Build.0 = Debug|Any CPU
		{2B81B005-F72B-4ABE-8F00-C74F461CC5A5}.Debug|ARM.ActiveCfg = Debug|Any CPU
		{2B81B005-F72B-4ABE-8F00-C74F461CC5A5}.Debug|x64.ActiveCfg = Debug|Any CPU
		{2B81B005-F72B-4ABE-8F00-C74F461CC5A5}.Debug|x86.ActiveCfg = Debug|Any CPU
		{2B81B005-F72B-4ABE-8F00-C74F461CC5A5}.DebugLocal|Any CPU.ActiveCfg = Debug|Any CPU
		{2B81B005-F72B-4ABE-8F00-C74F461CC5A5}.DebugLocal|Any CPU.Build.0 = Debug|Any CPU
		{2B81B005-F72B-4ABE-8F00-C74F461CC5A5}.DebugLocal|ARM.ActiveCfg = Debug|Any CPU
		{2B81B005-F72B-4ABE-8F00-C74F461CC5A5}.DebugLocal|x64.ActiveCfg = Debug|Any CPU
		{2B81B005-F72B-4ABE-8F00-C74F461CC5A5}.DebugLocal|x86.ActiveCfg = Debug|Any CPU
		{2B81B005-F72B-4ABE-8F00-C74F461CC5A5}.Release|Any CPU.ActiveCfg = Release|Any CPU
		{2B81B005-F72B-4ABE-8F00-C74F461CC5A5}.Release|Any CPU.Build.0 = Release|Any CPU
		{2B81B005-F72B-4ABE-8F00-C74F461CC5A5}.Release|ARM.ActiveCfg = Release|Any CPU
		{2B81B005-F72B-4ABE-8F00-C74F461CC5A5}.Release|x64.ActiveCfg = Release|Any CPU
		{2B81B005-F72B-4ABE-8F00-C74F461CC5A5}.Release|x86.ActiveCfg = Release|Any CPU
		{2B81B005-F72B-4ABE-8F00-C74F461CC5A5}.Staging|Any CPU.ActiveCfg = Staging|Any CPU
		{2B81B005-F72B-4ABE-8F00-C74F461CC5A5}.Staging|Any CPU.Build.0 = Staging|Any CPU
		{2B81B005-F72B-4ABE-8F00-C74F461CC5A5}.Staging|ARM.ActiveCfg = Staging|Any CPU
		{2B81B005-F72B-4ABE-8F00-C74F461CC5A5}.Staging|x64.ActiveCfg = Staging|Any CPU
		{2B81B005-F72B-4ABE-8F00-C74F461CC5A5}.Staging|x86.ActiveCfg = Staging|Any CPU
		{E8E34940-A62A-4AE2-A36F-CA8769C2E0D7}.Debug|Any CPU.ActiveCfg = Debug
		{E8E34940-A62A-4AE2-A36F-CA8769C2E0D7}.Debug|Any CPU.Build.0 = Debug
		{E8E34940-A62A-4AE2-A36F-CA8769C2E0D7}.Debug|Any CPU.Deploy.0 = Debug
		{E8E34940-A62A-4AE2-A36F-CA8769C2E0D7}.Debug|ARM.ActiveCfg = Debug
		{E8E34940-A62A-4AE2-A36F-CA8769C2E0D7}.Debug|ARM.Build.0 = Debug
		{E8E34940-A62A-4AE2-A36F-CA8769C2E0D7}.Debug|ARM.Deploy.0 = Debug
		{E8E34940-A62A-4AE2-A36F-CA8769C2E0D7}.Debug|x64.ActiveCfg = Debug
		{E8E34940-A62A-4AE2-A36F-CA8769C2E0D7}.Debug|x64.Build.0 = Debug
		{E8E34940-A62A-4AE2-A36F-CA8769C2E0D7}.Debug|x64.Deploy.0 = Debug
		{E8E34940-A62A-4AE2-A36F-CA8769C2E0D7}.Debug|x86.ActiveCfg = Debug
		{E8E34940-A62A-4AE2-A36F-CA8769C2E0D7}.Debug|x86.Build.0 = Debug
		{E8E34940-A62A-4AE2-A36F-CA8769C2E0D7}.Debug|x86.Deploy.0 = Debug
		{E8E34940-A62A-4AE2-A36F-CA8769C2E0D7}.DebugLocal|Any CPU.ActiveCfg = DebugLocal
		{E8E34940-A62A-4AE2-A36F-CA8769C2E0D7}.DebugLocal|Any CPU.Build.0 = DebugLocal
		{E8E34940-A62A-4AE2-A36F-CA8769C2E0D7}.DebugLocal|ARM.ActiveCfg = DebugLocal
		{E8E34940-A62A-4AE2-A36F-CA8769C2E0D7}.DebugLocal|ARM.Build.0 = DebugLocal
		{E8E34940-A62A-4AE2-A36F-CA8769C2E0D7}.DebugLocal|x64.ActiveCfg = DebugLocal
		{E8E34940-A62A-4AE2-A36F-CA8769C2E0D7}.DebugLocal|x64.Build.0 = DebugLocal
		{E8E34940-A62A-4AE2-A36F-CA8769C2E0D7}.DebugLocal|x86.ActiveCfg = DebugLocal
		{E8E34940-A62A-4AE2-A36F-CA8769C2E0D7}.DebugLocal|x86.Build.0 = DebugLocal
		{E8E34940-A62A-4AE2-A36F-CA8769C2E0D7}.Release|Any CPU.ActiveCfg = Release
		{E8E34940-A62A-4AE2-A36F-CA8769C2E0D7}.Release|Any CPU.Build.0 = Release
		{E8E34940-A62A-4AE2-A36F-CA8769C2E0D7}.Release|Any CPU.Deploy.0 = Release
		{E8E34940-A62A-4AE2-A36F-CA8769C2E0D7}.Release|ARM.ActiveCfg = Release
		{E8E34940-A62A-4AE2-A36F-CA8769C2E0D7}.Release|ARM.Build.0 = Release
		{E8E34940-A62A-4AE2-A36F-CA8769C2E0D7}.Release|ARM.Deploy.0 = Release
		{E8E34940-A62A-4AE2-A36F-CA8769C2E0D7}.Release|x64.ActiveCfg = Release
		{E8E34940-A62A-4AE2-A36F-CA8769C2E0D7}.Release|x64.Build.0 = Release
		{E8E34940-A62A-4AE2-A36F-CA8769C2E0D7}.Release|x64.Deploy.0 = Release
		{E8E34940-A62A-4AE2-A36F-CA8769C2E0D7}.Release|x86.ActiveCfg = Release
		{E8E34940-A62A-4AE2-A36F-CA8769C2E0D7}.Release|x86.Build.0 = Release
		{E8E34940-A62A-4AE2-A36F-CA8769C2E0D7}.Release|x86.Deploy.0 = Release
		{E8E34940-A62A-4AE2-A36F-CA8769C2E0D7}.Staging|Any CPU.ActiveCfg = Release
		{E8E34940-A62A-4AE2-A36F-CA8769C2E0D7}.Staging|ARM.ActiveCfg = Release
		{E8E34940-A62A-4AE2-A36F-CA8769C2E0D7}.Staging|x64.ActiveCfg = Release
		{E8E34940-A62A-4AE2-A36F-CA8769C2E0D7}.Staging|x86.ActiveCfg = Release
		{AF188615-C28A-411E-8E58-9D4D23F6676D}.Debug|Any CPU.ActiveCfg = Debug|Any CPU
		{AF188615-C28A-411E-8E58-9D4D23F6676D}.Debug|Any CPU.Build.0 = Debug|Any CPU
		{AF188615-C28A-411E-8E58-9D4D23F6676D}.Debug|ARM.ActiveCfg = Debug|Any CPU
		{AF188615-C28A-411E-8E58-9D4D23F6676D}.Debug|x64.ActiveCfg = Debug|Any CPU
		{AF188615-C28A-411E-8E58-9D4D23F6676D}.Debug|x86.ActiveCfg = Debug|Any CPU
		{AF188615-C28A-411E-8E58-9D4D23F6676D}.DebugLocal|Any CPU.ActiveCfg = Debug|Any CPU
		{AF188615-C28A-411E-8E58-9D4D23F6676D}.DebugLocal|Any CPU.Build.0 = Debug|Any CPU
		{AF188615-C28A-411E-8E58-9D4D23F6676D}.DebugLocal|ARM.ActiveCfg = Debug|Any CPU
		{AF188615-C28A-411E-8E58-9D4D23F6676D}.DebugLocal|x64.ActiveCfg = Debug|Any CPU
		{AF188615-C28A-411E-8E58-9D4D23F6676D}.DebugLocal|x86.ActiveCfg = Debug|Any CPU
		{AF188615-C28A-411E-8E58-9D4D23F6676D}.Release|Any CPU.ActiveCfg = Release|Any CPU
		{AF188615-C28A-411E-8E58-9D4D23F6676D}.Release|Any CPU.Build.0 = Release|Any CPU
		{AF188615-C28A-411E-8E58-9D4D23F6676D}.Release|ARM.ActiveCfg = Release|Any CPU
		{AF188615-C28A-411E-8E58-9D4D23F6676D}.Release|x64.ActiveCfg = Release|Any CPU
		{AF188615-C28A-411E-8E58-9D4D23F6676D}.Release|x86.ActiveCfg = Release|Any CPU
		{AF188615-C28A-411E-8E58-9D4D23F6676D}.Staging|Any CPU.ActiveCfg = Staging|Any CPU
		{AF188615-C28A-411E-8E58-9D4D23F6676D}.Staging|Any CPU.Build.0 = Staging|Any CPU
		{AF188615-C28A-411E-8E58-9D4D23F6676D}.Staging|ARM.ActiveCfg = Staging|Any CPU
		{AF188615-C28A-411E-8E58-9D4D23F6676D}.Staging|x64.ActiveCfg = Staging|Any CPU
		{AF188615-C28A-411E-8E58-9D4D23F6676D}.Staging|x86.ActiveCfg = Staging|Any CPU
		{8CD8C2A7-A004-49AB-B563-2AF7D3213916}.Debug|Any CPU.ActiveCfg = Debug|Any CPU
		{8CD8C2A7-A004-49AB-B563-2AF7D3213916}.Debug|Any CPU.Build.0 = Debug|Any CPU
		{8CD8C2A7-A004-49AB-B563-2AF7D3213916}.Debug|ARM.ActiveCfg = Debug|Any CPU
		{8CD8C2A7-A004-49AB-B563-2AF7D3213916}.Debug|x64.ActiveCfg = Debug|Any CPU
		{8CD8C2A7-A004-49AB-B563-2AF7D3213916}.Debug|x86.ActiveCfg = Debug|Any CPU
		{8CD8C2A7-A004-49AB-B563-2AF7D3213916}.DebugLocal|Any CPU.ActiveCfg = Debug|Any CPU
		{8CD8C2A7-A004-49AB-B563-2AF7D3213916}.DebugLocal|Any CPU.Build.0 = Debug|Any CPU
		{8CD8C2A7-A004-49AB-B563-2AF7D3213916}.DebugLocal|ARM.ActiveCfg = Debug|Any CPU
		{8CD8C2A7-A004-49AB-B563-2AF7D3213916}.DebugLocal|x64.ActiveCfg = Debug|Any CPU
		{8CD8C2A7-A004-49AB-B563-2AF7D3213916}.DebugLocal|x86.ActiveCfg = Debug|Any CPU
		{8CD8C2A7-A004-49AB-B563-2AF7D3213916}.Release|Any CPU.ActiveCfg = Release|Any CPU
		{8CD8C2A7-A004-49AB-B563-2AF7D3213916}.Release|Any CPU.Build.0 = Release|Any CPU
		{8CD8C2A7-A004-49AB-B563-2AF7D3213916}.Release|ARM.ActiveCfg = Release|Any CPU
		{8CD8C2A7-A004-49AB-B563-2AF7D3213916}.Release|x64.ActiveCfg = Release|Any CPU
		{8CD8C2A7-A004-49AB-B563-2AF7D3213916}.Release|x86.ActiveCfg = Release|Any CPU
		{8CD8C2A7-A004-49AB-B563-2AF7D3213916}.Staging|Any CPU.ActiveCfg = Release|Any CPU
		{8CD8C2A7-A004-49AB-B563-2AF7D3213916}.Staging|ARM.ActiveCfg = Release|Any CPU
		{8CD8C2A7-A004-49AB-B563-2AF7D3213916}.Staging|x64.ActiveCfg = Release|Any CPU
		{8CD8C2A7-A004-49AB-B563-2AF7D3213916}.Staging|x86.ActiveCfg = Release|Any CPU
		{E8DAA0D9-21D1-44D0-A9C5-03B7EAF6224F}.Debug|Any CPU.ActiveCfg = Debug|Any CPU
		{E8DAA0D9-21D1-44D0-A9C5-03B7EAF6224F}.Debug|Any CPU.Build.0 = Debug|Any CPU
		{E8DAA0D9-21D1-44D0-A9C5-03B7EAF6224F}.Debug|Any CPU.Deploy.0 = Debug|Any CPU
		{E8DAA0D9-21D1-44D0-A9C5-03B7EAF6224F}.Debug|ARM.ActiveCfg = Debug|ARM
		{E8DAA0D9-21D1-44D0-A9C5-03B7EAF6224F}.Debug|ARM.Build.0 = Debug|ARM
		{E8DAA0D9-21D1-44D0-A9C5-03B7EAF6224F}.Debug|ARM.Deploy.0 = Debug|ARM
		{E8DAA0D9-21D1-44D0-A9C5-03B7EAF6224F}.Debug|x64.ActiveCfg = Debug|x64
		{E8DAA0D9-21D1-44D0-A9C5-03B7EAF6224F}.Debug|x64.Build.0 = Debug|x64
		{E8DAA0D9-21D1-44D0-A9C5-03B7EAF6224F}.Debug|x64.Deploy.0 = Debug|x64
		{E8DAA0D9-21D1-44D0-A9C5-03B7EAF6224F}.Debug|x86.ActiveCfg = Debug|x86
		{E8DAA0D9-21D1-44D0-A9C5-03B7EAF6224F}.Debug|x86.Build.0 = Debug|x86
		{E8DAA0D9-21D1-44D0-A9C5-03B7EAF6224F}.Debug|x86.Deploy.0 = Debug|x86
		{E8DAA0D9-21D1-44D0-A9C5-03B7EAF6224F}.DebugLocal|Any CPU.ActiveCfg = Debug|Any CPU
		{E8DAA0D9-21D1-44D0-A9C5-03B7EAF6224F}.DebugLocal|Any CPU.Build.0 = Debug|Any CPU
		{E8DAA0D9-21D1-44D0-A9C5-03B7EAF6224F}.DebugLocal|Any CPU.Deploy.0 = Debug|Any CPU
		{E8DAA0D9-21D1-44D0-A9C5-03B7EAF6224F}.DebugLocal|ARM.ActiveCfg = Debug|ARM
		{E8DAA0D9-21D1-44D0-A9C5-03B7EAF6224F}.DebugLocal|ARM.Build.0 = Debug|ARM
		{E8DAA0D9-21D1-44D0-A9C5-03B7EAF6224F}.DebugLocal|ARM.Deploy.0 = Debug|ARM
		{E8DAA0D9-21D1-44D0-A9C5-03B7EAF6224F}.DebugLocal|x64.ActiveCfg = Debug|x64
		{E8DAA0D9-21D1-44D0-A9C5-03B7EAF6224F}.DebugLocal|x64.Build.0 = Debug|x64
		{E8DAA0D9-21D1-44D0-A9C5-03B7EAF6224F}.DebugLocal|x64.Deploy.0 = Debug|x64
		{E8DAA0D9-21D1-44D0-A9C5-03B7EAF6224F}.DebugLocal|x86.ActiveCfg = Debug|x86
		{E8DAA0D9-21D1-44D0-A9C5-03B7EAF6224F}.DebugLocal|x86.Build.0 = Debug|x86
		{E8DAA0D9-21D1-44D0-A9C5-03B7EAF6224F}.DebugLocal|x86.Deploy.0 = Debug|x86
		{E8DAA0D9-21D1-44D0-A9C5-03B7EAF6224F}.Release|Any CPU.ActiveCfg = Release|Any CPU
		{E8DAA0D9-21D1-44D0-A9C5-03B7EAF6224F}.Release|Any CPU.Build.0 = Release|Any CPU
		{E8DAA0D9-21D1-44D0-A9C5-03B7EAF6224F}.Release|Any CPU.Deploy.0 = Release|Any CPU
		{E8DAA0D9-21D1-44D0-A9C5-03B7EAF6224F}.Release|ARM.ActiveCfg = Release|ARM
		{E8DAA0D9-21D1-44D0-A9C5-03B7EAF6224F}.Release|ARM.Build.0 = Release|ARM
		{E8DAA0D9-21D1-44D0-A9C5-03B7EAF6224F}.Release|ARM.Deploy.0 = Release|ARM
		{E8DAA0D9-21D1-44D0-A9C5-03B7EAF6224F}.Release|x64.ActiveCfg = Release|x64
		{E8DAA0D9-21D1-44D0-A9C5-03B7EAF6224F}.Release|x64.Build.0 = Release|x64
		{E8DAA0D9-21D1-44D0-A9C5-03B7EAF6224F}.Release|x64.Deploy.0 = Release|x64
		{E8DAA0D9-21D1-44D0-A9C5-03B7EAF6224F}.Release|x86.ActiveCfg = Release|x86
		{E8DAA0D9-21D1-44D0-A9C5-03B7EAF6224F}.Release|x86.Build.0 = Release|x86
		{E8DAA0D9-21D1-44D0-A9C5-03B7EAF6224F}.Release|x86.Deploy.0 = Release|x86
		{E8DAA0D9-21D1-44D0-A9C5-03B7EAF6224F}.Staging|Any CPU.ActiveCfg = Staging|Any CPU
		{E8DAA0D9-21D1-44D0-A9C5-03B7EAF6224F}.Staging|Any CPU.Build.0 = Staging|Any CPU
		{E8DAA0D9-21D1-44D0-A9C5-03B7EAF6224F}.Staging|Any CPU.Deploy.0 = Staging|Any CPU
		{E8DAA0D9-21D1-44D0-A9C5-03B7EAF6224F}.Staging|ARM.ActiveCfg = Staging|ARM
		{E8DAA0D9-21D1-44D0-A9C5-03B7EAF6224F}.Staging|ARM.Build.0 = Staging|ARM
		{E8DAA0D9-21D1-44D0-A9C5-03B7EAF6224F}.Staging|ARM.Deploy.0 = Staging|ARM
		{E8DAA0D9-21D1-44D0-A9C5-03B7EAF6224F}.Staging|x64.ActiveCfg = Staging|x64
		{E8DAA0D9-21D1-44D0-A9C5-03B7EAF6224F}.Staging|x64.Build.0 = Staging|x64
		{E8DAA0D9-21D1-44D0-A9C5-03B7EAF6224F}.Staging|x64.Deploy.0 = Staging|x64
		{E8DAA0D9-21D1-44D0-A9C5-03B7EAF6224F}.Staging|x86.ActiveCfg = Staging|x86
		{E8DAA0D9-21D1-44D0-A9C5-03B7EAF6224F}.Staging|x86.Build.0 = Staging|x86
		{E8DAA0D9-21D1-44D0-A9C5-03B7EAF6224F}.Staging|x86.Deploy.0 = Staging|x86
	EndGlobalSection
	GlobalSection(SolutionProperties) = preSolution
		HideSolutionNode = FALSE
	EndGlobalSection
EndGlobal
