
Microsoft Visual Studio Solution File, Format Version 12.00
# Visual Studio 2013
VisualStudioVersion = 12.0.31101.0
MinimumVisualStudioVersion = 10.0.40219.1
Project("{00D1A9C2-B5F0-4AF3-8072-F6C62B433612}") = "MyVote.Database", "MyVote.Database\MyVote.Database.sqlproj", "{87AE043C-1EAC-4399-93CF-BB1CA41026D8}"
EndProject
Project("{FAE04EC0-301F-11D3-BF4B-00C04F79EFBC}") = "MyVote.Repository", "MyVote.Repository\MyVote.Repository.csproj", "{596BB94F-0EB4-4FF1-9322-91321B88ABB3}"
EndProject
Project("{FAE04EC0-301F-11D3-BF4B-00C04F79EFBC}") = "MyVote.BusinessObjects.Net", "MyVote.BusinessObjects.Net\MyVote.BusinessObjects.Net.csproj", "{D9283B72-843E-4619-B1E9-3893D8A9937A}"
EndProject
Project("{FAE04EC0-301F-11D3-BF4B-00C04F79EFBC}") = "MyVote.BusinessObjects.Net.Tests", "MyVote.BusinessObjects.Net.Tests\MyVote.BusinessObjects.Net.Tests.csproj", "{A56CC59A-9D26-417D-B4B0-8B871B15F7C3}"
EndProject
Project("{2150E333-8FDC-42A3-9474-1A3956D46DE8}") = "Assets", "Assets", "{E705276C-8809-427E-868E-8ACE3F876CFF}"
	ProjectSection(SolutionItems) = preProject
		Assets\CodeAnalysisDictionary.xml = Assets\CodeAnalysisDictionary.xml
		Assets\MyVote.Rules.ruleset = Assets\MyVote.Rules.ruleset
	EndProjectSection
EndProject
Project("{FAE04EC0-301F-11D3-BF4B-00C04F79EFBC}") = "MyVote.Core.Tests", "MyVote.Core.Tests\MyVote.Core.Tests.csproj", "{B47996BA-592E-41C2-850B-37C4B7041055}"
EndProject
Project("{CC5FD16D-436D-48AD-A40C-5A424C6E3E79}") = "MyVote.AzureService", "MyVote.AzureService\MyVote.AzureService.ccproj", "{9B88CF6A-2340-4452-8E47-91A142430176}"
EndProject
Project("{FAE04EC0-301F-11D3-BF4B-00C04F79EFBC}") = "MyVote.AppServer", "MyVote.AppServer\MyVote.AppServer.csproj", "{49482B9C-3B93-41B3-B895-46C30F0D7316}"
EndProject
Project("{FAE04EC0-301F-11D3-BF4B-00C04F79EFBC}") = "MyVote.AppServer.Tests", "MyVote.AppServer.Tests\MyVote.AppServer.Tests.csproj", "{2B81B005-F72B-4ABE-8F00-C74F461CC5A5}"
EndProject
Project("{F14B399A-7131-4C87-9E4B-1186C45EF12D}") = "MyVote.Reporting", "MyVote.Reporting\MyVote.Reporting.rptproj", "{E8E34940-A62A-4AE2-A36F-CA8769C2E0D7}"
EndProject
Project("{FAE04EC0-301F-11D3-BF4B-00C04F79EFBC}") = "MyVote.Client.Web", "MyVote.Client.Web\MyVote.Client.Web.csproj", "{AF188615-C28A-411E-8E58-9D4D23F6676D}"
EndProject
Project("{FAE04EC0-301F-11D3-BF4B-00C04F79EFBC}") = "MyVote.Client.Web.Tests", "MyVote.Client.Web.Tests\MyVote.Client.Web.Tests.csproj", "{8CD8C2A7-A004-49AB-B563-2AF7D3213916}"
EndProject
Project("{2150E333-8FDC-42A3-9474-1A3956D46DE8}") = ".nuget", ".nuget", "{CC82751A-C029-40D4-896F-BBC79B2DBCD7}"
	ProjectSection(SolutionItems) = preProject
		.nuget\packages.config = .nuget\packages.config
	EndProjectSection
EndProject
Project("{2150E333-8FDC-42A3-9474-1A3956D46DE8}") = "MyVote.Client.Universal", "MyVote.Client.Universal", "{352092C6-041C-4868-B48A-B17F7C4F4080}"
EndProject
Project("{D954291E-2A0B-460D-934E-DC6B0785DB48}") = "MyVote.Client.Universal.Shared", "MyVote.Client.Universal\MyVote.Client.Universal.Shared\MyVote.Client.Universal.Shared.shproj", "{96D81648-A73E-4638-80DD-A6A1B0DBC077}"
EndProject
Project("{FAE04EC0-301F-11D3-BF4B-00C04F79EFBC}") = "MyVote.Client.Universal.Windows", "MyVote.Client.Universal\MyVote.Client.Universal.Windows\MyVote.Client.Universal.Windows.csproj", "{1D3B9032-3F01-429D-BFC3-7AC13631B0CC}"
EndProject
Project("{FAE04EC0-301F-11D3-BF4B-00C04F79EFBC}") = "MyVote.Client.Universal.WindowsPhone", "MyVote.Client.Universal\MyVote.Client.Universal.WindowsPhone\MyVote.Client.Universal.WindowsPhone.csproj", "{05DF07EE-E9E7-4956-90FA-F21C6AE86EC7}"
EndProject
Project("{2150E333-8FDC-42A3-9474-1A3956D46DE8}") = "MyVote.UI.Universal", "MyVote.UI.Universal", "{D6C8F160-039A-4EDB-82FC-E02EFCEED2A9}"
EndProject
Project("{D954291E-2A0B-460D-934E-DC6B0785DB48}") = "MyVote.UI.Universal.Shared", "MyVote.UI.Universal\MyVote.UI.Universal.Shared\MyVote.UI.Universal.Shared.shproj", "{810D9CAC-F110-4763-A9FC-A23BC1CE3690}"
EndProject
Project("{FAE04EC0-301F-11D3-BF4B-00C04F79EFBC}") = "MyVote.UI.Universal.Windows", "MyVote.UI.Universal\MyVote.UI.Universal.Windows\MyVote.UI.Universal.Windows.csproj", "{95063A19-73AD-4C06-88BA-0EF57C159EE1}"
EndProject
Project("{FAE04EC0-301F-11D3-BF4B-00C04F79EFBC}") = "MyVote.UI.Universal.WindowsPhone", "MyVote.UI.Universal\MyVote.UI.Universal.WindowsPhone\MyVote.UI.Universal.WindowsPhone.csproj", "{548FCB2B-1944-440F-9E7F-CF73E7B63E6F}"
EndProject
Project("{2150E333-8FDC-42A3-9474-1A3956D46DE8}") = "MyVote.BusinessObjects", "MyVote.BusinessObjects", "{7EA96F04-0A4C-46E1-AA36-C6CD804D147C}"
EndProject
Project("{2150E333-8FDC-42A3-9474-1A3956D46DE8}") = "MyVote.Core.Universal", "MyVote.Core.Universal", "{9AD5C611-86F1-40AD-938D-DC47ED6815EB}"
EndProject
Project("{FAE04EC0-301F-11D3-BF4B-00C04F79EFBC}") = "MyVote.Core.Universal.WindowsPhone", "MyVote.Core.Universal.WindowsPhone\MyVote.Core.Universal.WindowsPhone.csproj", "{1E49048A-2E48-4493-A657-3D9B847254A9}"
EndProject
Project("{D954291E-2A0B-460D-934E-DC6B0785DB48}") = "MyVote.BO.Shared", "MyVote.BusinessObjects\MyVote.BO.Shared\MyVote.BO.Shared.shproj", "{D43734CE-9518-431D-9811-C7CA172E05EB}"
EndProject
Project("{FAE04EC0-301F-11D3-BF4B-00C04F79EFBC}") = "MyVote.BO.Universal.WindowsPhone", "MyVote.BusinessObjects\MyVote.BO.Universal.WindowsPhone\MyVote.BO.Universal.WindowsPhone.csproj", "{D404F312-22C9-4E0A-9FEA-9BEF152C4649}"
EndProject
Project("{FAE04EC0-301F-11D3-BF4B-00C04F79EFBC}") = "MyVote.BO.Universal.Windows", "MyVote.BusinessObjects\MyVote.BO.Universal.Windows\MyVote.BO.Universal.Windows.csproj", "{E3A77E78-2009-4A50-9003-F2CA0A408292}"
EndProject
Project("{D954291E-2A0B-460D-934E-DC6B0785DB48}") = "MyVote.Core.Shared", "MyVote.Core\MyVote.Core.Shared\MyVote.Core.Shared.shproj", "{840CE639-884A-43C0-90DA-3DB24183ACF1}"
EndProject
Project("{FAE04EC0-301F-11D3-BF4B-00C04F79EFBC}") = "MyVote.Core.Universal.Windows", "MyVote.Core\MyVote.Core.Windows\MyVote.Core.Universal.Windows.csproj", "{B5E64D4E-018C-417F-9E97-AFB22409F5EB}"
EndProject
Project("{FAE04EC0-301F-11D3-BF4B-00C04F79EFBC}") = "MyVote.Core", "MyVote.Core\MyVote.Core\MyVote.Core.csproj", "{3BC31396-EFBA-42D4-AA31-F4ACE96B9023}"
EndProject
Global
	GlobalSection(SharedMSBuildProjectFiles) = preSolution
		MyVote.UI.Universal\MyVote.UI.Universal.Shared\MyVote.UI.Universal.Shared.projitems*{548fcb2b-1944-440f-9e7f-cf73e7b63e6f}*SharedItemsImports = 4
		MyVote.BusinessObjects\MyVote.BO.Shared\MyVote.BO.Universal.Shared.projitems*{d43734ce-9518-431d-9811-c7ca172e05eb}*SharedItemsImports = 13
		MyVote.Client.Universal\MyVote.Client.Universal.Shared\MyVote.Client.Universal.Shared.projitems*{96d81648-a73e-4638-80dd-a6a1b0dbc077}*SharedItemsImports = 13
		MyVote.UI.Universal\MyVote.UI.Universal.Shared\MyVote.UI.Universal.Shared.projitems*{810d9cac-f110-4763-a9fc-a23bc1ce3690}*SharedItemsImports = 13
		MyVote.UI.Universal\MyVote.UI.Universal.Shared\MyVote.UI.Universal.Shared.projitems*{95063a19-73ad-4c06-88ba-0ef57c159ee1}*SharedItemsImports = 4
		MyVote.Core\MyVote.Core.Shared\MyVote.Core.Shared.projitems*{1e49048a-2e48-4493-a657-3d9b847254a9}*SharedItemsImports = 4
		MyVote.Core\MyVote.Core.Shared\MyVote.Core.Shared.projitems*{b5e64d4e-018c-417f-9e97-afb22409f5eb}*SharedItemsImports = 4
		MyVote.Client.Universal\MyVote.Client.Universal.Shared\MyVote.Client.Universal.Shared.projitems*{05df07ee-e9e7-4956-90fa-f21c6ae86ec7}*SharedItemsImports = 4
		MyVote.Core\MyVote.Core.Shared\MyVote.Core.Shared.projitems*{3bc31396-efba-42d4-aa31-f4ace96b9023}*SharedItemsImports = 4
		MyVote.Core\MyVote.Core.Shared\MyVote.Core.Shared.projitems*{840ce639-884a-43c0-90da-3db24183acf1}*SharedItemsImports = 13
		MyVote.BusinessObjects\MyVote.BO.Shared\MyVote.BO.Universal.Shared.projitems*{e3a77e78-2009-4a50-9003-f2ca0a408292}*SharedItemsImports = 4
		MyVote.Client.Universal\MyVote.Client.Universal.Shared\MyVote.Client.Universal.Shared.projitems*{1d3b9032-3f01-429d-bfc3-7ac13631b0cc}*SharedItemsImports = 4
		MyVote.BusinessObjects\MyVote.BO.Shared\MyVote.BO.Universal.Shared.projitems*{d9283b72-843e-4619-b1e9-3893d8a9937a}*SharedItemsImports = 4
		MyVote.BusinessObjects\MyVote.BO.Shared\MyVote.BO.Universal.Shared.projitems*{d404f312-22c9-4e0a-9fea-9bef152c4649}*SharedItemsImports = 4
	EndGlobalSection
	GlobalSection(SolutionConfigurationPlatforms) = preSolution
		Debug|Any CPU = Debug|Any CPU
		Debug|ARM = Debug|ARM
		Debug|x64 = Debug|x64
		Debug|x86 = Debug|x86
		DebugLocal|Any CPU = DebugLocal|Any CPU
		DebugLocal|ARM = DebugLocal|ARM
		DebugLocal|x64 = DebugLocal|x64
		DebugLocal|x86 = DebugLocal|x86
		Release|Any CPU = Release|Any CPU
		Release|ARM = Release|ARM
		Release|x64 = Release|x64
		Release|x86 = Release|x86
		Staging|Any CPU = Staging|Any CPU
		Staging|ARM = Staging|ARM
		Staging|x64 = Staging|x64
		Staging|x86 = Staging|x86
	EndGlobalSection
	GlobalSection(ProjectConfigurationPlatforms) = postSolution
		{87AE043C-1EAC-4399-93CF-BB1CA41026D8}.Debug|Any CPU.ActiveCfg = Debug|Any CPU
		{87AE043C-1EAC-4399-93CF-BB1CA41026D8}.Debug|Any CPU.Build.0 = Debug|Any CPU
		{87AE043C-1EAC-4399-93CF-BB1CA41026D8}.Debug|ARM.ActiveCfg = Debug|Any CPU
		{87AE043C-1EAC-4399-93CF-BB1CA41026D8}.Debug|x64.ActiveCfg = Debug|Any CPU
		{87AE043C-1EAC-4399-93CF-BB1CA41026D8}.Debug|x86.ActiveCfg = Debug|Any CPU
		{87AE043C-1EAC-4399-93CF-BB1CA41026D8}.DebugLocal|Any CPU.ActiveCfg = Debug|Any CPU
		{87AE043C-1EAC-4399-93CF-BB1CA41026D8}.DebugLocal|Any CPU.Build.0 = Debug|Any CPU
		{87AE043C-1EAC-4399-93CF-BB1CA41026D8}.DebugLocal|Any CPU.Deploy.0 = Debug|Any CPU
		{87AE043C-1EAC-4399-93CF-BB1CA41026D8}.DebugLocal|ARM.ActiveCfg = Debug|Any CPU
		{87AE043C-1EAC-4399-93CF-BB1CA41026D8}.DebugLocal|x64.ActiveCfg = Debug|Any CPU
		{87AE043C-1EAC-4399-93CF-BB1CA41026D8}.DebugLocal|x86.ActiveCfg = Debug|Any CPU
		{87AE043C-1EAC-4399-93CF-BB1CA41026D8}.Release|Any CPU.ActiveCfg = Release|Any CPU
		{87AE043C-1EAC-4399-93CF-BB1CA41026D8}.Release|Any CPU.Build.0 = Release|Any CPU
		{87AE043C-1EAC-4399-93CF-BB1CA41026D8}.Release|ARM.ActiveCfg = Release|Any CPU
		{87AE043C-1EAC-4399-93CF-BB1CA41026D8}.Release|x64.ActiveCfg = Release|Any CPU
		{87AE043C-1EAC-4399-93CF-BB1CA41026D8}.Release|x86.ActiveCfg = Release|Any CPU
		{87AE043C-1EAC-4399-93CF-BB1CA41026D8}.Staging|Any CPU.ActiveCfg = Staging|Any CPU
		{87AE043C-1EAC-4399-93CF-BB1CA41026D8}.Staging|Any CPU.Build.0 = Staging|Any CPU
		{87AE043C-1EAC-4399-93CF-BB1CA41026D8}.Staging|Any CPU.Deploy.0 = Staging|Any CPU
		{87AE043C-1EAC-4399-93CF-BB1CA41026D8}.Staging|ARM.ActiveCfg = Staging|Any CPU
		{87AE043C-1EAC-4399-93CF-BB1CA41026D8}.Staging|x64.ActiveCfg = Staging|Any CPU
		{87AE043C-1EAC-4399-93CF-BB1CA41026D8}.Staging|x86.ActiveCfg = Staging|Any CPU
		{596BB94F-0EB4-4FF1-9322-91321B88ABB3}.Debug|Any CPU.ActiveCfg = Debug|Any CPU
		{596BB94F-0EB4-4FF1-9322-91321B88ABB3}.Debug|Any CPU.Build.0 = Debug|Any CPU
		{596BB94F-0EB4-4FF1-9322-91321B88ABB3}.Debug|ARM.ActiveCfg = Debug|Any CPU
		{596BB94F-0EB4-4FF1-9322-91321B88ABB3}.Debug|x64.ActiveCfg = Debug|Any CPU
		{596BB94F-0EB4-4FF1-9322-91321B88ABB3}.Debug|x86.ActiveCfg = Debug|Any CPU
		{596BB94F-0EB4-4FF1-9322-91321B88ABB3}.DebugLocal|Any CPU.ActiveCfg = Debug|Any CPU
		{596BB94F-0EB4-4FF1-9322-91321B88ABB3}.DebugLocal|Any CPU.Build.0 = Debug|Any CPU
		{596BB94F-0EB4-4FF1-9322-91321B88ABB3}.DebugLocal|ARM.ActiveCfg = Debug|Any CPU
		{596BB94F-0EB4-4FF1-9322-91321B88ABB3}.DebugLocal|x64.ActiveCfg = Debug|Any CPU
		{596BB94F-0EB4-4FF1-9322-91321B88ABB3}.DebugLocal|x86.ActiveCfg = Debug|Any CPU
		{596BB94F-0EB4-4FF1-9322-91321B88ABB3}.Release|Any CPU.ActiveCfg = Release|Any CPU
		{596BB94F-0EB4-4FF1-9322-91321B88ABB3}.Release|Any CPU.Build.0 = Release|Any CPU
		{596BB94F-0EB4-4FF1-9322-91321B88ABB3}.Release|ARM.ActiveCfg = Release|Any CPU
		{596BB94F-0EB4-4FF1-9322-91321B88ABB3}.Release|x64.ActiveCfg = Release|Any CPU
		{596BB94F-0EB4-4FF1-9322-91321B88ABB3}.Release|x86.ActiveCfg = Release|Any CPU
		{596BB94F-0EB4-4FF1-9322-91321B88ABB3}.Staging|Any CPU.ActiveCfg = Staging|Any CPU
		{596BB94F-0EB4-4FF1-9322-91321B88ABB3}.Staging|Any CPU.Build.0 = Staging|Any CPU
		{596BB94F-0EB4-4FF1-9322-91321B88ABB3}.Staging|ARM.ActiveCfg = Staging|Any CPU
		{596BB94F-0EB4-4FF1-9322-91321B88ABB3}.Staging|x64.ActiveCfg = Staging|Any CPU
		{596BB94F-0EB4-4FF1-9322-91321B88ABB3}.Staging|x86.ActiveCfg = Staging|Any CPU
		{D9283B72-843E-4619-B1E9-3893D8A9937A}.Debug|Any CPU.ActiveCfg = Debug|Any CPU
		{D9283B72-843E-4619-B1E9-3893D8A9937A}.Debug|Any CPU.Build.0 = Debug|Any CPU
		{D9283B72-843E-4619-B1E9-3893D8A9937A}.Debug|ARM.ActiveCfg = Debug|Any CPU
		{D9283B72-843E-4619-B1E9-3893D8A9937A}.Debug|x64.ActiveCfg = Debug|Any CPU
		{D9283B72-843E-4619-B1E9-3893D8A9937A}.Debug|x86.ActiveCfg = Debug|Any CPU
		{D9283B72-843E-4619-B1E9-3893D8A9937A}.DebugLocal|Any CPU.ActiveCfg = Debug|Any CPU
		{D9283B72-843E-4619-B1E9-3893D8A9937A}.DebugLocal|Any CPU.Build.0 = Debug|Any CPU
		{D9283B72-843E-4619-B1E9-3893D8A9937A}.DebugLocal|ARM.ActiveCfg = Debug|Any CPU
		{D9283B72-843E-4619-B1E9-3893D8A9937A}.DebugLocal|x64.ActiveCfg = Debug|Any CPU
		{D9283B72-843E-4619-B1E9-3893D8A9937A}.DebugLocal|x86.ActiveCfg = Debug|Any CPU
		{D9283B72-843E-4619-B1E9-3893D8A9937A}.Release|Any CPU.ActiveCfg = Release|Any CPU
		{D9283B72-843E-4619-B1E9-3893D8A9937A}.Release|Any CPU.Build.0 = Release|Any CPU
		{D9283B72-843E-4619-B1E9-3893D8A9937A}.Release|ARM.ActiveCfg = Release|Any CPU
		{D9283B72-843E-4619-B1E9-3893D8A9937A}.Release|x64.ActiveCfg = Release|Any CPU
		{D9283B72-843E-4619-B1E9-3893D8A9937A}.Release|x86.ActiveCfg = Release|Any CPU
		{D9283B72-843E-4619-B1E9-3893D8A9937A}.Staging|Any CPU.ActiveCfg = Staging|Any CPU
		{D9283B72-843E-4619-B1E9-3893D8A9937A}.Staging|Any CPU.Build.0 = Staging|Any CPU
		{D9283B72-843E-4619-B1E9-3893D8A9937A}.Staging|ARM.ActiveCfg = Staging|Any CPU
		{D9283B72-843E-4619-B1E9-3893D8A9937A}.Staging|x64.ActiveCfg = Staging|Any CPU
		{D9283B72-843E-4619-B1E9-3893D8A9937A}.Staging|x86.ActiveCfg = Staging|Any CPU
		{A56CC59A-9D26-417D-B4B0-8B871B15F7C3}.Debug|Any CPU.ActiveCfg = Debug|Any CPU
		{A56CC59A-9D26-417D-B4B0-8B871B15F7C3}.Debug|Any CPU.Build.0 = Debug|Any CPU
		{A56CC59A-9D26-417D-B4B0-8B871B15F7C3}.Debug|ARM.ActiveCfg = Debug|Any CPU
		{A56CC59A-9D26-417D-B4B0-8B871B15F7C3}.Debug|x64.ActiveCfg = Debug|Any CPU
		{A56CC59A-9D26-417D-B4B0-8B871B15F7C3}.Debug|x86.ActiveCfg = Debug|Any CPU
		{A56CC59A-9D26-417D-B4B0-8B871B15F7C3}.DebugLocal|Any CPU.ActiveCfg = Debug|Any CPU
		{A56CC59A-9D26-417D-B4B0-8B871B15F7C3}.DebugLocal|Any CPU.Build.0 = Debug|Any CPU
		{A56CC59A-9D26-417D-B4B0-8B871B15F7C3}.DebugLocal|ARM.ActiveCfg = Debug|Any CPU
		{A56CC59A-9D26-417D-B4B0-8B871B15F7C3}.DebugLocal|x64.ActiveCfg = Debug|Any CPU
		{A56CC59A-9D26-417D-B4B0-8B871B15F7C3}.DebugLocal|x86.ActiveCfg = Debug|Any CPU
		{A56CC59A-9D26-417D-B4B0-8B871B15F7C3}.Release|Any CPU.ActiveCfg = Release|Any CPU
		{A56CC59A-9D26-417D-B4B0-8B871B15F7C3}.Release|Any CPU.Build.0 = Release|Any CPU
		{A56CC59A-9D26-417D-B4B0-8B871B15F7C3}.Release|ARM.ActiveCfg = Release|Any CPU
		{A56CC59A-9D26-417D-B4B0-8B871B15F7C3}.Release|x64.ActiveCfg = Release|Any CPU
		{A56CC59A-9D26-417D-B4B0-8B871B15F7C3}.Release|x86.ActiveCfg = Release|Any CPU
		{A56CC59A-9D26-417D-B4B0-8B871B15F7C3}.Staging|Any CPU.ActiveCfg = Staging|Any CPU
		{A56CC59A-9D26-417D-B4B0-8B871B15F7C3}.Staging|Any CPU.Build.0 = Staging|Any CPU
		{A56CC59A-9D26-417D-B4B0-8B871B15F7C3}.Staging|ARM.ActiveCfg = Staging|Any CPU
		{A56CC59A-9D26-417D-B4B0-8B871B15F7C3}.Staging|x64.ActiveCfg = Staging|Any CPU
		{A56CC59A-9D26-417D-B4B0-8B871B15F7C3}.Staging|x86.ActiveCfg = Staging|Any CPU
		{B47996BA-592E-41C2-850B-37C4B7041055}.Debug|Any CPU.ActiveCfg = Debug|Any CPU
		{B47996BA-592E-41C2-850B-37C4B7041055}.Debug|Any CPU.Build.0 = Debug|Any CPU
		{B47996BA-592E-41C2-850B-37C4B7041055}.Debug|ARM.ActiveCfg = Debug|Any CPU
		{B47996BA-592E-41C2-850B-37C4B7041055}.Debug|x64.ActiveCfg = Debug|Any CPU
		{B47996BA-592E-41C2-850B-37C4B7041055}.Debug|x86.ActiveCfg = Debug|Any CPU
		{B47996BA-592E-41C2-850B-37C4B7041055}.DebugLocal|Any CPU.ActiveCfg = Debug|Any CPU
		{B47996BA-592E-41C2-850B-37C4B7041055}.DebugLocal|Any CPU.Build.0 = Debug|Any CPU
		{B47996BA-592E-41C2-850B-37C4B7041055}.DebugLocal|ARM.ActiveCfg = Debug|Any CPU
		{B47996BA-592E-41C2-850B-37C4B7041055}.DebugLocal|x64.ActiveCfg = Debug|Any CPU
		{B47996BA-592E-41C2-850B-37C4B7041055}.DebugLocal|x86.ActiveCfg = Debug|Any CPU
		{B47996BA-592E-41C2-850B-37C4B7041055}.Release|Any CPU.ActiveCfg = Release|Any CPU
		{B47996BA-592E-41C2-850B-37C4B7041055}.Release|Any CPU.Build.0 = Release|Any CPU
		{B47996BA-592E-41C2-850B-37C4B7041055}.Release|ARM.ActiveCfg = Release|Any CPU
		{B47996BA-592E-41C2-850B-37C4B7041055}.Release|x64.ActiveCfg = Release|Any CPU
		{B47996BA-592E-41C2-850B-37C4B7041055}.Release|x86.ActiveCfg = Release|Any CPU
		{B47996BA-592E-41C2-850B-37C4B7041055}.Staging|Any CPU.ActiveCfg = Staging|Any CPU
		{B47996BA-592E-41C2-850B-37C4B7041055}.Staging|Any CPU.Build.0 = Staging|Any CPU
		{B47996BA-592E-41C2-850B-37C4B7041055}.Staging|ARM.ActiveCfg = Staging|Any CPU
		{B47996BA-592E-41C2-850B-37C4B7041055}.Staging|x64.ActiveCfg = Staging|Any CPU
		{B47996BA-592E-41C2-850B-37C4B7041055}.Staging|x86.ActiveCfg = Staging|Any CPU
		{9B88CF6A-2340-4452-8E47-91A142430176}.Debug|Any CPU.ActiveCfg = Debug|Any CPU
		{9B88CF6A-2340-4452-8E47-91A142430176}.Debug|Any CPU.Build.0 = Debug|Any CPU
		{9B88CF6A-2340-4452-8E47-91A142430176}.Debug|ARM.ActiveCfg = Debug|Any CPU
		{9B88CF6A-2340-4452-8E47-91A142430176}.Debug|x64.ActiveCfg = Debug|Any CPU
		{9B88CF6A-2340-4452-8E47-91A142430176}.Debug|x86.ActiveCfg = Debug|Any CPU
		{9B88CF6A-2340-4452-8E47-91A142430176}.DebugLocal|Any CPU.ActiveCfg = Debug|Any CPU
		{9B88CF6A-2340-4452-8E47-91A142430176}.DebugLocal|ARM.ActiveCfg = Debug|Any CPU
		{9B88CF6A-2340-4452-8E47-91A142430176}.DebugLocal|x64.ActiveCfg = Debug|Any CPU
		{9B88CF6A-2340-4452-8E47-91A142430176}.DebugLocal|x86.ActiveCfg = Debug|Any CPU
		{9B88CF6A-2340-4452-8E47-91A142430176}.Release|Any CPU.ActiveCfg = Release|Any CPU
		{9B88CF6A-2340-4452-8E47-91A142430176}.Release|Any CPU.Build.0 = Release|Any CPU
		{9B88CF6A-2340-4452-8E47-91A142430176}.Release|ARM.ActiveCfg = Release|Any CPU
		{9B88CF6A-2340-4452-8E47-91A142430176}.Release|x64.ActiveCfg = Release|Any CPU
		{9B88CF6A-2340-4452-8E47-91A142430176}.Release|x86.ActiveCfg = Release|Any CPU
		{9B88CF6A-2340-4452-8E47-91A142430176}.Staging|Any CPU.ActiveCfg = Staging|Any CPU
		{9B88CF6A-2340-4452-8E47-91A142430176}.Staging|Any CPU.Build.0 = Staging|Any CPU
		{9B88CF6A-2340-4452-8E47-91A142430176}.Staging|ARM.ActiveCfg = Staging|Any CPU
		{9B88CF6A-2340-4452-8E47-91A142430176}.Staging|x64.ActiveCfg = Staging|Any CPU
		{9B88CF6A-2340-4452-8E47-91A142430176}.Staging|x86.ActiveCfg = Staging|Any CPU
		{49482B9C-3B93-41B3-B895-46C30F0D7316}.Debug|Any CPU.ActiveCfg = Debug|Any CPU
		{49482B9C-3B93-41B3-B895-46C30F0D7316}.Debug|Any CPU.Build.0 = Debug|Any CPU
		{49482B9C-3B93-41B3-B895-46C30F0D7316}.Debug|ARM.ActiveCfg = Debug|Any CPU
		{49482B9C-3B93-41B3-B895-46C30F0D7316}.Debug|x64.ActiveCfg = Debug|Any CPU
		{49482B9C-3B93-41B3-B895-46C30F0D7316}.Debug|x86.ActiveCfg = Debug|Any CPU
		{49482B9C-3B93-41B3-B895-46C30F0D7316}.DebugLocal|Any CPU.ActiveCfg = Debug|Any CPU
		{49482B9C-3B93-41B3-B895-46C30F0D7316}.DebugLocal|Any CPU.Build.0 = Debug|Any CPU
		{49482B9C-3B93-41B3-B895-46C30F0D7316}.DebugLocal|ARM.ActiveCfg = Debug|Any CPU
		{49482B9C-3B93-41B3-B895-46C30F0D7316}.DebugLocal|x64.ActiveCfg = Debug|Any CPU
		{49482B9C-3B93-41B3-B895-46C30F0D7316}.DebugLocal|x86.ActiveCfg = Debug|Any CPU
		{49482B9C-3B93-41B3-B895-46C30F0D7316}.Release|Any CPU.ActiveCfg = Release|Any CPU
		{49482B9C-3B93-41B3-B895-46C30F0D7316}.Release|Any CPU.Build.0 = Release|Any CPU
		{49482B9C-3B93-41B3-B895-46C30F0D7316}.Release|ARM.ActiveCfg = Release|Any CPU
		{49482B9C-3B93-41B3-B895-46C30F0D7316}.Release|x64.ActiveCfg = Release|Any CPU
		{49482B9C-3B93-41B3-B895-46C30F0D7316}.Release|x86.ActiveCfg = Release|Any CPU
		{49482B9C-3B93-41B3-B895-46C30F0D7316}.Staging|Any CPU.ActiveCfg = Staging|Any CPU
		{49482B9C-3B93-41B3-B895-46C30F0D7316}.Staging|Any CPU.Build.0 = Staging|Any CPU
		{49482B9C-3B93-41B3-B895-46C30F0D7316}.Staging|ARM.ActiveCfg = Staging|Any CPU
		{49482B9C-3B93-41B3-B895-46C30F0D7316}.Staging|x64.ActiveCfg = Staging|Any CPU
		{49482B9C-3B93-41B3-B895-46C30F0D7316}.Staging|x86.ActiveCfg = Staging|Any CPU
		{2B81B005-F72B-4ABE-8F00-C74F461CC5A5}.Debug|Any CPU.ActiveCfg = Debug|Any CPU
		{2B81B005-F72B-4ABE-8F00-C74F461CC5A5}.Debug|Any CPU.Build.0 = Debug|Any CPU
		{2B81B005-F72B-4ABE-8F00-C74F461CC5A5}.Debug|ARM.ActiveCfg = Debug|Any CPU
		{2B81B005-F72B-4ABE-8F00-C74F461CC5A5}.Debug|x64.ActiveCfg = Debug|Any CPU
		{2B81B005-F72B-4ABE-8F00-C74F461CC5A5}.Debug|x86.ActiveCfg = Debug|Any CPU
		{2B81B005-F72B-4ABE-8F00-C74F461CC5A5}.DebugLocal|Any CPU.ActiveCfg = Debug|Any CPU
		{2B81B005-F72B-4ABE-8F00-C74F461CC5A5}.DebugLocal|Any CPU.Build.0 = Debug|Any CPU
		{2B81B005-F72B-4ABE-8F00-C74F461CC5A5}.DebugLocal|ARM.ActiveCfg = Debug|Any CPU
		{2B81B005-F72B-4ABE-8F00-C74F461CC5A5}.DebugLocal|x64.ActiveCfg = Debug|Any CPU
		{2B81B005-F72B-4ABE-8F00-C74F461CC5A5}.DebugLocal|x86.ActiveCfg = Debug|Any CPU
		{2B81B005-F72B-4ABE-8F00-C74F461CC5A5}.Release|Any CPU.ActiveCfg = Release|Any CPU
		{2B81B005-F72B-4ABE-8F00-C74F461CC5A5}.Release|Any CPU.Build.0 = Release|Any CPU
		{2B81B005-F72B-4ABE-8F00-C74F461CC5A5}.Release|ARM.ActiveCfg = Release|Any CPU
		{2B81B005-F72B-4ABE-8F00-C74F461CC5A5}.Release|x64.ActiveCfg = Release|Any CPU
		{2B81B005-F72B-4ABE-8F00-C74F461CC5A5}.Release|x86.ActiveCfg = Release|Any CPU
		{2B81B005-F72B-4ABE-8F00-C74F461CC5A5}.Staging|Any CPU.ActiveCfg = Staging|Any CPU
		{2B81B005-F72B-4ABE-8F00-C74F461CC5A5}.Staging|Any CPU.Build.0 = Staging|Any CPU
		{2B81B005-F72B-4ABE-8F00-C74F461CC5A5}.Staging|ARM.ActiveCfg = Staging|Any CPU
		{2B81B005-F72B-4ABE-8F00-C74F461CC5A5}.Staging|x64.ActiveCfg = Staging|Any CPU
		{2B81B005-F72B-4ABE-8F00-C74F461CC5A5}.Staging|x86.ActiveCfg = Staging|Any CPU
		{E8E34940-A62A-4AE2-A36F-CA8769C2E0D7}.Debug|Any CPU.ActiveCfg = Debug
		{E8E34940-A62A-4AE2-A36F-CA8769C2E0D7}.Debug|Any CPU.Build.0 = Debug
		{E8E34940-A62A-4AE2-A36F-CA8769C2E0D7}.Debug|Any CPU.Deploy.0 = Debug
		{E8E34940-A62A-4AE2-A36F-CA8769C2E0D7}.Debug|ARM.ActiveCfg = Debug
		{E8E34940-A62A-4AE2-A36F-CA8769C2E0D7}.Debug|ARM.Build.0 = Debug
		{E8E34940-A62A-4AE2-A36F-CA8769C2E0D7}.Debug|ARM.Deploy.0 = Debug
		{E8E34940-A62A-4AE2-A36F-CA8769C2E0D7}.Debug|x64.ActiveCfg = Debug
		{E8E34940-A62A-4AE2-A36F-CA8769C2E0D7}.Debug|x64.Build.0 = Debug
		{E8E34940-A62A-4AE2-A36F-CA8769C2E0D7}.Debug|x64.Deploy.0 = Debug
		{E8E34940-A62A-4AE2-A36F-CA8769C2E0D7}.Debug|x86.ActiveCfg = Debug
		{E8E34940-A62A-4AE2-A36F-CA8769C2E0D7}.Debug|x86.Build.0 = Debug
		{E8E34940-A62A-4AE2-A36F-CA8769C2E0D7}.Debug|x86.Deploy.0 = Debug
		{E8E34940-A62A-4AE2-A36F-CA8769C2E0D7}.DebugLocal|Any CPU.ActiveCfg = DebugLocal
		{E8E34940-A62A-4AE2-A36F-CA8769C2E0D7}.DebugLocal|Any CPU.Build.0 = DebugLocal
		{E8E34940-A62A-4AE2-A36F-CA8769C2E0D7}.DebugLocal|ARM.ActiveCfg = DebugLocal
		{E8E34940-A62A-4AE2-A36F-CA8769C2E0D7}.DebugLocal|ARM.Build.0 = DebugLocal
		{E8E34940-A62A-4AE2-A36F-CA8769C2E0D7}.DebugLocal|x64.ActiveCfg = DebugLocal
		{E8E34940-A62A-4AE2-A36F-CA8769C2E0D7}.DebugLocal|x64.Build.0 = DebugLocal
		{E8E34940-A62A-4AE2-A36F-CA8769C2E0D7}.DebugLocal|x86.ActiveCfg = DebugLocal
		{E8E34940-A62A-4AE2-A36F-CA8769C2E0D7}.DebugLocal|x86.Build.0 = DebugLocal
		{E8E34940-A62A-4AE2-A36F-CA8769C2E0D7}.Release|Any CPU.ActiveCfg = Release
		{E8E34940-A62A-4AE2-A36F-CA8769C2E0D7}.Release|Any CPU.Build.0 = Release
		{E8E34940-A62A-4AE2-A36F-CA8769C2E0D7}.Release|Any CPU.Deploy.0 = Release
		{E8E34940-A62A-4AE2-A36F-CA8769C2E0D7}.Release|ARM.ActiveCfg = Release
		{E8E34940-A62A-4AE2-A36F-CA8769C2E0D7}.Release|ARM.Build.0 = Release
		{E8E34940-A62A-4AE2-A36F-CA8769C2E0D7}.Release|ARM.Deploy.0 = Release
		{E8E34940-A62A-4AE2-A36F-CA8769C2E0D7}.Release|x64.ActiveCfg = Release
		{E8E34940-A62A-4AE2-A36F-CA8769C2E0D7}.Release|x64.Build.0 = Release
		{E8E34940-A62A-4AE2-A36F-CA8769C2E0D7}.Release|x64.Deploy.0 = Release
		{E8E34940-A62A-4AE2-A36F-CA8769C2E0D7}.Release|x86.ActiveCfg = Release
		{E8E34940-A62A-4AE2-A36F-CA8769C2E0D7}.Release|x86.Build.0 = Release
		{E8E34940-A62A-4AE2-A36F-CA8769C2E0D7}.Release|x86.Deploy.0 = Release
		{E8E34940-A62A-4AE2-A36F-CA8769C2E0D7}.Staging|Any CPU.ActiveCfg = Release
		{E8E34940-A62A-4AE2-A36F-CA8769C2E0D7}.Staging|ARM.ActiveCfg = Release
		{E8E34940-A62A-4AE2-A36F-CA8769C2E0D7}.Staging|x64.ActiveCfg = Release
		{E8E34940-A62A-4AE2-A36F-CA8769C2E0D7}.Staging|x86.ActiveCfg = Release
		{AF188615-C28A-411E-8E58-9D4D23F6676D}.Debug|Any CPU.ActiveCfg = Debug|Any CPU
		{AF188615-C28A-411E-8E58-9D4D23F6676D}.Debug|Any CPU.Build.0 = Debug|Any CPU
		{AF188615-C28A-411E-8E58-9D4D23F6676D}.Debug|ARM.ActiveCfg = Debug|Any CPU
		{AF188615-C28A-411E-8E58-9D4D23F6676D}.Debug|x64.ActiveCfg = Debug|Any CPU
		{AF188615-C28A-411E-8E58-9D4D23F6676D}.Debug|x86.ActiveCfg = Debug|Any CPU
		{AF188615-C28A-411E-8E58-9D4D23F6676D}.DebugLocal|Any CPU.ActiveCfg = Debug|Any CPU
		{AF188615-C28A-411E-8E58-9D4D23F6676D}.DebugLocal|Any CPU.Build.0 = Debug|Any CPU
		{AF188615-C28A-411E-8E58-9D4D23F6676D}.DebugLocal|ARM.ActiveCfg = Debug|Any CPU
		{AF188615-C28A-411E-8E58-9D4D23F6676D}.DebugLocal|x64.ActiveCfg = Debug|Any CPU
		{AF188615-C28A-411E-8E58-9D4D23F6676D}.DebugLocal|x86.ActiveCfg = Debug|Any CPU
		{AF188615-C28A-411E-8E58-9D4D23F6676D}.Release|Any CPU.ActiveCfg = Release|Any CPU
		{AF188615-C28A-411E-8E58-9D4D23F6676D}.Release|Any CPU.Build.0 = Release|Any CPU
		{AF188615-C28A-411E-8E58-9D4D23F6676D}.Release|ARM.ActiveCfg = Release|Any CPU
		{AF188615-C28A-411E-8E58-9D4D23F6676D}.Release|x64.ActiveCfg = Release|Any CPU
		{AF188615-C28A-411E-8E58-9D4D23F6676D}.Release|x86.ActiveCfg = Release|Any CPU
		{AF188615-C28A-411E-8E58-9D4D23F6676D}.Staging|Any CPU.ActiveCfg = Staging|Any CPU
		{AF188615-C28A-411E-8E58-9D4D23F6676D}.Staging|Any CPU.Build.0 = Staging|Any CPU
		{AF188615-C28A-411E-8E58-9D4D23F6676D}.Staging|ARM.ActiveCfg = Staging|Any CPU
		{AF188615-C28A-411E-8E58-9D4D23F6676D}.Staging|x64.ActiveCfg = Staging|Any CPU
		{AF188615-C28A-411E-8E58-9D4D23F6676D}.Staging|x86.ActiveCfg = Staging|Any CPU
		{8CD8C2A7-A004-49AB-B563-2AF7D3213916}.Debug|Any CPU.ActiveCfg = Debug|Any CPU
		{8CD8C2A7-A004-49AB-B563-2AF7D3213916}.Debug|Any CPU.Build.0 = Debug|Any CPU
		{8CD8C2A7-A004-49AB-B563-2AF7D3213916}.Debug|ARM.ActiveCfg = Debug|Any CPU
		{8CD8C2A7-A004-49AB-B563-2AF7D3213916}.Debug|x64.ActiveCfg = Debug|Any CPU
		{8CD8C2A7-A004-49AB-B563-2AF7D3213916}.Debug|x86.ActiveCfg = Debug|Any CPU
		{8CD8C2A7-A004-49AB-B563-2AF7D3213916}.DebugLocal|Any CPU.ActiveCfg = Debug|Any CPU
		{8CD8C2A7-A004-49AB-B563-2AF7D3213916}.DebugLocal|Any CPU.Build.0 = Debug|Any CPU
		{8CD8C2A7-A004-49AB-B563-2AF7D3213916}.DebugLocal|ARM.ActiveCfg = Debug|Any CPU
		{8CD8C2A7-A004-49AB-B563-2AF7D3213916}.DebugLocal|x64.ActiveCfg = Debug|Any CPU
		{8CD8C2A7-A004-49AB-B563-2AF7D3213916}.DebugLocal|x86.ActiveCfg = Debug|Any CPU
		{8CD8C2A7-A004-49AB-B563-2AF7D3213916}.Release|Any CPU.ActiveCfg = Release|Any CPU
		{8CD8C2A7-A004-49AB-B563-2AF7D3213916}.Release|Any CPU.Build.0 = Release|Any CPU
		{8CD8C2A7-A004-49AB-B563-2AF7D3213916}.Release|ARM.ActiveCfg = Release|Any CPU
		{8CD8C2A7-A004-49AB-B563-2AF7D3213916}.Release|x64.ActiveCfg = Release|Any CPU
		{8CD8C2A7-A004-49AB-B563-2AF7D3213916}.Release|x86.ActiveCfg = Release|Any CPU
		{8CD8C2A7-A004-49AB-B563-2AF7D3213916}.Staging|Any CPU.ActiveCfg = Release|Any CPU
		{8CD8C2A7-A004-49AB-B563-2AF7D3213916}.Staging|ARM.ActiveCfg = Release|Any CPU
		{8CD8C2A7-A004-49AB-B563-2AF7D3213916}.Staging|x64.ActiveCfg = Release|Any CPU
		{8CD8C2A7-A004-49AB-B563-2AF7D3213916}.Staging|x86.ActiveCfg = Release|Any CPU
		{1D3B9032-3F01-429D-BFC3-7AC13631B0CC}.Debug|Any CPU.ActiveCfg = Debug|Any CPU
		{1D3B9032-3F01-429D-BFC3-7AC13631B0CC}.Debug|Any CPU.Build.0 = Debug|Any CPU
		{1D3B9032-3F01-429D-BFC3-7AC13631B0CC}.Debug|Any CPU.Deploy.0 = Debug|Any CPU
		{1D3B9032-3F01-429D-BFC3-7AC13631B0CC}.Debug|ARM.ActiveCfg = Debug|ARM
		{1D3B9032-3F01-429D-BFC3-7AC13631B0CC}.Debug|ARM.Build.0 = Debug|ARM
		{1D3B9032-3F01-429D-BFC3-7AC13631B0CC}.Debug|ARM.Deploy.0 = Debug|ARM
		{1D3B9032-3F01-429D-BFC3-7AC13631B0CC}.Debug|x64.ActiveCfg = Debug|x64
		{1D3B9032-3F01-429D-BFC3-7AC13631B0CC}.Debug|x64.Build.0 = Debug|x64
		{1D3B9032-3F01-429D-BFC3-7AC13631B0CC}.Debug|x64.Deploy.0 = Debug|x64
		{1D3B9032-3F01-429D-BFC3-7AC13631B0CC}.Debug|x86.ActiveCfg = Debug|x86
		{1D3B9032-3F01-429D-BFC3-7AC13631B0CC}.Debug|x86.Build.0 = Debug|x86
		{1D3B9032-3F01-429D-BFC3-7AC13631B0CC}.Debug|x86.Deploy.0 = Debug|x86
		{1D3B9032-3F01-429D-BFC3-7AC13631B0CC}.DebugLocal|Any CPU.ActiveCfg = Debug|Any CPU
		{1D3B9032-3F01-429D-BFC3-7AC13631B0CC}.DebugLocal|Any CPU.Build.0 = Debug|Any CPU
		{1D3B9032-3F01-429D-BFC3-7AC13631B0CC}.DebugLocal|Any CPU.Deploy.0 = Debug|Any CPU
		{1D3B9032-3F01-429D-BFC3-7AC13631B0CC}.DebugLocal|ARM.ActiveCfg = Debug|ARM
		{1D3B9032-3F01-429D-BFC3-7AC13631B0CC}.DebugLocal|ARM.Build.0 = Debug|ARM
		{1D3B9032-3F01-429D-BFC3-7AC13631B0CC}.DebugLocal|ARM.Deploy.0 = Debug|ARM
		{1D3B9032-3F01-429D-BFC3-7AC13631B0CC}.DebugLocal|x64.ActiveCfg = Debug|x64
		{1D3B9032-3F01-429D-BFC3-7AC13631B0CC}.DebugLocal|x64.Build.0 = Debug|x64
		{1D3B9032-3F01-429D-BFC3-7AC13631B0CC}.DebugLocal|x64.Deploy.0 = Debug|x64
		{1D3B9032-3F01-429D-BFC3-7AC13631B0CC}.DebugLocal|x86.ActiveCfg = Debug|x86
		{1D3B9032-3F01-429D-BFC3-7AC13631B0CC}.DebugLocal|x86.Build.0 = Debug|x86
		{1D3B9032-3F01-429D-BFC3-7AC13631B0CC}.DebugLocal|x86.Deploy.0 = Debug|x86
		{1D3B9032-3F01-429D-BFC3-7AC13631B0CC}.Release|Any CPU.ActiveCfg = Release|Any CPU
		{1D3B9032-3F01-429D-BFC3-7AC13631B0CC}.Release|Any CPU.Build.0 = Release|Any CPU
		{1D3B9032-3F01-429D-BFC3-7AC13631B0CC}.Release|Any CPU.Deploy.0 = Release|Any CPU
		{1D3B9032-3F01-429D-BFC3-7AC13631B0CC}.Release|ARM.ActiveCfg = Release|ARM
		{1D3B9032-3F01-429D-BFC3-7AC13631B0CC}.Release|ARM.Build.0 = Release|ARM
		{1D3B9032-3F01-429D-BFC3-7AC13631B0CC}.Release|ARM.Deploy.0 = Release|ARM
		{1D3B9032-3F01-429D-BFC3-7AC13631B0CC}.Release|x64.ActiveCfg = Release|x64
		{1D3B9032-3F01-429D-BFC3-7AC13631B0CC}.Release|x64.Build.0 = Release|x64
		{1D3B9032-3F01-429D-BFC3-7AC13631B0CC}.Release|x64.Deploy.0 = Release|x64
		{1D3B9032-3F01-429D-BFC3-7AC13631B0CC}.Release|x86.ActiveCfg = Release|x86
		{1D3B9032-3F01-429D-BFC3-7AC13631B0CC}.Release|x86.Build.0 = Release|x86
		{1D3B9032-3F01-429D-BFC3-7AC13631B0CC}.Release|x86.Deploy.0 = Release|x86
		{1D3B9032-3F01-429D-BFC3-7AC13631B0CC}.Staging|Any CPU.ActiveCfg = Release|Any CPU
		{1D3B9032-3F01-429D-BFC3-7AC13631B0CC}.Staging|Any CPU.Build.0 = Release|Any CPU
		{1D3B9032-3F01-429D-BFC3-7AC13631B0CC}.Staging|Any CPU.Deploy.0 = Release|Any CPU
		{1D3B9032-3F01-429D-BFC3-7AC13631B0CC}.Staging|ARM.ActiveCfg = Release|ARM
		{1D3B9032-3F01-429D-BFC3-7AC13631B0CC}.Staging|ARM.Build.0 = Release|ARM
		{1D3B9032-3F01-429D-BFC3-7AC13631B0CC}.Staging|ARM.Deploy.0 = Release|ARM
		{1D3B9032-3F01-429D-BFC3-7AC13631B0CC}.Staging|x64.ActiveCfg = Release|x64
		{1D3B9032-3F01-429D-BFC3-7AC13631B0CC}.Staging|x64.Build.0 = Release|x64
		{1D3B9032-3F01-429D-BFC3-7AC13631B0CC}.Staging|x64.Deploy.0 = Release|x64
		{1D3B9032-3F01-429D-BFC3-7AC13631B0CC}.Staging|x86.ActiveCfg = Release|x86
		{1D3B9032-3F01-429D-BFC3-7AC13631B0CC}.Staging|x86.Build.0 = Release|x86
		{1D3B9032-3F01-429D-BFC3-7AC13631B0CC}.Staging|x86.Deploy.0 = Release|x86
		{05DF07EE-E9E7-4956-90FA-F21C6AE86EC7}.Debug|Any CPU.ActiveCfg = Debug|Any CPU
		{05DF07EE-E9E7-4956-90FA-F21C6AE86EC7}.Debug|Any CPU.Build.0 = Debug|Any CPU
		{05DF07EE-E9E7-4956-90FA-F21C6AE86EC7}.Debug|Any CPU.Deploy.0 = Debug|Any CPU
		{05DF07EE-E9E7-4956-90FA-F21C6AE86EC7}.Debug|ARM.ActiveCfg = Debug|ARM
		{05DF07EE-E9E7-4956-90FA-F21C6AE86EC7}.Debug|ARM.Build.0 = Debug|ARM
		{05DF07EE-E9E7-4956-90FA-F21C6AE86EC7}.Debug|ARM.Deploy.0 = Debug|ARM
		{05DF07EE-E9E7-4956-90FA-F21C6AE86EC7}.Debug|x64.ActiveCfg = Debug|Any CPU
		{05DF07EE-E9E7-4956-90FA-F21C6AE86EC7}.Debug|x86.ActiveCfg = Debug|x86
		{05DF07EE-E9E7-4956-90FA-F21C6AE86EC7}.Debug|x86.Build.0 = Debug|x86
		{05DF07EE-E9E7-4956-90FA-F21C6AE86EC7}.Debug|x86.Deploy.0 = Debug|x86
		{05DF07EE-E9E7-4956-90FA-F21C6AE86EC7}.DebugLocal|Any CPU.ActiveCfg = Debug|Any CPU
		{05DF07EE-E9E7-4956-90FA-F21C6AE86EC7}.DebugLocal|Any CPU.Build.0 = Debug|Any CPU
		{05DF07EE-E9E7-4956-90FA-F21C6AE86EC7}.DebugLocal|Any CPU.Deploy.0 = Debug|Any CPU
		{05DF07EE-E9E7-4956-90FA-F21C6AE86EC7}.DebugLocal|ARM.ActiveCfg = Debug|ARM
		{05DF07EE-E9E7-4956-90FA-F21C6AE86EC7}.DebugLocal|ARM.Build.0 = Debug|ARM
		{05DF07EE-E9E7-4956-90FA-F21C6AE86EC7}.DebugLocal|ARM.Deploy.0 = Debug|ARM
		{05DF07EE-E9E7-4956-90FA-F21C6AE86EC7}.DebugLocal|x64.ActiveCfg = Debug|Any CPU
		{05DF07EE-E9E7-4956-90FA-F21C6AE86EC7}.DebugLocal|x86.ActiveCfg = Debug|x86
		{05DF07EE-E9E7-4956-90FA-F21C6AE86EC7}.DebugLocal|x86.Build.0 = Debug|x86
		{05DF07EE-E9E7-4956-90FA-F21C6AE86EC7}.DebugLocal|x86.Deploy.0 = Debug|x86
		{05DF07EE-E9E7-4956-90FA-F21C6AE86EC7}.Release|Any CPU.ActiveCfg = Release|Any CPU
		{05DF07EE-E9E7-4956-90FA-F21C6AE86EC7}.Release|Any CPU.Build.0 = Release|Any CPU
		{05DF07EE-E9E7-4956-90FA-F21C6AE86EC7}.Release|Any CPU.Deploy.0 = Release|Any CPU
		{05DF07EE-E9E7-4956-90FA-F21C6AE86EC7}.Release|ARM.ActiveCfg = Release|ARM
		{05DF07EE-E9E7-4956-90FA-F21C6AE86EC7}.Release|ARM.Build.0 = Release|ARM
		{05DF07EE-E9E7-4956-90FA-F21C6AE86EC7}.Release|ARM.Deploy.0 = Release|ARM
		{05DF07EE-E9E7-4956-90FA-F21C6AE86EC7}.Release|x64.ActiveCfg = Release|Any CPU
		{05DF07EE-E9E7-4956-90FA-F21C6AE86EC7}.Release|x86.ActiveCfg = Release|x86
		{05DF07EE-E9E7-4956-90FA-F21C6AE86EC7}.Release|x86.Build.0 = Release|x86
		{05DF07EE-E9E7-4956-90FA-F21C6AE86EC7}.Release|x86.Deploy.0 = Release|x86
		{05DF07EE-E9E7-4956-90FA-F21C6AE86EC7}.Staging|Any CPU.ActiveCfg = Release|Any CPU
		{05DF07EE-E9E7-4956-90FA-F21C6AE86EC7}.Staging|Any CPU.Build.0 = Release|Any CPU
		{05DF07EE-E9E7-4956-90FA-F21C6AE86EC7}.Staging|Any CPU.Deploy.0 = Release|Any CPU
		{05DF07EE-E9E7-4956-90FA-F21C6AE86EC7}.Staging|ARM.ActiveCfg = Release|ARM
		{05DF07EE-E9E7-4956-90FA-F21C6AE86EC7}.Staging|ARM.Build.0 = Release|ARM
		{05DF07EE-E9E7-4956-90FA-F21C6AE86EC7}.Staging|ARM.Deploy.0 = Release|ARM
		{05DF07EE-E9E7-4956-90FA-F21C6AE86EC7}.Staging|x64.ActiveCfg = Release|Any CPU
		{05DF07EE-E9E7-4956-90FA-F21C6AE86EC7}.Staging|x86.ActiveCfg = Release|x86
		{05DF07EE-E9E7-4956-90FA-F21C6AE86EC7}.Staging|x86.Build.0 = Release|x86
		{05DF07EE-E9E7-4956-90FA-F21C6AE86EC7}.Staging|x86.Deploy.0 = Release|x86
		{95063A19-73AD-4C06-88BA-0EF57C159EE1}.Debug|Any CPU.ActiveCfg = Debug|Any CPU
		{95063A19-73AD-4C06-88BA-0EF57C159EE1}.Debug|Any CPU.Build.0 = Debug|Any CPU
		{95063A19-73AD-4C06-88BA-0EF57C159EE1}.Debug|ARM.ActiveCfg = Debug|ARM
		{95063A19-73AD-4C06-88BA-0EF57C159EE1}.Debug|ARM.Build.0 = Debug|ARM
		{95063A19-73AD-4C06-88BA-0EF57C159EE1}.Debug|x64.ActiveCfg = Debug|x64
		{95063A19-73AD-4C06-88BA-0EF57C159EE1}.Debug|x64.Build.0 = Debug|x64
		{95063A19-73AD-4C06-88BA-0EF57C159EE1}.Debug|x86.ActiveCfg = Debug|x86
		{95063A19-73AD-4C06-88BA-0EF57C159EE1}.Debug|x86.Build.0 = Debug|x86
		{95063A19-73AD-4C06-88BA-0EF57C159EE1}.DebugLocal|Any CPU.ActiveCfg = Debug|Any CPU
		{95063A19-73AD-4C06-88BA-0EF57C159EE1}.DebugLocal|Any CPU.Build.0 = Debug|Any CPU
		{95063A19-73AD-4C06-88BA-0EF57C159EE1}.DebugLocal|ARM.ActiveCfg = Debug|ARM
		{95063A19-73AD-4C06-88BA-0EF57C159EE1}.DebugLocal|ARM.Build.0 = Debug|ARM
		{95063A19-73AD-4C06-88BA-0EF57C159EE1}.DebugLocal|x64.ActiveCfg = Debug|x64
		{95063A19-73AD-4C06-88BA-0EF57C159EE1}.DebugLocal|x64.Build.0 = Debug|x64
		{95063A19-73AD-4C06-88BA-0EF57C159EE1}.DebugLocal|x86.ActiveCfg = Debug|x86
		{95063A19-73AD-4C06-88BA-0EF57C159EE1}.DebugLocal|x86.Build.0 = Debug|x86
		{95063A19-73AD-4C06-88BA-0EF57C159EE1}.Release|Any CPU.ActiveCfg = Release|Any CPU
		{95063A19-73AD-4C06-88BA-0EF57C159EE1}.Release|Any CPU.Build.0 = Release|Any CPU
		{95063A19-73AD-4C06-88BA-0EF57C159EE1}.Release|ARM.ActiveCfg = Release|ARM
		{95063A19-73AD-4C06-88BA-0EF57C159EE1}.Release|ARM.Build.0 = Release|ARM
		{95063A19-73AD-4C06-88BA-0EF57C159EE1}.Release|x64.ActiveCfg = Release|x64
		{95063A19-73AD-4C06-88BA-0EF57C159EE1}.Release|x64.Build.0 = Release|x64
		{95063A19-73AD-4C06-88BA-0EF57C159EE1}.Release|x86.ActiveCfg = Release|x86
		{95063A19-73AD-4C06-88BA-0EF57C159EE1}.Release|x86.Build.0 = Release|x86
		{95063A19-73AD-4C06-88BA-0EF57C159EE1}.Staging|Any CPU.ActiveCfg = Release|Any CPU
		{95063A19-73AD-4C06-88BA-0EF57C159EE1}.Staging|Any CPU.Build.0 = Release|Any CPU
		{95063A19-73AD-4C06-88BA-0EF57C159EE1}.Staging|ARM.ActiveCfg = Release|ARM
		{95063A19-73AD-4C06-88BA-0EF57C159EE1}.Staging|ARM.Build.0 = Release|ARM
		{95063A19-73AD-4C06-88BA-0EF57C159EE1}.Staging|x64.ActiveCfg = Release|x64
		{95063A19-73AD-4C06-88BA-0EF57C159EE1}.Staging|x64.Build.0 = Release|x64
		{95063A19-73AD-4C06-88BA-0EF57C159EE1}.Staging|x86.ActiveCfg = Release|x86
		{95063A19-73AD-4C06-88BA-0EF57C159EE1}.Staging|x86.Build.0 = Release|x86
		{548FCB2B-1944-440F-9E7F-CF73E7B63E6F}.Debug|Any CPU.ActiveCfg = Debug|Any CPU
		{548FCB2B-1944-440F-9E7F-CF73E7B63E6F}.Debug|Any CPU.Build.0 = Debug|Any CPU
		{548FCB2B-1944-440F-9E7F-CF73E7B63E6F}.Debug|ARM.ActiveCfg = Debug|ARM
		{548FCB2B-1944-440F-9E7F-CF73E7B63E6F}.Debug|ARM.Build.0 = Debug|ARM
		{548FCB2B-1944-440F-9E7F-CF73E7B63E6F}.Debug|x64.ActiveCfg = Debug|Any CPU
		{548FCB2B-1944-440F-9E7F-CF73E7B63E6F}.Debug|x86.ActiveCfg = Debug|x86
		{548FCB2B-1944-440F-9E7F-CF73E7B63E6F}.Debug|x86.Build.0 = Debug|x86
		{548FCB2B-1944-440F-9E7F-CF73E7B63E6F}.DebugLocal|Any CPU.ActiveCfg = Debug|Any CPU
		{548FCB2B-1944-440F-9E7F-CF73E7B63E6F}.DebugLocal|Any CPU.Build.0 = Debug|Any CPU
		{548FCB2B-1944-440F-9E7F-CF73E7B63E6F}.DebugLocal|ARM.ActiveCfg = Debug|ARM
		{548FCB2B-1944-440F-9E7F-CF73E7B63E6F}.DebugLocal|ARM.Build.0 = Debug|ARM
		{548FCB2B-1944-440F-9E7F-CF73E7B63E6F}.DebugLocal|x64.ActiveCfg = Debug|Any CPU
		{548FCB2B-1944-440F-9E7F-CF73E7B63E6F}.DebugLocal|x86.ActiveCfg = Debug|x86
		{548FCB2B-1944-440F-9E7F-CF73E7B63E6F}.DebugLocal|x86.Build.0 = Debug|x86
		{548FCB2B-1944-440F-9E7F-CF73E7B63E6F}.Release|Any CPU.ActiveCfg = Release|Any CPU
		{548FCB2B-1944-440F-9E7F-CF73E7B63E6F}.Release|Any CPU.Build.0 = Release|Any CPU
		{548FCB2B-1944-440F-9E7F-CF73E7B63E6F}.Release|ARM.ActiveCfg = Release|ARM
		{548FCB2B-1944-440F-9E7F-CF73E7B63E6F}.Release|ARM.Build.0 = Release|ARM
		{548FCB2B-1944-440F-9E7F-CF73E7B63E6F}.Release|x64.ActiveCfg = Release|Any CPU
		{548FCB2B-1944-440F-9E7F-CF73E7B63E6F}.Release|x86.ActiveCfg = Release|x86
		{548FCB2B-1944-440F-9E7F-CF73E7B63E6F}.Release|x86.Build.0 = Release|x86
		{548FCB2B-1944-440F-9E7F-CF73E7B63E6F}.Staging|Any CPU.ActiveCfg = Release|Any CPU
		{548FCB2B-1944-440F-9E7F-CF73E7B63E6F}.Staging|Any CPU.Build.0 = Release|Any CPU
		{548FCB2B-1944-440F-9E7F-CF73E7B63E6F}.Staging|ARM.ActiveCfg = Release|ARM
		{548FCB2B-1944-440F-9E7F-CF73E7B63E6F}.Staging|ARM.Build.0 = Release|ARM
		{548FCB2B-1944-440F-9E7F-CF73E7B63E6F}.Staging|x64.ActiveCfg = Release|Any CPU
		{548FCB2B-1944-440F-9E7F-CF73E7B63E6F}.Staging|x86.ActiveCfg = Release|x86
		{548FCB2B-1944-440F-9E7F-CF73E7B63E6F}.Staging|x86.Build.0 = Release|x86
		{1E49048A-2E48-4493-A657-3D9B847254A9}.Debug|Any CPU.ActiveCfg = Debug|Any CPU
		{1E49048A-2E48-4493-A657-3D9B847254A9}.Debug|Any CPU.Build.0 = Debug|Any CPU
		{1E49048A-2E48-4493-A657-3D9B847254A9}.Debug|ARM.ActiveCfg = Debug|ARM
		{1E49048A-2E48-4493-A657-3D9B847254A9}.Debug|ARM.Build.0 = Debug|ARM
		{1E49048A-2E48-4493-A657-3D9B847254A9}.Debug|x64.ActiveCfg = Debug|Any CPU
		{1E49048A-2E48-4493-A657-3D9B847254A9}.Debug|x86.ActiveCfg = Debug|x86
		{1E49048A-2E48-4493-A657-3D9B847254A9}.Debug|x86.Build.0 = Debug|x86
		{1E49048A-2E48-4493-A657-3D9B847254A9}.DebugLocal|Any CPU.ActiveCfg = Debug|Any CPU
		{1E49048A-2E48-4493-A657-3D9B847254A9}.DebugLocal|Any CPU.Build.0 = Debug|Any CPU
		{1E49048A-2E48-4493-A657-3D9B847254A9}.DebugLocal|ARM.ActiveCfg = Debug|ARM
		{1E49048A-2E48-4493-A657-3D9B847254A9}.DebugLocal|ARM.Build.0 = Debug|ARM
		{1E49048A-2E48-4493-A657-3D9B847254A9}.DebugLocal|x64.ActiveCfg = Debug|Any CPU
		{1E49048A-2E48-4493-A657-3D9B847254A9}.DebugLocal|x86.ActiveCfg = Debug|x86
		{1E49048A-2E48-4493-A657-3D9B847254A9}.DebugLocal|x86.Build.0 = Debug|x86
		{1E49048A-2E48-4493-A657-3D9B847254A9}.Release|Any CPU.ActiveCfg = Release|Any CPU
		{1E49048A-2E48-4493-A657-3D9B847254A9}.Release|Any CPU.Build.0 = Release|Any CPU
		{1E49048A-2E48-4493-A657-3D9B847254A9}.Release|ARM.ActiveCfg = Release|ARM
		{1E49048A-2E48-4493-A657-3D9B847254A9}.Release|ARM.Build.0 = Release|ARM
		{1E49048A-2E48-4493-A657-3D9B847254A9}.Release|x64.ActiveCfg = Release|Any CPU
		{1E49048A-2E48-4493-A657-3D9B847254A9}.Release|x86.ActiveCfg = Release|x86
		{1E49048A-2E48-4493-A657-3D9B847254A9}.Release|x86.Build.0 = Release|x86
		{1E49048A-2E48-4493-A657-3D9B847254A9}.Staging|Any CPU.ActiveCfg = Release|Any CPU
		{1E49048A-2E48-4493-A657-3D9B847254A9}.Staging|Any CPU.Build.0 = Release|Any CPU
		{1E49048A-2E48-4493-A657-3D9B847254A9}.Staging|ARM.ActiveCfg = Release|ARM
		{1E49048A-2E48-4493-A657-3D9B847254A9}.Staging|ARM.Build.0 = Release|ARM
		{1E49048A-2E48-4493-A657-3D9B847254A9}.Staging|x64.ActiveCfg = Release|Any CPU
		{1E49048A-2E48-4493-A657-3D9B847254A9}.Staging|x86.ActiveCfg = Release|x86
		{1E49048A-2E48-4493-A657-3D9B847254A9}.Staging|x86.Build.0 = Release|x86
		{D404F312-22C9-4E0A-9FEA-9BEF152C4649}.Debug|Any CPU.ActiveCfg = Debug|Any CPU
		{D404F312-22C9-4E0A-9FEA-9BEF152C4649}.Debug|Any CPU.Build.0 = Debug|Any CPU
		{D404F312-22C9-4E0A-9FEA-9BEF152C4649}.Debug|ARM.ActiveCfg = Debug|ARM
		{D404F312-22C9-4E0A-9FEA-9BEF152C4649}.Debug|ARM.Build.0 = Debug|ARM
		{D404F312-22C9-4E0A-9FEA-9BEF152C4649}.Debug|x64.ActiveCfg = Debug|Any CPU
		{D404F312-22C9-4E0A-9FEA-9BEF152C4649}.Debug|x86.ActiveCfg = Debug|x86
		{D404F312-22C9-4E0A-9FEA-9BEF152C4649}.Debug|x86.Build.0 = Debug|x86
		{D404F312-22C9-4E0A-9FEA-9BEF152C4649}.DebugLocal|Any CPU.ActiveCfg = Debug|Any CPU
		{D404F312-22C9-4E0A-9FEA-9BEF152C4649}.DebugLocal|Any CPU.Build.0 = Debug|Any CPU
		{D404F312-22C9-4E0A-9FEA-9BEF152C4649}.DebugLocal|ARM.ActiveCfg = Debug|ARM
		{D404F312-22C9-4E0A-9FEA-9BEF152C4649}.DebugLocal|ARM.Build.0 = Debug|ARM
		{D404F312-22C9-4E0A-9FEA-9BEF152C4649}.DebugLocal|x64.ActiveCfg = Debug|Any CPU
		{D404F312-22C9-4E0A-9FEA-9BEF152C4649}.DebugLocal|x86.ActiveCfg = Debug|x86
		{D404F312-22C9-4E0A-9FEA-9BEF152C4649}.DebugLocal|x86.Build.0 = Debug|x86
		{D404F312-22C9-4E0A-9FEA-9BEF152C4649}.Release|Any CPU.ActiveCfg = Release|Any CPU
		{D404F312-22C9-4E0A-9FEA-9BEF152C4649}.Release|Any CPU.Build.0 = Release|Any CPU
		{D404F312-22C9-4E0A-9FEA-9BEF152C4649}.Release|ARM.ActiveCfg = Release|ARM
		{D404F312-22C9-4E0A-9FEA-9BEF152C4649}.Release|ARM.Build.0 = Release|ARM
		{D404F312-22C9-4E0A-9FEA-9BEF152C4649}.Release|x64.ActiveCfg = Release|Any CPU
		{D404F312-22C9-4E0A-9FEA-9BEF152C4649}.Release|x86.ActiveCfg = Release|x86
		{D404F312-22C9-4E0A-9FEA-9BEF152C4649}.Release|x86.Build.0 = Release|x86
		{D404F312-22C9-4E0A-9FEA-9BEF152C4649}.Staging|Any CPU.ActiveCfg = Release|Any CPU
		{D404F312-22C9-4E0A-9FEA-9BEF152C4649}.Staging|Any CPU.Build.0 = Release|Any CPU
		{D404F312-22C9-4E0A-9FEA-9BEF152C4649}.Staging|ARM.ActiveCfg = Release|ARM
		{D404F312-22C9-4E0A-9FEA-9BEF152C4649}.Staging|ARM.Build.0 = Release|ARM
		{D404F312-22C9-4E0A-9FEA-9BEF152C4649}.Staging|x64.ActiveCfg = Release|Any CPU
		{D404F312-22C9-4E0A-9FEA-9BEF152C4649}.Staging|x86.ActiveCfg = Release|x86
		{D404F312-22C9-4E0A-9FEA-9BEF152C4649}.Staging|x86.Build.0 = Release|x86
		{E3A77E78-2009-4A50-9003-F2CA0A408292}.Debug|Any CPU.ActiveCfg = Debug|Any CPU
		{E3A77E78-2009-4A50-9003-F2CA0A408292}.Debug|Any CPU.Build.0 = Debug|Any CPU
		{E3A77E78-2009-4A50-9003-F2CA0A408292}.Debug|ARM.ActiveCfg = Debug|ARM
		{E3A77E78-2009-4A50-9003-F2CA0A408292}.Debug|ARM.Build.0 = Debug|ARM
		{E3A77E78-2009-4A50-9003-F2CA0A408292}.Debug|x64.ActiveCfg = Debug|x64
		{E3A77E78-2009-4A50-9003-F2CA0A408292}.Debug|x64.Build.0 = Debug|x64
		{E3A77E78-2009-4A50-9003-F2CA0A408292}.Debug|x86.ActiveCfg = Debug|x86
		{E3A77E78-2009-4A50-9003-F2CA0A408292}.Debug|x86.Build.0 = Debug|x86
		{E3A77E78-2009-4A50-9003-F2CA0A408292}.DebugLocal|Any CPU.ActiveCfg = Debug|Any CPU
		{E3A77E78-2009-4A50-9003-F2CA0A408292}.DebugLocal|Any CPU.Build.0 = Debug|Any CPU
		{E3A77E78-2009-4A50-9003-F2CA0A408292}.DebugLocal|ARM.ActiveCfg = Debug|ARM
		{E3A77E78-2009-4A50-9003-F2CA0A408292}.DebugLocal|ARM.Build.0 = Debug|ARM
		{E3A77E78-2009-4A50-9003-F2CA0A408292}.DebugLocal|x64.ActiveCfg = Debug|x64
		{E3A77E78-2009-4A50-9003-F2CA0A408292}.DebugLocal|x64.Build.0 = Debug|x64
		{E3A77E78-2009-4A50-9003-F2CA0A408292}.DebugLocal|x86.ActiveCfg = Debug|x86
		{E3A77E78-2009-4A50-9003-F2CA0A408292}.DebugLocal|x86.Build.0 = Debug|x86
		{E3A77E78-2009-4A50-9003-F2CA0A408292}.Release|Any CPU.ActiveCfg = Release|Any CPU
		{E3A77E78-2009-4A50-9003-F2CA0A408292}.Release|Any CPU.Build.0 = Release|Any CPU
		{E3A77E78-2009-4A50-9003-F2CA0A408292}.Release|ARM.ActiveCfg = Release|ARM
		{E3A77E78-2009-4A50-9003-F2CA0A408292}.Release|ARM.Build.0 = Release|ARM
		{E3A77E78-2009-4A50-9003-F2CA0A408292}.Release|x64.ActiveCfg = Release|x64
		{E3A77E78-2009-4A50-9003-F2CA0A408292}.Release|x64.Build.0 = Release|x64
		{E3A77E78-2009-4A50-9003-F2CA0A408292}.Release|x86.ActiveCfg = Release|x86
		{E3A77E78-2009-4A50-9003-F2CA0A408292}.Release|x86.Build.0 = Release|x86
		{E3A77E78-2009-4A50-9003-F2CA0A408292}.Staging|Any CPU.ActiveCfg = Release|Any CPU
		{E3A77E78-2009-4A50-9003-F2CA0A408292}.Staging|Any CPU.Build.0 = Release|Any CPU
		{E3A77E78-2009-4A50-9003-F2CA0A408292}.Staging|ARM.ActiveCfg = Release|ARM
		{E3A77E78-2009-4A50-9003-F2CA0A408292}.Staging|ARM.Build.0 = Release|ARM
		{E3A77E78-2009-4A50-9003-F2CA0A408292}.Staging|x64.ActiveCfg = Release|x64
		{E3A77E78-2009-4A50-9003-F2CA0A408292}.Staging|x64.Build.0 = Release|x64
		{E3A77E78-2009-4A50-9003-F2CA0A408292}.Staging|x86.ActiveCfg = Release|x86
		{E3A77E78-2009-4A50-9003-F2CA0A408292}.Staging|x86.Build.0 = Release|x86
		{B5E64D4E-018C-417F-9E97-AFB22409F5EB}.Debug|Any CPU.ActiveCfg = Debug|Any CPU
		{B5E64D4E-018C-417F-9E97-AFB22409F5EB}.Debug|Any CPU.Build.0 = Debug|Any CPU
		{B5E64D4E-018C-417F-9E97-AFB22409F5EB}.Debug|ARM.ActiveCfg = Debug|ARM
		{B5E64D4E-018C-417F-9E97-AFB22409F5EB}.Debug|ARM.Build.0 = Debug|ARM
		{B5E64D4E-018C-417F-9E97-AFB22409F5EB}.Debug|x64.ActiveCfg = Debug|x64
		{B5E64D4E-018C-417F-9E97-AFB22409F5EB}.Debug|x64.Build.0 = Debug|x64
		{B5E64D4E-018C-417F-9E97-AFB22409F5EB}.Debug|x86.ActiveCfg = Debug|x86
		{B5E64D4E-018C-417F-9E97-AFB22409F5EB}.Debug|x86.Build.0 = Debug|x86
		{B5E64D4E-018C-417F-9E97-AFB22409F5EB}.DebugLocal|Any CPU.ActiveCfg = Debug|Any CPU
		{B5E64D4E-018C-417F-9E97-AFB22409F5EB}.DebugLocal|Any CPU.Build.0 = Debug|Any CPU
		{B5E64D4E-018C-417F-9E97-AFB22409F5EB}.DebugLocal|ARM.ActiveCfg = Debug|ARM
		{B5E64D4E-018C-417F-9E97-AFB22409F5EB}.DebugLocal|ARM.Build.0 = Debug|ARM
		{B5E64D4E-018C-417F-9E97-AFB22409F5EB}.DebugLocal|x64.ActiveCfg = Debug|x64
		{B5E64D4E-018C-417F-9E97-AFB22409F5EB}.DebugLocal|x64.Build.0 = Debug|x64
		{B5E64D4E-018C-417F-9E97-AFB22409F5EB}.DebugLocal|x86.ActiveCfg = Debug|x86
		{B5E64D4E-018C-417F-9E97-AFB22409F5EB}.DebugLocal|x86.Build.0 = Debug|x86
		{B5E64D4E-018C-417F-9E97-AFB22409F5EB}.Release|Any CPU.ActiveCfg = Release|Any CPU
		{B5E64D4E-018C-417F-9E97-AFB22409F5EB}.Release|Any CPU.Build.0 = Release|Any CPU
		{B5E64D4E-018C-417F-9E97-AFB22409F5EB}.Release|ARM.ActiveCfg = Release|ARM
		{B5E64D4E-018C-417F-9E97-AFB22409F5EB}.Release|ARM.Build.0 = Release|ARM
		{B5E64D4E-018C-417F-9E97-AFB22409F5EB}.Release|x64.ActiveCfg = Release|x64
		{B5E64D4E-018C-417F-9E97-AFB22409F5EB}.Release|x64.Build.0 = Release|x64
		{B5E64D4E-018C-417F-9E97-AFB22409F5EB}.Release|x86.ActiveCfg = Release|x86
		{B5E64D4E-018C-417F-9E97-AFB22409F5EB}.Release|x86.Build.0 = Release|x86
		{B5E64D4E-018C-417F-9E97-AFB22409F5EB}.Staging|Any CPU.ActiveCfg = Release|Any CPU
		{B5E64D4E-018C-417F-9E97-AFB22409F5EB}.Staging|Any CPU.Build.0 = Release|Any CPU
		{B5E64D4E-018C-417F-9E97-AFB22409F5EB}.Staging|ARM.ActiveCfg = Release|ARM
		{B5E64D4E-018C-417F-9E97-AFB22409F5EB}.Staging|ARM.Build.0 = Release|ARM
		{B5E64D4E-018C-417F-9E97-AFB22409F5EB}.Staging|x64.ActiveCfg = Release|x64
		{B5E64D4E-018C-417F-9E97-AFB22409F5EB}.Staging|x64.Build.0 = Release|x64
		{B5E64D4E-018C-417F-9E97-AFB22409F5EB}.Staging|x86.ActiveCfg = Release|x86
		{B5E64D4E-018C-417F-9E97-AFB22409F5EB}.Staging|x86.Build.0 = Release|x86
		{3BC31396-EFBA-42D4-AA31-F4ACE96B9023}.Debug|Any CPU.ActiveCfg = Debug|Any CPU
		{3BC31396-EFBA-42D4-AA31-F4ACE96B9023}.Debug|Any CPU.Build.0 = Debug|Any CPU
		{3BC31396-EFBA-42D4-AA31-F4ACE96B9023}.Debug|ARM.ActiveCfg = Debug|Any CPU
		{3BC31396-EFBA-42D4-AA31-F4ACE96B9023}.Debug|x64.ActiveCfg = Debug|Any CPU
		{3BC31396-EFBA-42D4-AA31-F4ACE96B9023}.Debug|x86.ActiveCfg = Debug|Any CPU
		{3BC31396-EFBA-42D4-AA31-F4ACE96B9023}.DebugLocal|Any CPU.ActiveCfg = Debug|Any CPU
		{3BC31396-EFBA-42D4-AA31-F4ACE96B9023}.DebugLocal|Any CPU.Build.0 = Debug|Any CPU
		{3BC31396-EFBA-42D4-AA31-F4ACE96B9023}.DebugLocal|ARM.ActiveCfg = Debug|Any CPU
		{3BC31396-EFBA-42D4-AA31-F4ACE96B9023}.DebugLocal|x64.ActiveCfg = Debug|Any CPU
		{3BC31396-EFBA-42D4-AA31-F4ACE96B9023}.DebugLocal|x86.ActiveCfg = Debug|Any CPU
		{3BC31396-EFBA-42D4-AA31-F4ACE96B9023}.Release|Any CPU.ActiveCfg = Release|Any CPU
		{3BC31396-EFBA-42D4-AA31-F4ACE96B9023}.Release|Any CPU.Build.0 = Release|Any CPU
		{3BC31396-EFBA-42D4-AA31-F4ACE96B9023}.Release|ARM.ActiveCfg = Release|Any CPU
		{3BC31396-EFBA-42D4-AA31-F4ACE96B9023}.Release|x64.ActiveCfg = Release|Any CPU
		{3BC31396-EFBA-42D4-AA31-F4ACE96B9023}.Release|x86.ActiveCfg = Release|Any CPU
		{3BC31396-EFBA-42D4-AA31-F4ACE96B9023}.Staging|Any CPU.ActiveCfg = Staging|Any CPU
		{3BC31396-EFBA-42D4-AA31-F4ACE96B9023}.Staging|Any CPU.Build.0 = Staging|Any CPU
		{3BC31396-EFBA-42D4-AA31-F4ACE96B9023}.Staging|ARM.ActiveCfg = Staging|Any CPU
		{3BC31396-EFBA-42D4-AA31-F4ACE96B9023}.Staging|x64.ActiveCfg = Staging|Any CPU
		{3BC31396-EFBA-42D4-AA31-F4ACE96B9023}.Staging|x86.ActiveCfg = Staging|Any CPU
	EndGlobalSection
	GlobalSection(SolutionProperties) = preSolution
		HideSolutionNode = FALSE
	EndGlobalSection
	GlobalSection(NestedProjects) = preSolution
		{96D81648-A73E-4638-80DD-A6A1B0DBC077} = {352092C6-041C-4868-B48A-B17F7C4F4080}
		{1D3B9032-3F01-429D-BFC3-7AC13631B0CC} = {352092C6-041C-4868-B48A-B17F7C4F4080}
		{05DF07EE-E9E7-4956-90FA-F21C6AE86EC7} = {352092C6-041C-4868-B48A-B17F7C4F4080}
		{810D9CAC-F110-4763-A9FC-A23BC1CE3690} = {D6C8F160-039A-4EDB-82FC-E02EFCEED2A9}
		{95063A19-73AD-4C06-88BA-0EF57C159EE1} = {D6C8F160-039A-4EDB-82FC-E02EFCEED2A9}
		{548FCB2B-1944-440F-9E7F-CF73E7B63E6F} = {D6C8F160-039A-4EDB-82FC-E02EFCEED2A9}
		{1E49048A-2E48-4493-A657-3D9B847254A9} = {9AD5C611-86F1-40AD-938D-DC47ED6815EB}
		{D43734CE-9518-431D-9811-C7CA172E05EB} = {7EA96F04-0A4C-46E1-AA36-C6CD804D147C}
		{D404F312-22C9-4E0A-9FEA-9BEF152C4649} = {7EA96F04-0A4C-46E1-AA36-C6CD804D147C}
		{E3A77E78-2009-4A50-9003-F2CA0A408292} = {7EA96F04-0A4C-46E1-AA36-C6CD804D147C}
		{840CE639-884A-43C0-90DA-3DB24183ACF1} = {9AD5C611-86F1-40AD-938D-DC47ED6815EB}
		{B5E64D4E-018C-417F-9E97-AFB22409F5EB} = {9AD5C611-86F1-40AD-938D-DC47ED6815EB}
	EndGlobalSection
EndGlobal
