
Microsoft Visual Studio Solution File, Format Version 12.00
# Visual Studio 14
VisualStudioVersion = 14.0.23107.0
MinimumVisualStudioVersion = 10.0.40219.1
Project("{2150E333-8FDC-42A3-9474-1A3956D46DE8}") = "UI", "UI", "{0ED748A4-6511-4227-AE46-EFF2BA1D6D98}"
EndProject
Project("{2150E333-8FDC-42A3-9474-1A3956D46DE8}") = "Core", "Core", "{531D6D2B-BE41-4BEE-9141-3BC3DBF1DE9A}"
EndProject
Project("{2150E333-8FDC-42A3-9474-1A3956D46DE8}") = "BusinessObjects", "BusinessObjects", "{273C5704-CA79-417A-89F6-1F8747011DF7}"
EndProject
Project("{2150E333-8FDC-42A3-9474-1A3956D46DE8}") = "Services", "Services", "{5BD0399B-6647-429D-8A00-9CA9AF902DFC}"
EndProject
Project("{2150E333-8FDC-42A3-9474-1A3956D46DE8}") = "Data", "Data", "{5511B450-B4B7-462F-9420-9E0CDDA5FFE9}"
EndProject
Project("{2150E333-8FDC-42A3-9474-1A3956D46DE8}") = ".nuget", ".nuget", "{7AC859F4-255D-4C18-9715-4E53287C14EB}"
	ProjectSection(SolutionItems) = preProject
		.nuget\NuGet.Config = .nuget\NuGet.Config
		.nuget\NuGet.exe = .nuget\NuGet.exe
		.nuget\NuGet.targets = .nuget\NuGet.targets
	EndProjectSection
EndProject
Project("{D954291E-2A0B-460D-934E-DC6B0785DB48}") = "MyVote.BusinessObjects.Shared", "BusinessObjects\MyVote.BusinessObjects.Shared\MyVote.BusinessObjects.Shared.shproj", "{7ED36904-7F92-4157-9054-811ACE723582}"
EndProject
Project("{FAE04EC0-301F-11D3-BF4B-00C04F79EFBC}") = "MyVote.BusinessObjects.Net", "BusinessObjects\MyVote.BusinessObjects.Net\MyVote.BusinessObjects.Net.csproj", "{0890B67C-5D87-4CD2-9E00-00764E190633}"
EndProject
Project("{D954291E-2A0B-460D-934E-DC6B0785DB48}") = "MyVote.Core.Shared", "Core\MyVote.Core.Shared\MyVote.Core.Shared.shproj", "{6C450845-3038-499E-A359-6049A81D512A}"
EndProject
Project("{FAE04EC0-301F-11D3-BF4B-00C04F79EFBC}") = "MyVote.Core.Net", "Core\MyVote.Core.Net\MyVote.Core.Net.csproj", "{95125F50-FE49-42AC-850E-E554F119FA34}"
EndProject
Project("{FAE04EC0-301F-11D3-BF4B-00C04F79EFBC}") = "MyVote.UI.Web", "UI\MyVote.UI.Web\MyVote.UI.Web.csproj", "{E3B65E56-3FA2-4958-A853-0DC80B24B991}"
EndProject
Project("{00D1A9C2-B5F0-4AF3-8072-F6C62B433612}") = "MyVote.Data.Database", "Data\MyVote.Data.Database\MyVote.Data.Database.sqlproj", "{C08D2D15-9AA1-4D87-8480-B2DC5B47F984}"
EndProject
Project("{FAE04EC0-301F-11D3-BF4B-00C04F79EFBC}") = "MyVote.Data.Entities", "Data\MyVote.Data.Entities\MyVote.Data.Entities.csproj", "{D9B1B07E-4EF4-4F9F-B898-E0A32EB6DFB0}"
EndProject
Project("{FAE04EC0-301F-11D3-BF4B-00C04F79EFBC}") = "MyVote.Services.AppServer", "Services\MyVote.Services.AppServer\MyVote.Services.AppServer.csproj", "{9F189E7B-35A9-4F05-B84A-73B2227563B9}"
EndProject
Project("{FAE04EC0-301F-11D3-BF4B-00C04F79EFBC}") = "MyVote.Services.AppServer.Tests", "Services\MyVote.Services.AppServer.Tests\MyVote.Services.AppServer.Tests.csproj", "{463A9AD0-D9AC-4603-B11F-52728ACD25C0}"
EndProject
Project("{FAE04EC0-301F-11D3-BF4B-00C04F79EFBC}") = "MyVote.BusinessObjects.Net.Tests", "BusinessObjects\MyVote.BusinessObjects.Net.Tests\MyVote.BusinessObjects.Net.Tests.csproj", "{F4575831-C938-4FED-9072-F0F73DF95E4B}"
EndProject
Project("{FAE04EC0-301F-11D3-BF4B-00C04F79EFBC}") = "MyVote.Services.MobileServices", "Services\MyVote.Services.MobileServices\MyVote.Services.MobileServices.csproj", "{6727A0C1-AB9A-4B16-B941-F0C478C34ACA}"
EndProject
Global
	GlobalSection(SharedMSBuildProjectFiles) = preSolution
		BusinessObjects\MyVote.BusinessObjects.Shared\MyVote.BusinessObjects.Shared.projitems*{7ed36904-7f92-4157-9054-811ace723582}*SharedItemsImports = 13
		Core\MyVote.Core.Shared\MyVote.Core.Shared.projitems*{95125f50-fe49-42ac-850e-e554f119fa34}*SharedItemsImports = 4
		Core\MyVote.Core.Shared\MyVote.Core.Shared.projitems*{6c450845-3038-499e-a359-6049a81d512a}*SharedItemsImports = 13
		BusinessObjects\MyVote.BusinessObjects.Shared\MyVote.BusinessObjects.Shared.projitems*{0890b67c-5d87-4cd2-9e00-00764e190633}*SharedItemsImports = 4
	EndGlobalSection
	GlobalSection(SolutionConfigurationPlatforms) = preSolution
		Debug|Any CPU = Debug|Any CPU
		Debug|ARM = Debug|ARM
		Debug|x64 = Debug|x64
		Debug|x86 = Debug|x86
		Release|Any CPU = Release|Any CPU
		Release|ARM = Release|ARM
		Release|x64 = Release|x64
		Release|x86 = Release|x86
		WebDebug|Any CPU = WebDebug|Any CPU
		WebDebug|ARM = WebDebug|ARM
		WebDebug|x64 = WebDebug|x64
		WebDebug|x86 = WebDebug|x86
	EndGlobalSection
	GlobalSection(ProjectConfigurationPlatforms) = postSolution
		{0890B67C-5D87-4CD2-9E00-00764E190633}.Debug|Any CPU.ActiveCfg = Debug|Any CPU
		{0890B67C-5D87-4CD2-9E00-00764E190633}.Debug|Any CPU.Build.0 = Debug|Any CPU
		{0890B67C-5D87-4CD2-9E00-00764E190633}.Debug|ARM.ActiveCfg = Debug|Any CPU
		{0890B67C-5D87-4CD2-9E00-00764E190633}.Debug|x64.ActiveCfg = Debug|Any CPU
		{0890B67C-5D87-4CD2-9E00-00764E190633}.Debug|x86.ActiveCfg = Debug|Any CPU
		{0890B67C-5D87-4CD2-9E00-00764E190633}.Release|Any CPU.ActiveCfg = Release|Any CPU
		{0890B67C-5D87-4CD2-9E00-00764E190633}.Release|Any CPU.Build.0 = Release|Any CPU
		{0890B67C-5D87-4CD2-9E00-00764E190633}.Release|ARM.ActiveCfg = Release|Any CPU
		{0890B67C-5D87-4CD2-9E00-00764E190633}.Release|x64.ActiveCfg = Release|Any CPU
		{0890B67C-5D87-4CD2-9E00-00764E190633}.Release|x86.ActiveCfg = Release|Any CPU
		{0890B67C-5D87-4CD2-9E00-00764E190633}.WebDebug|Any CPU.ActiveCfg = WebDebug|Any CPU
		{0890B67C-5D87-4CD2-9E00-00764E190633}.WebDebug|Any CPU.Build.0 = WebDebug|Any CPU
		{0890B67C-5D87-4CD2-9E00-00764E190633}.WebDebug|ARM.ActiveCfg = WebDebug|Any CPU
		{0890B67C-5D87-4CD2-9E00-00764E190633}.WebDebug|x64.ActiveCfg = WebDebug|Any CPU
		{0890B67C-5D87-4CD2-9E00-00764E190633}.WebDebug|x86.ActiveCfg = WebDebug|Any CPU
		{95125F50-FE49-42AC-850E-E554F119FA34}.Debug|Any CPU.ActiveCfg = Debug|Any CPU
		{95125F50-FE49-42AC-850E-E554F119FA34}.Debug|Any CPU.Build.0 = Debug|Any CPU
		{95125F50-FE49-42AC-850E-E554F119FA34}.Debug|ARM.ActiveCfg = Debug|Any CPU
		{95125F50-FE49-42AC-850E-E554F119FA34}.Debug|x64.ActiveCfg = Debug|Any CPU
		{95125F50-FE49-42AC-850E-E554F119FA34}.Debug|x86.ActiveCfg = Debug|Any CPU
		{95125F50-FE49-42AC-850E-E554F119FA34}.Release|Any CPU.ActiveCfg = Release|Any CPU
		{95125F50-FE49-42AC-850E-E554F119FA34}.Release|Any CPU.Build.0 = Release|Any CPU
		{95125F50-FE49-42AC-850E-E554F119FA34}.Release|ARM.ActiveCfg = Release|Any CPU
		{95125F50-FE49-42AC-850E-E554F119FA34}.Release|x64.ActiveCfg = Release|Any CPU
		{95125F50-FE49-42AC-850E-E554F119FA34}.Release|x86.ActiveCfg = Release|Any CPU
		{95125F50-FE49-42AC-850E-E554F119FA34}.WebDebug|Any CPU.ActiveCfg = WebDebug|Any CPU
		{95125F50-FE49-42AC-850E-E554F119FA34}.WebDebug|Any CPU.Build.0 = WebDebug|Any CPU
		{95125F50-FE49-42AC-850E-E554F119FA34}.WebDebug|ARM.ActiveCfg = WebDebug|Any CPU
		{95125F50-FE49-42AC-850E-E554F119FA34}.WebDebug|x64.ActiveCfg = WebDebug|Any CPU
		{95125F50-FE49-42AC-850E-E554F119FA34}.WebDebug|x86.ActiveCfg = WebDebug|Any CPU
		{E3B65E56-3FA2-4958-A853-0DC80B24B991}.Debug|Any CPU.ActiveCfg = Debug|Any CPU
		{E3B65E56-3FA2-4958-A853-0DC80B24B991}.Debug|Any CPU.Build.0 = Debug|Any CPU
		{E3B65E56-3FA2-4958-A853-0DC80B24B991}.Debug|ARM.ActiveCfg = Debug|Any CPU
		{E3B65E56-3FA2-4958-A853-0DC80B24B991}.Debug|x64.ActiveCfg = Debug|Any CPU
		{E3B65E56-3FA2-4958-A853-0DC80B24B991}.Debug|x86.ActiveCfg = Debug|Any CPU
		{E3B65E56-3FA2-4958-A853-0DC80B24B991}.Release|Any CPU.ActiveCfg = Release|Any CPU
		{E3B65E56-3FA2-4958-A853-0DC80B24B991}.Release|Any CPU.Build.0 = Release|Any CPU
		{E3B65E56-3FA2-4958-A853-0DC80B24B991}.Release|ARM.ActiveCfg = Release|Any CPU
		{E3B65E56-3FA2-4958-A853-0DC80B24B991}.Release|x64.ActiveCfg = Release|Any CPU
		{E3B65E56-3FA2-4958-A853-0DC80B24B991}.Release|x86.ActiveCfg = Release|Any CPU
		{E3B65E56-3FA2-4958-A853-0DC80B24B991}.WebDebug|Any CPU.ActiveCfg = WebDebug|Any CPU
		{E3B65E56-3FA2-4958-A853-0DC80B24B991}.WebDebug|Any CPU.Build.0 = WebDebug|Any CPU
		{E3B65E56-3FA2-4958-A853-0DC80B24B991}.WebDebug|ARM.ActiveCfg = WebDebug|Any CPU
		{E3B65E56-3FA2-4958-A853-0DC80B24B991}.WebDebug|x64.ActiveCfg = WebDebug|Any CPU
		{E3B65E56-3FA2-4958-A853-0DC80B24B991}.WebDebug|x86.ActiveCfg = WebDebug|Any CPU
		{C08D2D15-9AA1-4D87-8480-B2DC5B47F984}.Debug|Any CPU.ActiveCfg = Debug|Any CPU
		{C08D2D15-9AA1-4D87-8480-B2DC5B47F984}.Debug|Any CPU.Build.0 = Debug|Any CPU
		{C08D2D15-9AA1-4D87-8480-B2DC5B47F984}.Debug|ARM.ActiveCfg = Debug|Any CPU
		{C08D2D15-9AA1-4D87-8480-B2DC5B47F984}.Debug|x64.ActiveCfg = Debug|Any CPU
		{C08D2D15-9AA1-4D87-8480-B2DC5B47F984}.Debug|x86.ActiveCfg = Debug|Any CPU
		{C08D2D15-9AA1-4D87-8480-B2DC5B47F984}.Release|Any CPU.ActiveCfg = Release|Any CPU
		{C08D2D15-9AA1-4D87-8480-B2DC5B47F984}.Release|Any CPU.Build.0 = Release|Any CPU
		{C08D2D15-9AA1-4D87-8480-B2DC5B47F984}.Release|Any CPU.Deploy.0 = Release|Any CPU
		{C08D2D15-9AA1-4D87-8480-B2DC5B47F984}.Release|ARM.ActiveCfg = Release|Any CPU
		{C08D2D15-9AA1-4D87-8480-B2DC5B47F984}.Release|x64.ActiveCfg = Release|Any CPU
		{C08D2D15-9AA1-4D87-8480-B2DC5B47F984}.Release|x86.ActiveCfg = Release|Any CPU
		{C08D2D15-9AA1-4D87-8480-B2DC5B47F984}.WebDebug|Any CPU.ActiveCfg = WebDebug|Any CPU
		{C08D2D15-9AA1-4D87-8480-B2DC5B47F984}.WebDebug|Any CPU.Build.0 = WebDebug|Any CPU
		{C08D2D15-9AA1-4D87-8480-B2DC5B47F984}.WebDebug|Any CPU.Deploy.0 = WebDebug|Any CPU
		{C08D2D15-9AA1-4D87-8480-B2DC5B47F984}.WebDebug|ARM.ActiveCfg = WebDebug|Any CPU
		{C08D2D15-9AA1-4D87-8480-B2DC5B47F984}.WebDebug|x64.ActiveCfg = WebDebug|Any CPU
		{C08D2D15-9AA1-4D87-8480-B2DC5B47F984}.WebDebug|x86.ActiveCfg = WebDebug|Any CPU
		{D9B1B07E-4EF4-4F9F-B898-E0A32EB6DFB0}.Debug|Any CPU.ActiveCfg = Debug|Any CPU
		{D9B1B07E-4EF4-4F9F-B898-E0A32EB6DFB0}.Debug|Any CPU.Build.0 = Debug|Any CPU
		{D9B1B07E-4EF4-4F9F-B898-E0A32EB6DFB0}.Debug|ARM.ActiveCfg = Debug|Any CPU
		{D9B1B07E-4EF4-4F9F-B898-E0A32EB6DFB0}.Debug|x64.ActiveCfg = Debug|Any CPU
		{D9B1B07E-4EF4-4F9F-B898-E0A32EB6DFB0}.Debug|x86.ActiveCfg = Debug|Any CPU
		{D9B1B07E-4EF4-4F9F-B898-E0A32EB6DFB0}.Release|Any CPU.ActiveCfg = Release|Any CPU
		{D9B1B07E-4EF4-4F9F-B898-E0A32EB6DFB0}.Release|Any CPU.Build.0 = Release|Any CPU
		{D9B1B07E-4EF4-4F9F-B898-E0A32EB6DFB0}.Release|ARM.ActiveCfg = Release|Any CPU
		{D9B1B07E-4EF4-4F9F-B898-E0A32EB6DFB0}.Release|x64.ActiveCfg = Release|Any CPU
		{D9B1B07E-4EF4-4F9F-B898-E0A32EB6DFB0}.Release|x86.ActiveCfg = Release|Any CPU
		{D9B1B07E-4EF4-4F9F-B898-E0A32EB6DFB0}.WebDebug|Any CPU.ActiveCfg = WebDebug|Any CPU
		{D9B1B07E-4EF4-4F9F-B898-E0A32EB6DFB0}.WebDebug|Any CPU.Build.0 = WebDebug|Any CPU
		{D9B1B07E-4EF4-4F9F-B898-E0A32EB6DFB0}.WebDebug|ARM.ActiveCfg = WebDebug|Any CPU
		{D9B1B07E-4EF4-4F9F-B898-E0A32EB6DFB0}.WebDebug|x64.ActiveCfg = WebDebug|Any CPU
		{D9B1B07E-4EF4-4F9F-B898-E0A32EB6DFB0}.WebDebug|x86.ActiveCfg = WebDebug|Any CPU
		{9F189E7B-35A9-4F05-B84A-73B2227563B9}.Debug|Any CPU.ActiveCfg = Debug|Any CPU
		{9F189E7B-35A9-4F05-B84A-73B2227563B9}.Debug|Any CPU.Build.0 = Debug|Any CPU
		{9F189E7B-35A9-4F05-B84A-73B2227563B9}.Debug|ARM.ActiveCfg = Debug|Any CPU
		{9F189E7B-35A9-4F05-B84A-73B2227563B9}.Debug|x64.ActiveCfg = Debug|Any CPU
		{9F189E7B-35A9-4F05-B84A-73B2227563B9}.Debug|x86.ActiveCfg = Debug|Any CPU
		{9F189E7B-35A9-4F05-B84A-73B2227563B9}.Release|Any CPU.ActiveCfg = Release|Any CPU
		{9F189E7B-35A9-4F05-B84A-73B2227563B9}.Release|Any CPU.Build.0 = Release|Any CPU
		{9F189E7B-35A9-4F05-B84A-73B2227563B9}.Release|ARM.ActiveCfg = Release|Any CPU
		{9F189E7B-35A9-4F05-B84A-73B2227563B9}.Release|x64.ActiveCfg = Release|Any CPU
		{9F189E7B-35A9-4F05-B84A-73B2227563B9}.Release|x86.ActiveCfg = Release|Any CPU
		{9F189E7B-35A9-4F05-B84A-73B2227563B9}.WebDebug|Any CPU.ActiveCfg = Debug|Any CPU
		{9F189E7B-35A9-4F05-B84A-73B2227563B9}.WebDebug|Any CPU.Build.0 = Debug|Any CPU
		{9F189E7B-35A9-4F05-B84A-73B2227563B9}.WebDebug|ARM.ActiveCfg = Debug|Any CPU
		{9F189E7B-35A9-4F05-B84A-73B2227563B9}.WebDebug|ARM.Build.0 = Debug|Any CPU
		{9F189E7B-35A9-4F05-B84A-73B2227563B9}.WebDebug|x64.ActiveCfg = Debug|Any CPU
		{9F189E7B-35A9-4F05-B84A-73B2227563B9}.WebDebug|x64.Build.0 = Debug|Any CPU
		{9F189E7B-35A9-4F05-B84A-73B2227563B9}.WebDebug|x86.ActiveCfg = Debug|Any CPU
		{9F189E7B-35A9-4F05-B84A-73B2227563B9}.WebDebug|x86.Build.0 = Debug|Any CPU
		{463A9AD0-D9AC-4603-B11F-52728ACD25C0}.Debug|Any CPU.ActiveCfg = Debug|Any CPU
		{463A9AD0-D9AC-4603-B11F-52728ACD25C0}.Debug|Any CPU.Build.0 = Debug|Any CPU
		{463A9AD0-D9AC-4603-B11F-52728ACD25C0}.Debug|ARM.ActiveCfg = Debug|Any CPU
		{463A9AD0-D9AC-4603-B11F-52728ACD25C0}.Debug|x64.ActiveCfg = Debug|Any CPU
		{463A9AD0-D9AC-4603-B11F-52728ACD25C0}.Debug|x86.ActiveCfg = Debug|Any CPU
		{463A9AD0-D9AC-4603-B11F-52728ACD25C0}.Release|Any CPU.ActiveCfg = Release|Any CPU
		{463A9AD0-D9AC-4603-B11F-52728ACD25C0}.Release|Any CPU.Build.0 = Release|Any CPU
		{463A9AD0-D9AC-4603-B11F-52728ACD25C0}.Release|ARM.ActiveCfg = Release|Any CPU
		{463A9AD0-D9AC-4603-B11F-52728ACD25C0}.Release|x64.ActiveCfg = Release|Any CPU
		{463A9AD0-D9AC-4603-B11F-52728ACD25C0}.Release|x86.ActiveCfg = Release|Any CPU
		{463A9AD0-D9AC-4603-B11F-52728ACD25C0}.WebDebug|Any CPU.ActiveCfg = WebDebug|Any CPU
		{463A9AD0-D9AC-4603-B11F-52728ACD25C0}.WebDebug|Any CPU.Build.0 = WebDebug|Any CPU
		{463A9AD0-D9AC-4603-B11F-52728ACD25C0}.WebDebug|ARM.ActiveCfg = WebDebug|Any CPU
		{463A9AD0-D9AC-4603-B11F-52728ACD25C0}.WebDebug|x64.ActiveCfg = WebDebug|Any CPU
		{463A9AD0-D9AC-4603-B11F-52728ACD25C0}.WebDebug|x86.ActiveCfg = WebDebug|Any CPU
		{F4575831-C938-4FED-9072-F0F73DF95E4B}.Debug|Any CPU.ActiveCfg = Debug|Any CPU
		{F4575831-C938-4FED-9072-F0F73DF95E4B}.Debug|Any CPU.Build.0 = Debug|Any CPU
		{F4575831-C938-4FED-9072-F0F73DF95E4B}.Debug|ARM.ActiveCfg = Debug|Any CPU
		{F4575831-C938-4FED-9072-F0F73DF95E4B}.Debug|x64.ActiveCfg = Debug|Any CPU
		{F4575831-C938-4FED-9072-F0F73DF95E4B}.Debug|x86.ActiveCfg = Debug|Any CPU
		{F4575831-C938-4FED-9072-F0F73DF95E4B}.Release|Any CPU.ActiveCfg = Release|Any CPU
		{F4575831-C938-4FED-9072-F0F73DF95E4B}.Release|Any CPU.Build.0 = Release|Any CPU
		{F4575831-C938-4FED-9072-F0F73DF95E4B}.Release|ARM.ActiveCfg = Release|Any CPU
		{F4575831-C938-4FED-9072-F0F73DF95E4B}.Release|x64.ActiveCfg = Release|Any CPU
		{F4575831-C938-4FED-9072-F0F73DF95E4B}.Release|x86.ActiveCfg = Release|Any CPU
		{F4575831-C938-4FED-9072-F0F73DF95E4B}.WebDebug|Any CPU.ActiveCfg = WebDebug|Any CPU
		{F4575831-C938-4FED-9072-F0F73DF95E4B}.WebDebug|Any CPU.Build.0 = WebDebug|Any CPU
		{F4575831-C938-4FED-9072-F0F73DF95E4B}.WebDebug|ARM.ActiveCfg = WebDebug|Any CPU
		{F4575831-C938-4FED-9072-F0F73DF95E4B}.WebDebug|x64.ActiveCfg = WebDebug|Any CPU
		{F4575831-C938-4FED-9072-F0F73DF95E4B}.WebDebug|x86.ActiveCfg = WebDebug|Any CPU
		{6727A0C1-AB9A-4B16-B941-F0C478C34ACA}.Debug|Any CPU.ActiveCfg = Debug|Any CPU
		{6727A0C1-AB9A-4B16-B941-F0C478C34ACA}.Debug|Any CPU.Build.0 = Debug|Any CPU
		{6727A0C1-AB9A-4B16-B941-F0C478C34ACA}.Debug|ARM.ActiveCfg = Debug|Any CPU
		{6727A0C1-AB9A-4B16-B941-F0C478C34ACA}.Debug|x64.ActiveCfg = Debug|Any CPU
		{6727A0C1-AB9A-4B16-B941-F0C478C34ACA}.Debug|x86.ActiveCfg = Debug|Any CPU
		{6727A0C1-AB9A-4B16-B941-F0C478C34ACA}.Release|Any CPU.ActiveCfg = Release|Any CPU
		{6727A0C1-AB9A-4B16-B941-F0C478C34ACA}.Release|Any CPU.Build.0 = Release|Any CPU
		{6727A0C1-AB9A-4B16-B941-F0C478C34ACA}.Release|ARM.ActiveCfg = Release|Any CPU
		{6727A0C1-AB9A-4B16-B941-F0C478C34ACA}.Release|x64.ActiveCfg = Release|Any CPU
		{6727A0C1-AB9A-4B16-B941-F0C478C34ACA}.Release|x86.ActiveCfg = Release|Any CPU
		{6727A0C1-AB9A-4B16-B941-F0C478C34ACA}.WebDebug|Any CPU.ActiveCfg = WebDebug|Any CPU
		{6727A0C1-AB9A-4B16-B941-F0C478C34ACA}.WebDebug|Any CPU.Build.0 = WebDebug|Any CPU
		{6727A0C1-AB9A-4B16-B941-F0C478C34ACA}.WebDebug|ARM.ActiveCfg = WebDebug|Any CPU
		{6727A0C1-AB9A-4B16-B941-F0C478C34ACA}.WebDebug|x64.ActiveCfg = WebDebug|Any CPU
		{6727A0C1-AB9A-4B16-B941-F0C478C34ACA}.WebDebug|x86.ActiveCfg = WebDebug|Any CPU
	EndGlobalSection
	GlobalSection(SolutionProperties) = preSolution
		HideSolutionNode = FALSE
	EndGlobalSection
	GlobalSection(NestedProjects) = preSolution
		{7ED36904-7F92-4157-9054-811ACE723582} = {273C5704-CA79-417A-89F6-1F8747011DF7}
		{0890B67C-5D87-4CD2-9E00-00764E190633} = {273C5704-CA79-417A-89F6-1F8747011DF7}
		{6C450845-3038-499E-A359-6049A81D512A} = {531D6D2B-BE41-4BEE-9141-3BC3DBF1DE9A}
		{95125F50-FE49-42AC-850E-E554F119FA34} = {531D6D2B-BE41-4BEE-9141-3BC3DBF1DE9A}
		{E3B65E56-3FA2-4958-A853-0DC80B24B991} = {0ED748A4-6511-4227-AE46-EFF2BA1D6D98}
		{C08D2D15-9AA1-4D87-8480-B2DC5B47F984} = {5511B450-B4B7-462F-9420-9E0CDDA5FFE9}
		{D9B1B07E-4EF4-4F9F-B898-E0A32EB6DFB0} = {5511B450-B4B7-462F-9420-9E0CDDA5FFE9}
		{9F189E7B-35A9-4F05-B84A-73B2227563B9} = {5BD0399B-6647-429D-8A00-9CA9AF902DFC}
		{463A9AD0-D9AC-4603-B11F-52728ACD25C0} = {5BD0399B-6647-429D-8A00-9CA9AF902DFC}
		{F4575831-C938-4FED-9072-F0F73DF95E4B} = {273C5704-CA79-417A-89F6-1F8747011DF7}
		{6727A0C1-AB9A-4B16-B941-F0C478C34ACA} = {5BD0399B-6647-429D-8A00-9CA9AF902DFC}
	EndGlobalSection
EndGlobal
