
Microsoft Visual Studio Solution File, Format Version 12.00
# Visual Studio 2013
VisualStudioVersion = 12.0.31101.0
MinimumVisualStudioVersion = 10.0.40219.1
Project("{2150E333-8FDC-42A3-9474-1A3956D46DE8}") = ".nuget", ".nuget", "{30631889-DE94-434A-A8DA-56301C515EF1}"
	ProjectSection(SolutionItems) = preProject
		.nuget\packages.config = .nuget\packages.config
	EndProjectSection
EndProject
Project("{2150E333-8FDC-42A3-9474-1A3956D46DE8}") = "BusinessObjects", "BusinessObjects", "{01E6380B-AF91-4297-A759-FFC2A442B57F}"
EndProject
Project("{2150E333-8FDC-42A3-9474-1A3956D46DE8}") = "Core", "Core", "{46ECC898-A9B4-46D9-9085-DF42F7D88170}"
EndProject
Project("{2150E333-8FDC-42A3-9474-1A3956D46DE8}") = "UI", "UI", "{8D4269EF-C441-4875-B43A-BFA003DD294C}"
EndProject
Project("{D954291E-2A0B-460D-934E-DC6B0785DB48}") = "MyVote.UI.Shared", "MyVote.UI\MyVote.UI.Shared\MyVote.UI.Shared.shproj", "{50E757C6-6AFE-4F7A-81CA-241EFC85C147}"
EndProject
Project("{D954291E-2A0B-460D-934E-DC6B0785DB48}") = "MyVote.Core.Shared", "MyVote.Core\MyVote.Core.Shared\MyVote.Core.Shared.shproj", "{840CE639-884A-43C0-90DA-3DB24183ACF1}"
EndProject
Project("{FAE04EC0-301F-11D3-BF4B-00C04F79EFBC}") = "MyVote.Core.Android", "MyVote.Core\MyVote.Core.Android\MyVote.Core.Android.csproj", "{432254C9-9693-4BE0-B557-01F71F59483B}"
EndProject
Project("{D954291E-2A0B-460D-934E-DC6B0785DB48}") = "MyVote.BO.Shared", "MyVote.BusinessObjects\MyVote.BO.Shared\MyVote.BO.Shared.shproj", "{D43734CE-9518-431D-9811-C7CA172E05EB}"
EndProject
Project("{FAE04EC0-301F-11D3-BF4B-00C04F79EFBC}") = "MyVote.BO.iOS", "MyVote.BusinessObjects\MyVote.BO.iOS\MyVote.BO.iOS.csproj", "{0E8D098F-F1F0-4699-AAE1-F0E1ADEE7470}"
EndProject
Project("{FAE04EC0-301F-11D3-BF4B-00C04F79EFBC}") = "MyVote.Core.iOS", "MyVote.Core\MyVote.Core.iOS\MyVote.Core.iOS.csproj", "{1748331E-D136-4ABB-B2FB-B93AC6384BC2}"
EndProject
Project("{FAE04EC0-301F-11D3-BF4B-00C04F79EFBC}") = "MyVote.BO.Android", "MyVote.BusinessObjects\MyVote.BO.Android\MyVote.BO.Android.csproj", "{C592D2C3-C210-47E9-B91B-1FD4623C2E52}"
EndProject
Project("{FAE04EC0-301F-11D3-BF4B-00C04F79EFBC}") = "MyVote.UI.iOS", "MyVote.UI\MyVote.UI.iOS\MyVote.UI.iOS.csproj", "{E39A689F-427B-45F5-8E60-9D3C0F7FA465}"
EndProject
Project("{FAE04EC0-301F-11D3-BF4B-00C04F79EFBC}") = "MyVote.UI.Android", "MyVote.UI\MyVote.UI.Android\MyVote.UI.Android.csproj", "{EDBE6ADF-3088-4DA5-856D-DC093EC786C0}"
EndProject
Project("{D954291E-2A0B-460D-934E-DC6B0785DB48}") = "MyVote.UI.Mobile.Shared", "MyVote.UI\MyVote.UI.Mobile.Shared\MyVote.UI.Mobile.Shared.shproj", "{0832649E-FAEA-4402-8690-AB5ECFC6813D}"
EndProject
Global
	GlobalSection(SharedMSBuildProjectFiles) = preSolution
		MyVote.BusinessObjects\MyVote.BO.Shared\MyVote.BO.Universal.Shared.projitems*{d43734ce-9518-431d-9811-c7ca172e05eb}*SharedItemsImports = 13
		MyVote.Core\MyVote.Core.Shared\MyVote.Core.Shared.projitems*{432254c9-9693-4be0-b557-01f71f59483b}*SharedItemsImports = 4
		MyVote.UI\MyVote.UI.Mobile.Shared\MyVote.UI.Mobile.Shared.projitems*{edbe6adf-3088-4da5-856d-dc093ec786c0}*SharedItemsImports = 4
		MyVote.UI\MyVote.UI.Shared\MyVote.UI.Shared.projitems*{edbe6adf-3088-4da5-856d-dc093ec786c0}*SharedItemsImports = 4
		MyVote.BusinessObjects\MyVote.BO.Shared\MyVote.BO.Universal.Shared.projitems*{0e8d098f-f1f0-4699-aae1-f0e1adee7470}*SharedItemsImports = 4
		MyVote.BusinessObjects\MyVote.BO.Shared\MyVote.BO.Universal.Shared.projitems*{c592d2c3-c210-47e9-b91b-1fd4623c2e52}*SharedItemsImports = 4
		MyVote.UI\MyVote.UI.Shared\MyVote.UI.Shared.projitems*{50e757c6-6afe-4f7a-81ca-241efc85c147}*SharedItemsImports = 13
		MyVote.Core\MyVote.Core.Shared\MyVote.Core.Shared.projitems*{840ce639-884a-43c0-90da-3db24183acf1}*SharedItemsImports = 13
		MyVote.UI\MyVote.UI.Mobile.Shared\MyVote.UI.Mobile.Shared.projitems*{e39a689f-427b-45f5-8e60-9d3c0f7fa465}*SharedItemsImports = 4
		MyVote.UI\MyVote.UI.Shared\MyVote.UI.Shared.projitems*{e39a689f-427b-45f5-8e60-9d3c0f7fa465}*SharedItemsImports = 4
		MyVote.UI\MyVote.UI.Mobile.Shared\MyVote.UI.Mobile.Shared.projitems*{0832649e-faea-4402-8690-ab5ecfc6813d}*SharedItemsImports = 13
		MyVote.Core\MyVote.Core.Shared\MyVote.Core.Shared.projitems*{1748331e-d136-4abb-b2fb-b93ac6384bc2}*SharedItemsImports = 4
	EndGlobalSection
	GlobalSection(SolutionConfigurationPlatforms) = preSolution
		Ad-Hoc|Any CPU = Ad-Hoc|Any CPU
		Ad-Hoc|ARM = Ad-Hoc|ARM
		Ad-Hoc|iPhone = Ad-Hoc|iPhone
		Ad-Hoc|iPhoneSimulator = Ad-Hoc|iPhoneSimulator
		Ad-Hoc|Mixed Platforms = Ad-Hoc|Mixed Platforms
		Ad-Hoc|x86 = Ad-Hoc|x86
		AppStore|Any CPU = AppStore|Any CPU
		AppStore|ARM = AppStore|ARM
		AppStore|iPhone = AppStore|iPhone
		AppStore|iPhoneSimulator = AppStore|iPhoneSimulator
		AppStore|Mixed Platforms = AppStore|Mixed Platforms
		AppStore|x86 = AppStore|x86
		Debug|Any CPU = Debug|Any CPU
		Debug|ARM = Debug|ARM
		Debug|iPhone = Debug|iPhone
		Debug|iPhoneSimulator = Debug|iPhoneSimulator
		Debug|Mixed Platforms = Debug|Mixed Platforms
		Debug|x86 = Debug|x86
		Release|Any CPU = Release|Any CPU
		Release|ARM = Release|ARM
		Release|iPhone = Release|iPhone
		Release|iPhoneSimulator = Release|iPhoneSimulator
		Release|Mixed Platforms = Release|Mixed Platforms
		Release|x86 = Release|x86
	EndGlobalSection
	GlobalSection(ProjectConfigurationPlatforms) = postSolution
		{432254C9-9693-4BE0-B557-01F71F59483B}.Ad-Hoc|Any CPU.ActiveCfg = Release|Any CPU
		{432254C9-9693-4BE0-B557-01F71F59483B}.Ad-Hoc|Any CPU.Build.0 = Release|Any CPU
		{432254C9-9693-4BE0-B557-01F71F59483B}.Ad-Hoc|ARM.ActiveCfg = Release|Any CPU
		{432254C9-9693-4BE0-B557-01F71F59483B}.Ad-Hoc|iPhone.ActiveCfg = Release|Any CPU
		{432254C9-9693-4BE0-B557-01F71F59483B}.Ad-Hoc|iPhoneSimulator.ActiveCfg = Release|Any CPU
		{432254C9-9693-4BE0-B557-01F71F59483B}.Ad-Hoc|Mixed Platforms.ActiveCfg = Release|Any CPU
		{432254C9-9693-4BE0-B557-01F71F59483B}.Ad-Hoc|Mixed Platforms.Build.0 = Release|Any CPU
		{432254C9-9693-4BE0-B557-01F71F59483B}.Ad-Hoc|x86.ActiveCfg = Release|Any CPU
		{432254C9-9693-4BE0-B557-01F71F59483B}.AppStore|Any CPU.ActiveCfg = Release|Any CPU
		{432254C9-9693-4BE0-B557-01F71F59483B}.AppStore|Any CPU.Build.0 = Release|Any CPU
		{432254C9-9693-4BE0-B557-01F71F59483B}.AppStore|ARM.ActiveCfg = Release|Any CPU
		{432254C9-9693-4BE0-B557-01F71F59483B}.AppStore|iPhone.ActiveCfg = Release|Any CPU
		{432254C9-9693-4BE0-B557-01F71F59483B}.AppStore|iPhoneSimulator.ActiveCfg = Release|Any CPU
		{432254C9-9693-4BE0-B557-01F71F59483B}.AppStore|Mixed Platforms.ActiveCfg = Release|Any CPU
		{432254C9-9693-4BE0-B557-01F71F59483B}.AppStore|Mixed Platforms.Build.0 = Release|Any CPU
		{432254C9-9693-4BE0-B557-01F71F59483B}.AppStore|x86.ActiveCfg = Release|Any CPU
		{432254C9-9693-4BE0-B557-01F71F59483B}.Debug|Any CPU.ActiveCfg = Debug|Any CPU
		{432254C9-9693-4BE0-B557-01F71F59483B}.Debug|Any CPU.Build.0 = Debug|Any CPU
		{432254C9-9693-4BE0-B557-01F71F59483B}.Debug|ARM.ActiveCfg = Debug|Any CPU
		{432254C9-9693-4BE0-B557-01F71F59483B}.Debug|iPhone.ActiveCfg = Debug|Any CPU
		{432254C9-9693-4BE0-B557-01F71F59483B}.Debug|iPhone.Build.0 = Debug|Any CPU
		{432254C9-9693-4BE0-B557-01F71F59483B}.Debug|iPhoneSimulator.ActiveCfg = Debug|Any CPU
		{432254C9-9693-4BE0-B557-01F71F59483B}.Debug|iPhoneSimulator.Build.0 = Debug|Any CPU
		{432254C9-9693-4BE0-B557-01F71F59483B}.Debug|Mixed Platforms.ActiveCfg = Debug|Any CPU
		{432254C9-9693-4BE0-B557-01F71F59483B}.Debug|Mixed Platforms.Build.0 = Debug|Any CPU
		{432254C9-9693-4BE0-B557-01F71F59483B}.Debug|x86.ActiveCfg = Debug|Any CPU
		{432254C9-9693-4BE0-B557-01F71F59483B}.Release|Any CPU.ActiveCfg = Release|Any CPU
		{432254C9-9693-4BE0-B557-01F71F59483B}.Release|Any CPU.Build.0 = Release|Any CPU
		{432254C9-9693-4BE0-B557-01F71F59483B}.Release|ARM.ActiveCfg = Release|Any CPU
		{432254C9-9693-4BE0-B557-01F71F59483B}.Release|iPhone.ActiveCfg = Release|Any CPU
		{432254C9-9693-4BE0-B557-01F71F59483B}.Release|iPhoneSimulator.ActiveCfg = Release|Any CPU
		{432254C9-9693-4BE0-B557-01F71F59483B}.Release|iPhoneSimulator.Build.0 = Release|Any CPU
		{432254C9-9693-4BE0-B557-01F71F59483B}.Release|Mixed Platforms.ActiveCfg = Release|Any CPU
		{432254C9-9693-4BE0-B557-01F71F59483B}.Release|Mixed Platforms.Build.0 = Release|Any CPU
		{432254C9-9693-4BE0-B557-01F71F59483B}.Release|x86.ActiveCfg = Release|Any CPU
		{0E8D098F-F1F0-4699-AAE1-F0E1ADEE7470}.Ad-Hoc|Any CPU.ActiveCfg = Release|Any CPU
		{0E8D098F-F1F0-4699-AAE1-F0E1ADEE7470}.Ad-Hoc|Any CPU.Build.0 = Release|Any CPU
		{0E8D098F-F1F0-4699-AAE1-F0E1ADEE7470}.Ad-Hoc|ARM.ActiveCfg = Release|Any CPU
		{0E8D098F-F1F0-4699-AAE1-F0E1ADEE7470}.Ad-Hoc|iPhone.ActiveCfg = Release|Any CPU
		{0E8D098F-F1F0-4699-AAE1-F0E1ADEE7470}.Ad-Hoc|iPhone.Build.0 = Release|Any CPU
		{0E8D098F-F1F0-4699-AAE1-F0E1ADEE7470}.Ad-Hoc|iPhoneSimulator.ActiveCfg = Release|Any CPU
		{0E8D098F-F1F0-4699-AAE1-F0E1ADEE7470}.Ad-Hoc|Mixed Platforms.ActiveCfg = Release|Any CPU
		{0E8D098F-F1F0-4699-AAE1-F0E1ADEE7470}.Ad-Hoc|Mixed Platforms.Build.0 = Release|Any CPU
		{0E8D098F-F1F0-4699-AAE1-F0E1ADEE7470}.Ad-Hoc|x86.ActiveCfg = Release|Any CPU
		{0E8D098F-F1F0-4699-AAE1-F0E1ADEE7470}.AppStore|Any CPU.ActiveCfg = Release|Any CPU
		{0E8D098F-F1F0-4699-AAE1-F0E1ADEE7470}.AppStore|Any CPU.Build.0 = Release|Any CPU
		{0E8D098F-F1F0-4699-AAE1-F0E1ADEE7470}.AppStore|ARM.ActiveCfg = Release|Any CPU
		{0E8D098F-F1F0-4699-AAE1-F0E1ADEE7470}.AppStore|iPhone.ActiveCfg = Release|Any CPU
		{0E8D098F-F1F0-4699-AAE1-F0E1ADEE7470}.AppStore|iPhone.Build.0 = Release|Any CPU
		{0E8D098F-F1F0-4699-AAE1-F0E1ADEE7470}.AppStore|iPhoneSimulator.ActiveCfg = Release|Any CPU
		{0E8D098F-F1F0-4699-AAE1-F0E1ADEE7470}.AppStore|Mixed Platforms.ActiveCfg = Release|Any CPU
		{0E8D098F-F1F0-4699-AAE1-F0E1ADEE7470}.AppStore|Mixed Platforms.Build.0 = Release|Any CPU
		{0E8D098F-F1F0-4699-AAE1-F0E1ADEE7470}.AppStore|x86.ActiveCfg = Release|Any CPU
		{0E8D098F-F1F0-4699-AAE1-F0E1ADEE7470}.Debug|Any CPU.ActiveCfg = Debug|Any CPU
		{0E8D098F-F1F0-4699-AAE1-F0E1ADEE7470}.Debug|Any CPU.Build.0 = Debug|Any CPU
		{0E8D098F-F1F0-4699-AAE1-F0E1ADEE7470}.Debug|ARM.ActiveCfg = Debug|Any CPU
		{0E8D098F-F1F0-4699-AAE1-F0E1ADEE7470}.Debug|iPhone.ActiveCfg = Debug|Any CPU
		{0E8D098F-F1F0-4699-AAE1-F0E1ADEE7470}.Debug|iPhoneSimulator.ActiveCfg = Debug|Any CPU
		{0E8D098F-F1F0-4699-AAE1-F0E1ADEE7470}.Debug|iPhoneSimulator.Build.0 = Debug|Any CPU
		{0E8D098F-F1F0-4699-AAE1-F0E1ADEE7470}.Debug|Mixed Platforms.ActiveCfg = Debug|Any CPU
		{0E8D098F-F1F0-4699-AAE1-F0E1ADEE7470}.Debug|Mixed Platforms.Build.0 = Debug|Any CPU
		{0E8D098F-F1F0-4699-AAE1-F0E1ADEE7470}.Debug|x86.ActiveCfg = Debug|Any CPU
		{0E8D098F-F1F0-4699-AAE1-F0E1ADEE7470}.Release|Any CPU.ActiveCfg = Release|Any CPU
		{0E8D098F-F1F0-4699-AAE1-F0E1ADEE7470}.Release|Any CPU.Build.0 = Release|Any CPU
		{0E8D098F-F1F0-4699-AAE1-F0E1ADEE7470}.Release|ARM.ActiveCfg = Release|Any CPU
		{0E8D098F-F1F0-4699-AAE1-F0E1ADEE7470}.Release|iPhone.ActiveCfg = Release|Any CPU
		{0E8D098F-F1F0-4699-AAE1-F0E1ADEE7470}.Release|iPhone.Build.0 = Release|Any CPU
		{0E8D098F-F1F0-4699-AAE1-F0E1ADEE7470}.Release|iPhoneSimulator.ActiveCfg = Release|Any CPU
		{0E8D098F-F1F0-4699-AAE1-F0E1ADEE7470}.Release|iPhoneSimulator.Build.0 = Release|Any CPU
		{0E8D098F-F1F0-4699-AAE1-F0E1ADEE7470}.Release|Mixed Platforms.ActiveCfg = Release|Any CPU
		{0E8D098F-F1F0-4699-AAE1-F0E1ADEE7470}.Release|Mixed Platforms.Build.0 = Release|Any CPU
		{0E8D098F-F1F0-4699-AAE1-F0E1ADEE7470}.Release|x86.ActiveCfg = Release|Any CPU
		{1748331E-D136-4ABB-B2FB-B93AC6384BC2}.Ad-Hoc|Any CPU.ActiveCfg = Release|Any CPU
		{1748331E-D136-4ABB-B2FB-B93AC6384BC2}.Ad-Hoc|Any CPU.Build.0 = Release|Any CPU
		{1748331E-D136-4ABB-B2FB-B93AC6384BC2}.Ad-Hoc|ARM.ActiveCfg = Release|Any CPU
		{1748331E-D136-4ABB-B2FB-B93AC6384BC2}.Ad-Hoc|iPhone.ActiveCfg = Release|Any CPU
		{1748331E-D136-4ABB-B2FB-B93AC6384BC2}.Ad-Hoc|iPhone.Build.0 = Release|Any CPU
		{1748331E-D136-4ABB-B2FB-B93AC6384BC2}.Ad-Hoc|iPhoneSimulator.ActiveCfg = Release|Any CPU
		{1748331E-D136-4ABB-B2FB-B93AC6384BC2}.Ad-Hoc|Mixed Platforms.ActiveCfg = Release|Any CPU
		{1748331E-D136-4ABB-B2FB-B93AC6384BC2}.Ad-Hoc|Mixed Platforms.Build.0 = Release|Any CPU
		{1748331E-D136-4ABB-B2FB-B93AC6384BC2}.Ad-Hoc|x86.ActiveCfg = Release|Any CPU
		{1748331E-D136-4ABB-B2FB-B93AC6384BC2}.AppStore|Any CPU.ActiveCfg = Release|Any CPU
		{1748331E-D136-4ABB-B2FB-B93AC6384BC2}.AppStore|Any CPU.Build.0 = Release|Any CPU
		{1748331E-D136-4ABB-B2FB-B93AC6384BC2}.AppStore|ARM.ActiveCfg = Release|Any CPU
		{1748331E-D136-4ABB-B2FB-B93AC6384BC2}.AppStore|iPhone.ActiveCfg = Release|Any CPU
		{1748331E-D136-4ABB-B2FB-B93AC6384BC2}.AppStore|iPhone.Build.0 = Release|Any CPU
		{1748331E-D136-4ABB-B2FB-B93AC6384BC2}.AppStore|iPhoneSimulator.ActiveCfg = Release|Any CPU
		{1748331E-D136-4ABB-B2FB-B93AC6384BC2}.AppStore|Mixed Platforms.ActiveCfg = Release|Any CPU
		{1748331E-D136-4ABB-B2FB-B93AC6384BC2}.AppStore|Mixed Platforms.Build.0 = Release|Any CPU
		{1748331E-D136-4ABB-B2FB-B93AC6384BC2}.AppStore|x86.ActiveCfg = Release|Any CPU
		{1748331E-D136-4ABB-B2FB-B93AC6384BC2}.Debug|Any CPU.ActiveCfg = Debug|Any CPU
		{1748331E-D136-4ABB-B2FB-B93AC6384BC2}.Debug|Any CPU.Build.0 = Debug|Any CPU
		{1748331E-D136-4ABB-B2FB-B93AC6384BC2}.Debug|ARM.ActiveCfg = Debug|Any CPU
		{1748331E-D136-4ABB-B2FB-B93AC6384BC2}.Debug|iPhone.ActiveCfg = Debug|Any CPU
		{1748331E-D136-4ABB-B2FB-B93AC6384BC2}.Debug|iPhoneSimulator.ActiveCfg = Debug|Any CPU
		{1748331E-D136-4ABB-B2FB-B93AC6384BC2}.Debug|iPhoneSimulator.Build.0 = Debug|Any CPU
		{1748331E-D136-4ABB-B2FB-B93AC6384BC2}.Debug|Mixed Platforms.ActiveCfg = Debug|Any CPU
		{1748331E-D136-4ABB-B2FB-B93AC6384BC2}.Debug|Mixed Platforms.Build.0 = Debug|Any CPU
		{1748331E-D136-4ABB-B2FB-B93AC6384BC2}.Debug|x86.ActiveCfg = Debug|Any CPU
		{1748331E-D136-4ABB-B2FB-B93AC6384BC2}.Release|Any CPU.ActiveCfg = Release|Any CPU
		{1748331E-D136-4ABB-B2FB-B93AC6384BC2}.Release|Any CPU.Build.0 = Release|Any CPU
		{1748331E-D136-4ABB-B2FB-B93AC6384BC2}.Release|ARM.ActiveCfg = Release|Any CPU
		{1748331E-D136-4ABB-B2FB-B93AC6384BC2}.Release|iPhone.ActiveCfg = Release|Any CPU
		{1748331E-D136-4ABB-B2FB-B93AC6384BC2}.Release|iPhone.Build.0 = Release|Any CPU
		{1748331E-D136-4ABB-B2FB-B93AC6384BC2}.Release|iPhoneSimulator.ActiveCfg = Release|Any CPU
		{1748331E-D136-4ABB-B2FB-B93AC6384BC2}.Release|iPhoneSimulator.Build.0 = Release|Any CPU
		{1748331E-D136-4ABB-B2FB-B93AC6384BC2}.Release|Mixed Platforms.ActiveCfg = Release|Any CPU
		{1748331E-D136-4ABB-B2FB-B93AC6384BC2}.Release|Mixed Platforms.Build.0 = Release|Any CPU
		{1748331E-D136-4ABB-B2FB-B93AC6384BC2}.Release|x86.ActiveCfg = Release|Any CPU
		{C592D2C3-C210-47E9-B91B-1FD4623C2E52}.Ad-Hoc|Any CPU.ActiveCfg = Release|Any CPU
		{C592D2C3-C210-47E9-B91B-1FD4623C2E52}.Ad-Hoc|Any CPU.Build.0 = Release|Any CPU
		{C592D2C3-C210-47E9-B91B-1FD4623C2E52}.Ad-Hoc|ARM.ActiveCfg = Release|Any CPU
		{C592D2C3-C210-47E9-B91B-1FD4623C2E52}.Ad-Hoc|iPhone.ActiveCfg = Release|Any CPU
		{C592D2C3-C210-47E9-B91B-1FD4623C2E52}.Ad-Hoc|iPhoneSimulator.ActiveCfg = Release|Any CPU
		{C592D2C3-C210-47E9-B91B-1FD4623C2E52}.Ad-Hoc|Mixed Platforms.ActiveCfg = Release|Any CPU
		{C592D2C3-C210-47E9-B91B-1FD4623C2E52}.Ad-Hoc|Mixed Platforms.Build.0 = Release|Any CPU
		{C592D2C3-C210-47E9-B91B-1FD4623C2E52}.Ad-Hoc|x86.ActiveCfg = Release|Any CPU
		{C592D2C3-C210-47E9-B91B-1FD4623C2E52}.AppStore|Any CPU.ActiveCfg = Release|Any CPU
		{C592D2C3-C210-47E9-B91B-1FD4623C2E52}.AppStore|Any CPU.Build.0 = Release|Any CPU
		{C592D2C3-C210-47E9-B91B-1FD4623C2E52}.AppStore|ARM.ActiveCfg = Release|Any CPU
		{C592D2C3-C210-47E9-B91B-1FD4623C2E52}.AppStore|iPhone.ActiveCfg = Release|Any CPU
		{C592D2C3-C210-47E9-B91B-1FD4623C2E52}.AppStore|iPhoneSimulator.ActiveCfg = Release|Any CPU
		{C592D2C3-C210-47E9-B91B-1FD4623C2E52}.AppStore|Mixed Platforms.ActiveCfg = Release|Any CPU
		{C592D2C3-C210-47E9-B91B-1FD4623C2E52}.AppStore|Mixed Platforms.Build.0 = Release|Any CPU
		{C592D2C3-C210-47E9-B91B-1FD4623C2E52}.AppStore|x86.ActiveCfg = Release|Any CPU
		{C592D2C3-C210-47E9-B91B-1FD4623C2E52}.Debug|Any CPU.ActiveCfg = Debug|Any CPU
		{C592D2C3-C210-47E9-B91B-1FD4623C2E52}.Debug|Any CPU.Build.0 = Debug|Any CPU
		{C592D2C3-C210-47E9-B91B-1FD4623C2E52}.Debug|ARM.ActiveCfg = Debug|Any CPU
		{C592D2C3-C210-47E9-B91B-1FD4623C2E52}.Debug|iPhone.ActiveCfg = Debug|Any CPU
		{C592D2C3-C210-47E9-B91B-1FD4623C2E52}.Debug|iPhone.Build.0 = Debug|Any CPU
		{C592D2C3-C210-47E9-B91B-1FD4623C2E52}.Debug|iPhoneSimulator.ActiveCfg = Debug|Any CPU
		{C592D2C3-C210-47E9-B91B-1FD4623C2E52}.Debug|iPhoneSimulator.Build.0 = Debug|Any CPU
		{C592D2C3-C210-47E9-B91B-1FD4623C2E52}.Debug|Mixed Platforms.ActiveCfg = Debug|Any CPU
		{C592D2C3-C210-47E9-B91B-1FD4623C2E52}.Debug|Mixed Platforms.Build.0 = Debug|Any CPU
		{C592D2C3-C210-47E9-B91B-1FD4623C2E52}.Debug|x86.ActiveCfg = Debug|Any CPU
		{C592D2C3-C210-47E9-B91B-1FD4623C2E52}.Release|Any CPU.ActiveCfg = Release|Any CPU
		{C592D2C3-C210-47E9-B91B-1FD4623C2E52}.Release|Any CPU.Build.0 = Release|Any CPU
		{C592D2C3-C210-47E9-B91B-1FD4623C2E52}.Release|ARM.ActiveCfg = Release|Any CPU
		{C592D2C3-C210-47E9-B91B-1FD4623C2E52}.Release|iPhone.ActiveCfg = Release|Any CPU
		{C592D2C3-C210-47E9-B91B-1FD4623C2E52}.Release|iPhoneSimulator.ActiveCfg = Release|Any CPU
		{C592D2C3-C210-47E9-B91B-1FD4623C2E52}.Release|iPhoneSimulator.Build.0 = Release|Any CPU
		{C592D2C3-C210-47E9-B91B-1FD4623C2E52}.Release|Mixed Platforms.ActiveCfg = Release|Any CPU
		{C592D2C3-C210-47E9-B91B-1FD4623C2E52}.Release|Mixed Platforms.Build.0 = Release|Any CPU
		{C592D2C3-C210-47E9-B91B-1FD4623C2E52}.Release|x86.ActiveCfg = Release|Any CPU
		{E39A689F-427B-45F5-8E60-9D3C0F7FA465}.Ad-Hoc|Any CPU.ActiveCfg = Ad-Hoc|iPhone
		{E39A689F-427B-45F5-8E60-9D3C0F7FA465}.Ad-Hoc|ARM.ActiveCfg = Ad-Hoc|iPhone
		{E39A689F-427B-45F5-8E60-9D3C0F7FA465}.Ad-Hoc|iPhone.ActiveCfg = Ad-Hoc|iPhone
		{E39A689F-427B-45F5-8E60-9D3C0F7FA465}.Ad-Hoc|iPhone.Build.0 = Ad-Hoc|iPhone
		{E39A689F-427B-45F5-8E60-9D3C0F7FA465}.Ad-Hoc|iPhoneSimulator.ActiveCfg = Ad-Hoc|iPhoneSimulator
		{E39A689F-427B-45F5-8E60-9D3C0F7FA465}.Ad-Hoc|iPhoneSimulator.Build.0 = Ad-Hoc|iPhoneSimulator
		{E39A689F-427B-45F5-8E60-9D3C0F7FA465}.Ad-Hoc|Mixed Platforms.ActiveCfg = Ad-Hoc|iPhone
		{E39A689F-427B-45F5-8E60-9D3C0F7FA465}.Ad-Hoc|Mixed Platforms.Build.0 = Ad-Hoc|iPhone
		{E39A689F-427B-45F5-8E60-9D3C0F7FA465}.Ad-Hoc|x86.ActiveCfg = Ad-Hoc|iPhone
		{E39A689F-427B-45F5-8E60-9D3C0F7FA465}.AppStore|Any CPU.ActiveCfg = AppStore|iPhone
		{E39A689F-427B-45F5-8E60-9D3C0F7FA465}.AppStore|ARM.ActiveCfg = AppStore|iPhone
		{E39A689F-427B-45F5-8E60-9D3C0F7FA465}.AppStore|iPhone.ActiveCfg = AppStore|iPhone
		{E39A689F-427B-45F5-8E60-9D3C0F7FA465}.AppStore|iPhone.Build.0 = AppStore|iPhone
		{E39A689F-427B-45F5-8E60-9D3C0F7FA465}.AppStore|iPhoneSimulator.ActiveCfg = AppStore|iPhoneSimulator
		{E39A689F-427B-45F5-8E60-9D3C0F7FA465}.AppStore|iPhoneSimulator.Build.0 = AppStore|iPhoneSimulator
		{E39A689F-427B-45F5-8E60-9D3C0F7FA465}.AppStore|Mixed Platforms.ActiveCfg = AppStore|iPhone
		{E39A689F-427B-45F5-8E60-9D3C0F7FA465}.AppStore|Mixed Platforms.Build.0 = AppStore|iPhone
		{E39A689F-427B-45F5-8E60-9D3C0F7FA465}.AppStore|x86.ActiveCfg = AppStore|iPhone
		{E39A689F-427B-45F5-8E60-9D3C0F7FA465}.Debug|Any CPU.ActiveCfg = Debug|iPhone
		{E39A689F-427B-45F5-8E60-9D3C0F7FA465}.Debug|ARM.ActiveCfg = Debug|iPhone
		{E39A689F-427B-45F5-8E60-9D3C0F7FA465}.Debug|iPhone.ActiveCfg = Debug|iPhone
		{E39A689F-427B-45F5-8E60-9D3C0F7FA465}.Debug|iPhoneSimulator.ActiveCfg = Debug|iPhoneSimulator
		{E39A689F-427B-45F5-8E60-9D3C0F7FA465}.Debug|iPhoneSimulator.Build.0 = Debug|iPhoneSimulator
		{E39A689F-427B-45F5-8E60-9D3C0F7FA465}.Debug|Mixed Platforms.ActiveCfg = Debug|iPhone
		{E39A689F-427B-45F5-8E60-9D3C0F7FA465}.Debug|Mixed Platforms.Build.0 = Debug|iPhone
		{E39A689F-427B-45F5-8E60-9D3C0F7FA465}.Debug|x86.ActiveCfg = Debug|iPhone
		{E39A689F-427B-45F5-8E60-9D3C0F7FA465}.Release|Any CPU.ActiveCfg = Release|iPhone
		{E39A689F-427B-45F5-8E60-9D3C0F7FA465}.Release|ARM.ActiveCfg = Release|iPhone
		{E39A689F-427B-45F5-8E60-9D3C0F7FA465}.Release|iPhone.ActiveCfg = Release|iPhone
		{E39A689F-427B-45F5-8E60-9D3C0F7FA465}.Release|iPhone.Build.0 = Release|iPhone
		{E39A689F-427B-45F5-8E60-9D3C0F7FA465}.Release|iPhoneSimulator.ActiveCfg = Release|iPhoneSimulator
		{E39A689F-427B-45F5-8E60-9D3C0F7FA465}.Release|iPhoneSimulator.Build.0 = Release|iPhoneSimulator
		{E39A689F-427B-45F5-8E60-9D3C0F7FA465}.Release|Mixed Platforms.ActiveCfg = Release|iPhone
		{E39A689F-427B-45F5-8E60-9D3C0F7FA465}.Release|Mixed Platforms.Build.0 = Release|iPhone
		{E39A689F-427B-45F5-8E60-9D3C0F7FA465}.Release|x86.ActiveCfg = Release|iPhone
		{EDBE6ADF-3088-4DA5-856D-DC093EC786C0}.Ad-Hoc|Any CPU.ActiveCfg = Release|Any CPU
		{EDBE6ADF-3088-4DA5-856D-DC093EC786C0}.Ad-Hoc|Any CPU.Build.0 = Release|Any CPU
		{EDBE6ADF-3088-4DA5-856D-DC093EC786C0}.Ad-Hoc|Any CPU.Deploy.0 = Release|Any CPU
		{EDBE6ADF-3088-4DA5-856D-DC093EC786C0}.Ad-Hoc|ARM.ActiveCfg = Release|Any CPU
		{EDBE6ADF-3088-4DA5-856D-DC093EC786C0}.Ad-Hoc|iPhone.ActiveCfg = Release|Any CPU
		{EDBE6ADF-3088-4DA5-856D-DC093EC786C0}.Ad-Hoc|iPhoneSimulator.ActiveCfg = Release|Any CPU
		{EDBE6ADF-3088-4DA5-856D-DC093EC786C0}.Ad-Hoc|Mixed Platforms.ActiveCfg = Release|Any CPU
		{EDBE6ADF-3088-4DA5-856D-DC093EC786C0}.Ad-Hoc|Mixed Platforms.Build.0 = Release|Any CPU
		{EDBE6ADF-3088-4DA5-856D-DC093EC786C0}.Ad-Hoc|Mixed Platforms.Deploy.0 = Release|Any CPU
		{EDBE6ADF-3088-4DA5-856D-DC093EC786C0}.Ad-Hoc|x86.ActiveCfg = Release|Any CPU
		{EDBE6ADF-3088-4DA5-856D-DC093EC786C0}.AppStore|Any CPU.ActiveCfg = Release|Any CPU
		{EDBE6ADF-3088-4DA5-856D-DC093EC786C0}.AppStore|Any CPU.Build.0 = Release|Any CPU
		{EDBE6ADF-3088-4DA5-856D-DC093EC786C0}.AppStore|Any CPU.Deploy.0 = Release|Any CPU
		{EDBE6ADF-3088-4DA5-856D-DC093EC786C0}.AppStore|ARM.ActiveCfg = Release|Any CPU
		{EDBE6ADF-3088-4DA5-856D-DC093EC786C0}.AppStore|iPhone.ActiveCfg = Release|Any CPU
		{EDBE6ADF-3088-4DA5-856D-DC093EC786C0}.AppStore|iPhoneSimulator.ActiveCfg = Release|Any CPU
		{EDBE6ADF-3088-4DA5-856D-DC093EC786C0}.AppStore|Mixed Platforms.ActiveCfg = Release|Any CPU
		{EDBE6ADF-3088-4DA5-856D-DC093EC786C0}.AppStore|Mixed Platforms.Build.0 = Release|Any CPU
		{EDBE6ADF-3088-4DA5-856D-DC093EC786C0}.AppStore|Mixed Platforms.Deploy.0 = Release|Any CPU
		{EDBE6ADF-3088-4DA5-856D-DC093EC786C0}.AppStore|x86.ActiveCfg = Release|Any CPU
		{EDBE6ADF-3088-4DA5-856D-DC093EC786C0}.Debug|Any CPU.ActiveCfg = Debug|Any CPU
		{EDBE6ADF-3088-4DA5-856D-DC093EC786C0}.Debug|Any CPU.Build.0 = Debug|Any CPU
		{EDBE6ADF-3088-4DA5-856D-DC093EC786C0}.Debug|Any CPU.Deploy.0 = Debug|Any CPU
		{EDBE6ADF-3088-4DA5-856D-DC093EC786C0}.Debug|ARM.ActiveCfg = Debug|Any CPU
		{EDBE6ADF-3088-4DA5-856D-DC093EC786C0}.Debug|iPhone.ActiveCfg = Debug|Any CPU
		{EDBE6ADF-3088-4DA5-856D-DC093EC786C0}.Debug|iPhone.Build.0 = Debug|Any CPU
		{EDBE6ADF-3088-4DA5-856D-DC093EC786C0}.Debug|iPhone.Deploy.0 = Debug|Any CPU
		{EDBE6ADF-3088-4DA5-856D-DC093EC786C0}.Debug|iPhoneSimulator.ActiveCfg = Debug|Any CPU
		{EDBE6ADF-3088-4DA5-856D-DC093EC786C0}.Debug|iPhoneSimulator.Build.0 = Debug|Any CPU
		{EDBE6ADF-3088-4DA5-856D-DC093EC786C0}.Debug|iPhoneSimulator.Deploy.0 = Debug|Any CPU
		{EDBE6ADF-3088-4DA5-856D-DC093EC786C0}.Debug|Mixed Platforms.ActiveCfg = Debug|Any CPU
		{EDBE6ADF-3088-4DA5-856D-DC093EC786C0}.Debug|Mixed Platforms.Build.0 = Debug|Any CPU
		{EDBE6ADF-3088-4DA5-856D-DC093EC786C0}.Debug|Mixed Platforms.Deploy.0 = Debug|Any CPU
		{EDBE6ADF-3088-4DA5-856D-DC093EC786C0}.Debug|x86.ActiveCfg = Debug|Any CPU
		{EDBE6ADF-3088-4DA5-856D-DC093EC786C0}.Release|Any CPU.ActiveCfg = Release|Any CPU
		{EDBE6ADF-3088-4DA5-856D-DC093EC786C0}.Release|Any CPU.Build.0 = Release|Any CPU
		{EDBE6ADF-3088-4DA5-856D-DC093EC786C0}.Release|Any CPU.Deploy.0 = Release|Any CPU
		{EDBE6ADF-3088-4DA5-856D-DC093EC786C0}.Release|ARM.ActiveCfg = Release|Any CPU
		{EDBE6ADF-3088-4DA5-856D-DC093EC786C0}.Release|iPhone.ActiveCfg = Release|Any CPU
		{EDBE6ADF-3088-4DA5-856D-DC093EC786C0}.Release|iPhoneSimulator.ActiveCfg = Release|Any CPU
		{EDBE6ADF-3088-4DA5-856D-DC093EC786C0}.Release|iPhoneSimulator.Build.0 = Release|Any CPU
		{EDBE6ADF-3088-4DA5-856D-DC093EC786C0}.Release|iPhoneSimulator.Deploy.0 = Release|Any CPU
		{EDBE6ADF-3088-4DA5-856D-DC093EC786C0}.Release|Mixed Platforms.ActiveCfg = Release|Any CPU
		{EDBE6ADF-3088-4DA5-856D-DC093EC786C0}.Release|Mixed Platforms.Build.0 = Release|Any CPU
		{EDBE6ADF-3088-4DA5-856D-DC093EC786C0}.Release|Mixed Platforms.Deploy.0 = Release|Any CPU
		{EDBE6ADF-3088-4DA5-856D-DC093EC786C0}.Release|x86.ActiveCfg = Release|Any CPU
	EndGlobalSection
	GlobalSection(SolutionProperties) = preSolution
		HideSolutionNode = FALSE
	EndGlobalSection
	GlobalSection(NestedProjects) = preSolution
		{50E757C6-6AFE-4F7A-81CA-241EFC85C147} = {8D4269EF-C441-4875-B43A-BFA003DD294C}
		{840CE639-884A-43C0-90DA-3DB24183ACF1} = {46ECC898-A9B4-46D9-9085-DF42F7D88170}
		{432254C9-9693-4BE0-B557-01F71F59483B} = {46ECC898-A9B4-46D9-9085-DF42F7D88170}
		{D43734CE-9518-431D-9811-C7CA172E05EB} = {01E6380B-AF91-4297-A759-FFC2A442B57F}
		{0E8D098F-F1F0-4699-AAE1-F0E1ADEE7470} = {01E6380B-AF91-4297-A759-FFC2A442B57F}
		{1748331E-D136-4ABB-B2FB-B93AC6384BC2} = {46ECC898-A9B4-46D9-9085-DF42F7D88170}
		{C592D2C3-C210-47E9-B91B-1FD4623C2E52} = {01E6380B-AF91-4297-A759-FFC2A442B57F}
		{E39A689F-427B-45F5-8E60-9D3C0F7FA465} = {8D4269EF-C441-4875-B43A-BFA003DD294C}
		{EDBE6ADF-3088-4DA5-856D-DC093EC786C0} = {8D4269EF-C441-4875-B43A-BFA003DD294C}
		{0832649E-FAEA-4402-8690-AB5ECFC6813D} = {8D4269EF-C441-4875-B43A-BFA003DD294C}
	EndGlobalSection
	GlobalSection(MonoDevelopProperties) = preSolution
		StartupItem = MyVote.Android\MyVote.Client.Droid.csproj
	EndGlobalSection
EndGlobal
